// !$*UTF8*$!
{
	archiveVersion = 1;
	classes = {
	};
	objectVersion = 48;
	objects = {

/* Begin PBXBuildFile section */
		0235DB9A2022147200E52A3F /* LGFreeLibraryWordListController.m in Sources */ = {isa = PBXBuildFile; fileRef = 0235DB992022147200E52A3F /* LGFreeLibraryWordListController.m */; };
		02F78A092029E54A0011096F /* LGReciteWordModel.m in Sources */ = {isa = PBXBuildFile; fileRef = 02F78A082029E54A0011096F /* LGReciteWordModel.m */; };
		3690868A07C9B63A30A721A0 /* Pods_Word.framework in Frameworks */ = {isa = PBXBuildFile; fileRef = 66ACA9D95F507310F264822E /* Pods_Word.framework */; };
		5606F8612015E45C0030E43C /* NSString+LGString.m in Sources */ = {isa = PBXBuildFile; fileRef = 5606F8602015E45C0030E43C /* NSString+LGString.m */; };
		560F0FCB2022AA7000324510 /* LGFreeWordListCell.m in Sources */ = {isa = PBXBuildFile; fileRef = 560F0FCA2022AA7000324510 /* LGFreeWordListCell.m */; };
		560F0FD12022AFBA00324510 /* LGFreeWordModel.m in Sources */ = {isa = PBXBuildFile; fileRef = 560F0FD02022AFBA00324510 /* LGFreeWordModel.m */; };
		5612BFAB202154E30038D653 /* LGWordLibraryModel.m in Sources */ = {isa = PBXBuildFile; fileRef = 5612BFAA202154E30038D653 /* LGWordLibraryModel.m */; };
		5612BFAE202161E50038D653 /* UIScrollView+LGRefresh.m in Sources */ = {isa = PBXBuildFile; fileRef = 5612BFAD202161E50038D653 /* UIScrollView+LGRefresh.m */; };
		5612BFB22021AC3E0038D653 /* LGProgressView.m in Sources */ = {isa = PBXBuildFile; fileRef = 5612BFB12021AC3E0038D653 /* LGProgressView.m */; };
		56224FC7204547AF0093BC7A /* LGIndexReviewAlertCell.m in Sources */ = {isa = PBXBuildFile; fileRef = 56224FC6204547AF0093BC7A /* LGIndexReviewAlertCell.m */; };
		56224FC9204548360093BC7A /* LGIndexReviewAlertCell.xib in Resources */ = {isa = PBXBuildFile; fileRef = 56224FC8204548360093BC7A /* LGIndexReviewAlertCell.xib */; };
		56224FCC20454F020093BC7A /* LGIndexReviewModel.m in Sources */ = {isa = PBXBuildFile; fileRef = 56224FCB20454F020093BC7A /* LGIndexReviewModel.m */; };
		562FC13F202992DE005CEA83 /* LGRecitePlanController.m in Sources */ = {isa = PBXBuildFile; fileRef = 562FC13E202992DE005CEA83 /* LGRecitePlanController.m */; };
		56317B72201C1D6800AEC20B /* LGUserManager.m in Sources */ = {isa = PBXBuildFile; fileRef = 56317B71201C1D6800AEC20B /* LGUserManager.m */; };
		563259EE201AC609007FF4D6 /* LGTool.m in Sources */ = {isa = PBXBuildFile; fileRef = 563259ED201AC609007FF4D6 /* LGTool.m */; };
		5639AF9F202441B300AA2CA5 /* LGPlanModel.m in Sources */ = {isa = PBXBuildFile; fileRef = 5639AF9E202441B300AA2CA5 /* LGPlanModel.m */; };
		5639AFA22024535700AA2CA5 /* LGPlanTableViewCell.m in Sources */ = {isa = PBXBuildFile; fileRef = 5639AFA12024535700AA2CA5 /* LGPlanTableViewCell.m */; };
		563F7DA22022BE8A00944730 /* UITableView+LGRefresh.m in Sources */ = {isa = PBXBuildFile; fileRef = 563F7DA12022BE8A00944730 /* UITableView+LGRefresh.m */; };
		563F7DA5202306B500944730 /* LGPlayer.m in Sources */ = {isa = PBXBuildFile; fileRef = 563F7DA4202306B500944730 /* LGPlayer.m */; };
		563F7DAB2023177E00944730 /* NSObject+LGRequest.m in Sources */ = {isa = PBXBuildFile; fileRef = 563F7DAA2023177E00944730 /* NSObject+LGRequest.m */; };
		564EB7AC2047998500E47A1E /* NSDate+Utilities.m in Sources */ = {isa = PBXBuildFile; fileRef = 564EB7AB2047998500E47A1E /* NSDate+Utilities.m */; };
		56506D052016D842000FD8FA /* LGProgressHUD.m in Sources */ = {isa = PBXBuildFile; fileRef = 56506D042016D842000FD8FA /* LGProgressHUD.m */; };
		56585956203EB34300BB59ED /* LGDottedLineView.m in Sources */ = {isa = PBXBuildFile; fileRef = 56585955203EB34300BB59ED /* LGDottedLineView.m */; };
		5658D5A62040FF7600390FC4 /* LGIndexReviewAlertView.m in Sources */ = {isa = PBXBuildFile; fileRef = 5658D5A52040FF7600390FC4 /* LGIndexReviewAlertView.m */; };
		5658D5A82040FF8600390FC4 /* LGIndexReviewAlertView.xib in Resources */ = {isa = PBXBuildFile; fileRef = 5658D5A72040FF8600390FC4 /* LGIndexReviewAlertView.xib */; };
		565A30F32013163400448B1C /* LGUserModel.m in Sources */ = {isa = PBXBuildFile; fileRef = 565A30F22013163400448B1C /* LGUserModel.m */; };
		565A30F7201331E000448B1C /* UIColor+LGColor.m in Sources */ = {isa = PBXBuildFile; fileRef = 565A30F6201331E000448B1C /* UIColor+LGColor.m */; };
		565A30FA2013411200448B1C /* LGRegisterController.m in Sources */ = {isa = PBXBuildFile; fileRef = 565A30F92013411200448B1C /* LGRegisterController.m */; };
		566B9860202003E800D368AC /* LGNoStudyTypeController.m in Sources */ = {isa = PBXBuildFile; fileRef = 566B985F202003E800D368AC /* LGNoStudyTypeController.m */; };
		567A3AD4203FB72F00A41692 /* LGWordErrorViewController.m in Sources */ = {isa = PBXBuildFile; fileRef = 567A3AD3203FB72F00A41692 /* LGWordErrorViewController.m */; };
		567A3AD7203FEB4100A41692 /* LGWordErrorCell.m in Sources */ = {isa = PBXBuildFile; fileRef = 567A3AD6203FEB4100A41692 /* LGWordErrorCell.m */; };
		567C00FB2010A0360083F3D5 /* LGBaseRequest.m in Sources */ = {isa = PBXBuildFile; fileRef = 567C00FA2010A0360083F3D5 /* LGBaseRequest.m */; };
		56801493202AE1FB0082D72F /* LGWordDetailController.m in Sources */ = {isa = PBXBuildFile; fileRef = 56801492202AE1FB0082D72F /* LGWordDetailController.m */; };
		56A8883B200CA53400847BE6 /* AppDelegate.m in Sources */ = {isa = PBXBuildFile; fileRef = 56A8883A200CA53400847BE6 /* AppDelegate.m */; };
		56A88841200CA53400847BE6 /* Main.storyboard in Resources */ = {isa = PBXBuildFile; fileRef = 56A8883F200CA53400847BE6 /* Main.storyboard */; };
		56A88843200CA53400847BE6 /* Assets.xcassets in Resources */ = {isa = PBXBuildFile; fileRef = 56A88842200CA53400847BE6 /* Assets.xcassets */; };
		56A88846200CA53400847BE6 /* LaunchScreen.storyboard in Resources */ = {isa = PBXBuildFile; fileRef = 56A88844200CA53400847BE6 /* LaunchScreen.storyboard */; };
		56A88849200CA53400847BE6 /* main.m in Sources */ = {isa = PBXBuildFile; fileRef = 56A88848200CA53400847BE6 /* main.m */; };
		56AF60C52011CD2B0067BD7B /* LGRequest.m in Sources */ = {isa = PBXBuildFile; fileRef = 56AF60C42011CD2B0067BD7B /* LGRequest.m */; };
		56AF60C72011CDB90067BD7B /* Login.storyboard in Resources */ = {isa = PBXBuildFile; fileRef = 56AF60C62011CDB90067BD7B /* Login.storyboard */; };
		56AF60CA2011DBBE0067BD7B /* CALayer+LGLayer.m in Sources */ = {isa = PBXBuildFile; fileRef = 56AF60C92011DBBE0067BD7B /* CALayer+LGLayer.m */; };
		56AF60D22011E5FE0067BD7B /* LGLoginController.m in Sources */ = {isa = PBXBuildFile; fileRef = 56AF60D12011E5FE0067BD7B /* LGLoginController.m */; };
		56AF60D52011EA050067BD7B /* UIViewController+LGViewController.m in Sources */ = {isa = PBXBuildFile; fileRef = 56AF60D42011EA050067BD7B /* UIViewController+LGViewController.m */; };
		56B7AADB202BE37800BDECED /* LGWordDetailModel.m in Sources */ = {isa = PBXBuildFile; fileRef = 56B7AADA202BE37800BDECED /* LGWordDetailModel.m */; };
		56B7AADF202BFAEB00BDECED /* LGWordDetailCell.m in Sources */ = {isa = PBXBuildFile; fileRef = 56B7AADE202BFAEB00BDECED /* LGWordDetailCell.m */; };
		56B7AAEA202C59EC00BDECED /* LGWordDetailHeaderFooterView.m in Sources */ = {isa = PBXBuildFile; fileRef = 56B7AAE9202C59EC00BDECED /* LGWordDetailHeaderFooterView.m */; };
		56B7AAEC202C5A2400BDECED /* LGWordDetailHeaderFooterView.xib in Resources */ = {isa = PBXBuildFile; fileRef = 56B7AAEB202C5A2400BDECED /* LGWordDetailHeaderFooterView.xib */; };
		56C989842020176A0095A4BD /* LGWordPlanController.m in Sources */ = {isa = PBXBuildFile; fileRef = 56C989832020176A0095A4BD /* LGWordPlanController.m */; };
		56C9898820201CCF0095A4BD /* LGWordPlanCollectionCell.m in Sources */ = {isa = PBXBuildFile; fileRef = 56C9898720201CCF0095A4BD /* LGWordPlanCollectionCell.m */; };
		56C9898E2020461D0095A4BD /* LGWordLibraryController.m in Sources */ = {isa = PBXBuildFile; fileRef = 56C9898D2020461D0095A4BD /* LGWordLibraryController.m */; };
		56C9899120204F7C0095A4BD /* LGWordLibraryTypeCell.m in Sources */ = {isa = PBXBuildFile; fileRef = 56C9899020204F7C0095A4BD /* LGWordLibraryTypeCell.m */; };
		56C98994202050F60095A4BD /* LGWordTypeCell.m in Sources */ = {isa = PBXBuildFile; fileRef = 56C98993202050F60095A4BD /* LGWordTypeCell.m */; };
		56C9899720207C0C0095A4BD /* LGNavigationItem.m in Sources */ = {isa = PBXBuildFile; fileRef = 56C9899620207C0C0095A4BD /* LGNavigationItem.m */; };
		56CCA5E5201B083B0097DCAC /* LGReciteWordsController.m in Sources */ = {isa = PBXBuildFile; fileRef = 56CCA5E4201B083B0097DCAC /* LGReciteWordsController.m */; };
		56CCA5E8201B16050097DCAC /* LGNavigationController.m in Sources */ = {isa = PBXBuildFile; fileRef = 56CCA5E7201B16050097DCAC /* LGNavigationController.m */; };
		56CCA5ED201B29A60097DCAC /* LGStudyTypeController.m in Sources */ = {isa = PBXBuildFile; fileRef = 56CCA5EC201B29A60097DCAC /* LGStudyTypeController.m */; };
		56EAD86220197F2D0059604E /* LGFindPasswordController.m in Sources */ = {isa = PBXBuildFile; fileRef = 56EAD86120197F2D0059604E /* LGFindPasswordController.m */; };
		56EAD8642019C09A0059604E /* ReciteWords.storyboard in Resources */ = {isa = PBXBuildFile; fileRef = 56EAD8632019C09A0059604E /* ReciteWords.storyboard */; };
		56EAD8662019C0EB0059604E /* WordReport.storyboard in Resources */ = {isa = PBXBuildFile; fileRef = 56EAD8652019C0EB0059604E /* WordReport.storyboard */; };
		56EAD8682019C0FC0059604E /* PK.storyboard in Resources */ = {isa = PBXBuildFile; fileRef = 56EAD8672019C0FC0059604E /* PK.storyboard */; };
		56EAD86A2019C1300059604E /* Periphery.storyboard in Resources */ = {isa = PBXBuildFile; fileRef = 56EAD8692019C1300059604E /* Periphery.storyboard */; };
		56EAD8722019C98B0059604E /* LGTabBarViewController.m in Sources */ = {isa = PBXBuildFile; fileRef = 56EAD8712019C98B0059604E /* LGTabBarViewController.m */; };
		56FD20D62028256F003A6154 /* LGDeletePlanAlertView.m in Sources */ = {isa = PBXBuildFile; fileRef = 56FD20D52028256F003A6154 /* LGDeletePlanAlertView.m */; };
		56FD20D82028257D003A6154 /* LGDeletePlanAlertView.xib in Resources */ = {isa = PBXBuildFile; fileRef = 56FD20D72028257D003A6154 /* LGDeletePlanAlertView.xib */; };
/* End PBXBuildFile section */

/* Begin PBXFileReference section */
		0235DB982022147200E52A3F /* LGFreeLibraryWordListController.h */ = {isa = PBXFileReference; lastKnownFileType = sourcecode.c.h; path = LGFreeLibraryWordListController.h; sourceTree = "<group>"; };
		0235DB992022147200E52A3F /* LGFreeLibraryWordListController.m */ = {isa = PBXFileReference; lastKnownFileType = sourcecode.c.objc; path = LGFreeLibraryWordListController.m; sourceTree = "<group>"; };
		02F78A072029E54A0011096F /* LGReciteWordModel.h */ = {isa = PBXFileReference; lastKnownFileType = sourcecode.c.h; name = LGReciteWordModel.h; path = Word/Main/ReciteWords/WordPlan/View/LGReciteWordModel.h; sourceTree = SOURCE_ROOT; };
		02F78A082029E54A0011096F /* LGReciteWordModel.m */ = {isa = PBXFileReference; lastKnownFileType = sourcecode.c.objc; name = LGReciteWordModel.m; path = Word/Main/ReciteWords/WordPlan/View/LGReciteWordModel.m; sourceTree = SOURCE_ROOT; };
		5606F85F2015E45C0030E43C /* NSString+LGString.h */ = {isa = PBXFileReference; lastKnownFileType = sourcecode.c.h; path = "NSString+LGString.h"; sourceTree = "<group>"; };
		5606F8602015E45C0030E43C /* NSString+LGString.m */ = {isa = PBXFileReference; lastKnownFileType = sourcecode.c.objc; path = "NSString+LGString.m"; sourceTree = "<group>"; };
		560F0FC92022AA7000324510 /* LGFreeWordListCell.h */ = {isa = PBXFileReference; lastKnownFileType = sourcecode.c.h; path = LGFreeWordListCell.h; sourceTree = "<group>"; };
		560F0FCA2022AA7000324510 /* LGFreeWordListCell.m */ = {isa = PBXFileReference; lastKnownFileType = sourcecode.c.objc; path = LGFreeWordListCell.m; sourceTree = "<group>"; };
		560F0FCF2022AFBA00324510 /* LGFreeWordModel.h */ = {isa = PBXFileReference; lastKnownFileType = sourcecode.c.h; path = LGFreeWordModel.h; sourceTree = "<group>"; };
		560F0FD02022AFBA00324510 /* LGFreeWordModel.m */ = {isa = PBXFileReference; lastKnownFileType = sourcecode.c.objc; path = LGFreeWordModel.m; sourceTree = "<group>"; };
		5612BFA9202154E30038D653 /* LGWordLibraryModel.h */ = {isa = PBXFileReference; lastKnownFileType = sourcecode.c.h; path = LGWordLibraryModel.h; sourceTree = "<group>"; };
		5612BFAA202154E30038D653 /* LGWordLibraryModel.m */ = {isa = PBXFileReference; lastKnownFileType = sourcecode.c.objc; path = LGWordLibraryModel.m; sourceTree = "<group>"; };
		5612BFAC202161E50038D653 /* UIScrollView+LGRefresh.h */ = {isa = PBXFileReference; lastKnownFileType = sourcecode.c.h; path = "UIScrollView+LGRefresh.h"; sourceTree = "<group>"; };
		5612BFAD202161E50038D653 /* UIScrollView+LGRefresh.m */ = {isa = PBXFileReference; lastKnownFileType = sourcecode.c.objc; path = "UIScrollView+LGRefresh.m"; sourceTree = "<group>"; };
		5612BFB02021AC3E0038D653 /* LGProgressView.h */ = {isa = PBXFileReference; lastKnownFileType = sourcecode.c.h; path = LGProgressView.h; sourceTree = "<group>"; };
		5612BFB12021AC3E0038D653 /* LGProgressView.m */ = {isa = PBXFileReference; lastKnownFileType = sourcecode.c.objc; path = LGProgressView.m; sourceTree = "<group>"; };
		56224FC5204547AF0093BC7A /* LGIndexReviewAlertCell.h */ = {isa = PBXFileReference; lastKnownFileType = sourcecode.c.h; path = LGIndexReviewAlertCell.h; sourceTree = "<group>"; };
		56224FC6204547AF0093BC7A /* LGIndexReviewAlertCell.m */ = {isa = PBXFileReference; lastKnownFileType = sourcecode.c.objc; path = LGIndexReviewAlertCell.m; sourceTree = "<group>"; };
		56224FC8204548360093BC7A /* LGIndexReviewAlertCell.xib */ = {isa = PBXFileReference; lastKnownFileType = file.xib; path = LGIndexReviewAlertCell.xib; sourceTree = "<group>"; };
		56224FCA20454F020093BC7A /* LGIndexReviewModel.h */ = {isa = PBXFileReference; lastKnownFileType = sourcecode.c.h; path = LGIndexReviewModel.h; sourceTree = "<group>"; };
		56224FCB20454F020093BC7A /* LGIndexReviewModel.m */ = {isa = PBXFileReference; lastKnownFileType = sourcecode.c.objc; path = LGIndexReviewModel.m; sourceTree = "<group>"; };
		562FC13D202992DE005CEA83 /* LGRecitePlanController.h */ = {isa = PBXFileReference; lastKnownFileType = sourcecode.c.h; path = LGRecitePlanController.h; sourceTree = "<group>"; };
		562FC13E202992DE005CEA83 /* LGRecitePlanController.m */ = {isa = PBXFileReference; lastKnownFileType = sourcecode.c.objc; path = LGRecitePlanController.m; sourceTree = "<group>"; };
		56317B70201C1D6800AEC20B /* LGUserManager.h */ = {isa = PBXFileReference; lastKnownFileType = sourcecode.c.h; path = LGUserManager.h; sourceTree = "<group>"; };
		56317B71201C1D6800AEC20B /* LGUserManager.m */ = {isa = PBXFileReference; lastKnownFileType = sourcecode.c.objc; path = LGUserManager.m; sourceTree = "<group>"; };
		563259EC201AC609007FF4D6 /* LGTool.h */ = {isa = PBXFileReference; lastKnownFileType = sourcecode.c.h; path = LGTool.h; sourceTree = "<group>"; };
		563259ED201AC609007FF4D6 /* LGTool.m */ = {isa = PBXFileReference; lastKnownFileType = sourcecode.c.objc; path = LGTool.m; sourceTree = "<group>"; };
		5639AF9D202441B300AA2CA5 /* LGPlanModel.h */ = {isa = PBXFileReference; lastKnownFileType = sourcecode.c.h; path = LGPlanModel.h; sourceTree = "<group>"; };
		5639AF9E202441B300AA2CA5 /* LGPlanModel.m */ = {isa = PBXFileReference; lastKnownFileType = sourcecode.c.objc; path = LGPlanModel.m; sourceTree = "<group>"; };
		5639AFA02024535700AA2CA5 /* LGPlanTableViewCell.h */ = {isa = PBXFileReference; lastKnownFileType = sourcecode.c.h; path = LGPlanTableViewCell.h; sourceTree = "<group>"; };
		5639AFA12024535700AA2CA5 /* LGPlanTableViewCell.m */ = {isa = PBXFileReference; lastKnownFileType = sourcecode.c.objc; path = LGPlanTableViewCell.m; sourceTree = "<group>"; };
		563F7DA02022BE8A00944730 /* UITableView+LGRefresh.h */ = {isa = PBXFileReference; lastKnownFileType = sourcecode.c.h; path = "UITableView+LGRefresh.h"; sourceTree = "<group>"; };
		563F7DA12022BE8A00944730 /* UITableView+LGRefresh.m */ = {isa = PBXFileReference; lastKnownFileType = sourcecode.c.objc; path = "UITableView+LGRefresh.m"; sourceTree = "<group>"; };
		563F7DA3202306B500944730 /* LGPlayer.h */ = {isa = PBXFileReference; lastKnownFileType = sourcecode.c.h; path = LGPlayer.h; sourceTree = "<group>"; };
		563F7DA4202306B500944730 /* LGPlayer.m */ = {isa = PBXFileReference; lastKnownFileType = sourcecode.c.objc; path = LGPlayer.m; sourceTree = "<group>"; };
		563F7DA92023177E00944730 /* NSObject+LGRequest.h */ = {isa = PBXFileReference; lastKnownFileType = sourcecode.c.h; path = "NSObject+LGRequest.h"; sourceTree = "<group>"; };
		563F7DAA2023177E00944730 /* NSObject+LGRequest.m */ = {isa = PBXFileReference; lastKnownFileType = sourcecode.c.objc; path = "NSObject+LGRequest.m"; sourceTree = "<group>"; };
		564EB7AA2047998400E47A1E /* NSDate+Utilities.h */ = {isa = PBXFileReference; fileEncoding = 4; lastKnownFileType = sourcecode.c.h; path = "NSDate+Utilities.h"; sourceTree = "<group>"; };
		564EB7AB2047998500E47A1E /* NSDate+Utilities.m */ = {isa = PBXFileReference; fileEncoding = 4; lastKnownFileType = sourcecode.c.objc; path = "NSDate+Utilities.m"; sourceTree = "<group>"; };
		56506D032016D842000FD8FA /* LGProgressHUD.h */ = {isa = PBXFileReference; lastKnownFileType = sourcecode.c.h; path = LGProgressHUD.h; sourceTree = "<group>"; };
		56506D042016D842000FD8FA /* LGProgressHUD.m */ = {isa = PBXFileReference; lastKnownFileType = sourcecode.c.objc; path = LGProgressHUD.m; sourceTree = "<group>"; };
		56585954203EB34300BB59ED /* LGDottedLineView.h */ = {isa = PBXFileReference; lastKnownFileType = sourcecode.c.h; path = LGDottedLineView.h; sourceTree = "<group>"; };
		56585955203EB34300BB59ED /* LGDottedLineView.m */ = {isa = PBXFileReference; lastKnownFileType = sourcecode.c.objc; path = LGDottedLineView.m; sourceTree = "<group>"; };
		5658D5A42040FF7600390FC4 /* LGIndexReviewAlertView.h */ = {isa = PBXFileReference; lastKnownFileType = sourcecode.c.h; path = LGIndexReviewAlertView.h; sourceTree = "<group>"; };
		5658D5A52040FF7600390FC4 /* LGIndexReviewAlertView.m */ = {isa = PBXFileReference; lastKnownFileType = sourcecode.c.objc; path = LGIndexReviewAlertView.m; sourceTree = "<group>"; };
		5658D5A72040FF8600390FC4 /* LGIndexReviewAlertView.xib */ = {isa = PBXFileReference; lastKnownFileType = file.xib; path = LGIndexReviewAlertView.xib; sourceTree = "<group>"; };
		565A30F02012D57700448B1C /* API.h */ = {isa = PBXFileReference; lastKnownFileType = sourcecode.c.h; path = API.h; sourceTree = "<group>"; };
		565A30F12013163400448B1C /* LGUserModel.h */ = {isa = PBXFileReference; lastKnownFileType = sourcecode.c.h; path = LGUserModel.h; sourceTree = "<group>"; };
		565A30F22013163400448B1C /* LGUserModel.m */ = {isa = PBXFileReference; lastKnownFileType = sourcecode.c.objc; path = LGUserModel.m; sourceTree = "<group>"; };
		565A30F5201331E000448B1C /* UIColor+LGColor.h */ = {isa = PBXFileReference; lastKnownFileType = sourcecode.c.h; path = "UIColor+LGColor.h"; sourceTree = "<group>"; };
		565A30F6201331E000448B1C /* UIColor+LGColor.m */ = {isa = PBXFileReference; lastKnownFileType = sourcecode.c.objc; path = "UIColor+LGColor.m"; sourceTree = "<group>"; };
		565A30F82013411200448B1C /* LGRegisterController.h */ = {isa = PBXFileReference; lastKnownFileType = sourcecode.c.h; path = LGRegisterController.h; sourceTree = "<group>"; };
		565A30F92013411200448B1C /* LGRegisterController.m */ = {isa = PBXFileReference; lastKnownFileType = sourcecode.c.objc; path = LGRegisterController.m; sourceTree = "<group>"; };
		566B985E202003E800D368AC /* LGNoStudyTypeController.h */ = {isa = PBXFileReference; lastKnownFileType = sourcecode.c.h; path = LGNoStudyTypeController.h; sourceTree = "<group>"; };
		566B985F202003E800D368AC /* LGNoStudyTypeController.m */ = {isa = PBXFileReference; lastKnownFileType = sourcecode.c.objc; path = LGNoStudyTypeController.m; sourceTree = "<group>"; };
		567A3AD2203FB72F00A41692 /* LGWordErrorViewController.h */ = {isa = PBXFileReference; lastKnownFileType = sourcecode.c.h; path = LGWordErrorViewController.h; sourceTree = "<group>"; };
		567A3AD3203FB72F00A41692 /* LGWordErrorViewController.m */ = {isa = PBXFileReference; lastKnownFileType = sourcecode.c.objc; path = LGWordErrorViewController.m; sourceTree = "<group>"; };
		567A3AD5203FEB4100A41692 /* LGWordErrorCell.h */ = {isa = PBXFileReference; lastKnownFileType = sourcecode.c.h; path = LGWordErrorCell.h; sourceTree = "<group>"; };
		567A3AD6203FEB4100A41692 /* LGWordErrorCell.m */ = {isa = PBXFileReference; lastKnownFileType = sourcecode.c.objc; path = LGWordErrorCell.m; sourceTree = "<group>"; };
		567C00F92010A0360083F3D5 /* LGBaseRequest.h */ = {isa = PBXFileReference; lastKnownFileType = sourcecode.c.h; path = LGBaseRequest.h; sourceTree = "<group>"; };
		567C00FA2010A0360083F3D5 /* LGBaseRequest.m */ = {isa = PBXFileReference; lastKnownFileType = sourcecode.c.objc; path = LGBaseRequest.m; sourceTree = "<group>"; };
		56801491202AE1FB0082D72F /* LGWordDetailController.h */ = {isa = PBXFileReference; lastKnownFileType = sourcecode.c.h; path = LGWordDetailController.h; sourceTree = "<group>"; };
		56801492202AE1FB0082D72F /* LGWordDetailController.m */ = {isa = PBXFileReference; lastKnownFileType = sourcecode.c.objc; path = LGWordDetailController.m; sourceTree = "<group>"; };
		56A88836200CA53400847BE6 /* Word.app */ = {isa = PBXFileReference; explicitFileType = wrapper.application; includeInIndex = 0; path = Word.app; sourceTree = BUILT_PRODUCTS_DIR; };
		56A88839200CA53400847BE6 /* AppDelegate.h */ = {isa = PBXFileReference; lastKnownFileType = sourcecode.c.h; path = AppDelegate.h; sourceTree = "<group>"; };
		56A8883A200CA53400847BE6 /* AppDelegate.m */ = {isa = PBXFileReference; lastKnownFileType = sourcecode.c.objc; path = AppDelegate.m; sourceTree = "<group>"; };
		56A88840200CA53400847BE6 /* Base */ = {isa = PBXFileReference; lastKnownFileType = file.storyboard; name = Base; path = Base.lproj/Main.storyboard; sourceTree = "<group>"; };
		56A88842200CA53400847BE6 /* Assets.xcassets */ = {isa = PBXFileReference; lastKnownFileType = folder.assetcatalog; path = Assets.xcassets; sourceTree = "<group>"; };
		56A88845200CA53400847BE6 /* Base */ = {isa = PBXFileReference; lastKnownFileType = file.storyboard; name = Base; path = Base.lproj/LaunchScreen.storyboard; sourceTree = "<group>"; };
		56A88847200CA53400847BE6 /* Info.plist */ = {isa = PBXFileReference; lastKnownFileType = text.plist.xml; path = Info.plist; sourceTree = "<group>"; };
		56A88848200CA53400847BE6 /* main.m */ = {isa = PBXFileReference; lastKnownFileType = sourcecode.c.objc; path = main.m; sourceTree = "<group>"; };
		56AF60C32011CD2B0067BD7B /* LGRequest.h */ = {isa = PBXFileReference; lastKnownFileType = sourcecode.c.h; path = LGRequest.h; sourceTree = "<group>"; };
		56AF60C42011CD2B0067BD7B /* LGRequest.m */ = {isa = PBXFileReference; lastKnownFileType = sourcecode.c.objc; path = LGRequest.m; sourceTree = "<group>"; };
		56AF60C62011CDB90067BD7B /* Login.storyboard */ = {isa = PBXFileReference; lastKnownFileType = file.storyboard; path = Login.storyboard; sourceTree = "<group>"; };
		56AF60C82011DBBE0067BD7B /* CALayer+LGLayer.h */ = {isa = PBXFileReference; lastKnownFileType = sourcecode.c.h; path = "CALayer+LGLayer.h"; sourceTree = "<group>"; };
		56AF60C92011DBBE0067BD7B /* CALayer+LGLayer.m */ = {isa = PBXFileReference; lastKnownFileType = sourcecode.c.objc; path = "CALayer+LGLayer.m"; sourceTree = "<group>"; };
		56AF60CB2011DF820067BD7B /* PrefixHeader.pch */ = {isa = PBXFileReference; lastKnownFileType = sourcecode.c.h; path = PrefixHeader.pch; sourceTree = "<group>"; };
		56AF60D02011E5FE0067BD7B /* LGLoginController.h */ = {isa = PBXFileReference; lastKnownFileType = sourcecode.c.h; path = LGLoginController.h; sourceTree = "<group>"; };
		56AF60D12011E5FE0067BD7B /* LGLoginController.m */ = {isa = PBXFileReference; lastKnownFileType = sourcecode.c.objc; path = LGLoginController.m; sourceTree = "<group>"; };
		56AF60D32011EA050067BD7B /* UIViewController+LGViewController.h */ = {isa = PBXFileReference; lastKnownFileType = sourcecode.c.h; path = "UIViewController+LGViewController.h"; sourceTree = "<group>"; };
		56AF60D42011EA050067BD7B /* UIViewController+LGViewController.m */ = {isa = PBXFileReference; lastKnownFileType = sourcecode.c.objc; path = "UIViewController+LGViewController.m"; sourceTree = "<group>"; };
		56B7AAD9202BE37800BDECED /* LGWordDetailModel.h */ = {isa = PBXFileReference; lastKnownFileType = sourcecode.c.h; path = LGWordDetailModel.h; sourceTree = "<group>"; };
		56B7AADA202BE37800BDECED /* LGWordDetailModel.m */ = {isa = PBXFileReference; lastKnownFileType = sourcecode.c.objc; path = LGWordDetailModel.m; sourceTree = "<group>"; };
		56B7AADD202BFAEB00BDECED /* LGWordDetailCell.h */ = {isa = PBXFileReference; lastKnownFileType = sourcecode.c.h; path = LGWordDetailCell.h; sourceTree = "<group>"; };
		56B7AADE202BFAEB00BDECED /* LGWordDetailCell.m */ = {isa = PBXFileReference; lastKnownFileType = sourcecode.c.objc; path = LGWordDetailCell.m; sourceTree = "<group>"; };
		56B7AAE8202C59EC00BDECED /* LGWordDetailHeaderFooterView.h */ = {isa = PBXFileReference; lastKnownFileType = sourcecode.c.h; path = LGWordDetailHeaderFooterView.h; sourceTree = "<group>"; };
		56B7AAE9202C59EC00BDECED /* LGWordDetailHeaderFooterView.m */ = {isa = PBXFileReference; lastKnownFileType = sourcecode.c.objc; path = LGWordDetailHeaderFooterView.m; sourceTree = "<group>"; };
		56B7AAEB202C5A2400BDECED /* LGWordDetailHeaderFooterView.xib */ = {isa = PBXFileReference; lastKnownFileType = file.xib; path = LGWordDetailHeaderFooterView.xib; sourceTree = "<group>"; };
		56C989822020176A0095A4BD /* LGWordPlanController.h */ = {isa = PBXFileReference; lastKnownFileType = sourcecode.c.h; path = LGWordPlanController.h; sourceTree = "<group>"; };
		56C989832020176A0095A4BD /* LGWordPlanController.m */ = {isa = PBXFileReference; lastKnownFileType = sourcecode.c.objc; path = LGWordPlanController.m; sourceTree = "<group>"; };
		56C9898620201CCF0095A4BD /* LGWordPlanCollectionCell.h */ = {isa = PBXFileReference; lastKnownFileType = sourcecode.c.h; path = LGWordPlanCollectionCell.h; sourceTree = "<group>"; };
		56C9898720201CCF0095A4BD /* LGWordPlanCollectionCell.m */ = {isa = PBXFileReference; lastKnownFileType = sourcecode.c.objc; path = LGWordPlanCollectionCell.m; sourceTree = "<group>"; };
		56C9898C2020461D0095A4BD /* LGWordLibraryController.h */ = {isa = PBXFileReference; lastKnownFileType = sourcecode.c.h; path = LGWordLibraryController.h; sourceTree = "<group>"; };
		56C9898D2020461D0095A4BD /* LGWordLibraryController.m */ = {isa = PBXFileReference; lastKnownFileType = sourcecode.c.objc; path = LGWordLibraryController.m; sourceTree = "<group>"; };
		56C9898F20204F7C0095A4BD /* LGWordLibraryTypeCell.h */ = {isa = PBXFileReference; lastKnownFileType = sourcecode.c.h; path = LGWordLibraryTypeCell.h; sourceTree = "<group>"; };
		56C9899020204F7C0095A4BD /* LGWordLibraryTypeCell.m */ = {isa = PBXFileReference; lastKnownFileType = sourcecode.c.objc; path = LGWordLibraryTypeCell.m; sourceTree = "<group>"; };
		56C98992202050F60095A4BD /* LGWordTypeCell.h */ = {isa = PBXFileReference; lastKnownFileType = sourcecode.c.h; path = LGWordTypeCell.h; sourceTree = "<group>"; };
		56C98993202050F60095A4BD /* LGWordTypeCell.m */ = {isa = PBXFileReference; lastKnownFileType = sourcecode.c.objc; path = LGWordTypeCell.m; sourceTree = "<group>"; };
		56C9899520207C0C0095A4BD /* LGNavigationItem.h */ = {isa = PBXFileReference; lastKnownFileType = sourcecode.c.h; path = LGNavigationItem.h; sourceTree = "<group>"; };
		56C9899620207C0C0095A4BD /* LGNavigationItem.m */ = {isa = PBXFileReference; lastKnownFileType = sourcecode.c.objc; path = LGNavigationItem.m; sourceTree = "<group>"; };
		56CCA5E3201B083B0097DCAC /* LGReciteWordsController.h */ = {isa = PBXFileReference; lastKnownFileType = sourcecode.c.h; path = LGReciteWordsController.h; sourceTree = "<group>"; };
		56CCA5E4201B083B0097DCAC /* LGReciteWordsController.m */ = {isa = PBXFileReference; lastKnownFileType = sourcecode.c.objc; path = LGReciteWordsController.m; sourceTree = "<group>"; };
		56CCA5E6201B16050097DCAC /* LGNavigationController.h */ = {isa = PBXFileReference; lastKnownFileType = sourcecode.c.h; path = LGNavigationController.h; sourceTree = "<group>"; };
		56CCA5E7201B16050097DCAC /* LGNavigationController.m */ = {isa = PBXFileReference; lastKnownFileType = sourcecode.c.objc; path = LGNavigationController.m; sourceTree = "<group>"; };
		56CCA5EB201B29A60097DCAC /* LGStudyTypeController.h */ = {isa = PBXFileReference; lastKnownFileType = sourcecode.c.h; path = LGStudyTypeController.h; sourceTree = "<group>"; };
		56CCA5EC201B29A60097DCAC /* LGStudyTypeController.m */ = {isa = PBXFileReference; lastKnownFileType = sourcecode.c.objc; path = LGStudyTypeController.m; sourceTree = "<group>"; };
		56EAD86020197F2D0059604E /* LGFindPasswordController.h */ = {isa = PBXFileReference; lastKnownFileType = sourcecode.c.h; path = LGFindPasswordController.h; sourceTree = "<group>"; };
		56EAD86120197F2D0059604E /* LGFindPasswordController.m */ = {isa = PBXFileReference; lastKnownFileType = sourcecode.c.objc; path = LGFindPasswordController.m; sourceTree = "<group>"; };
		56EAD8632019C09A0059604E /* ReciteWords.storyboard */ = {isa = PBXFileReference; lastKnownFileType = file.storyboard; path = ReciteWords.storyboard; sourceTree = "<group>"; };
		56EAD8652019C0EB0059604E /* WordReport.storyboard */ = {isa = PBXFileReference; lastKnownFileType = file.storyboard; path = WordReport.storyboard; sourceTree = "<group>"; };
		56EAD8672019C0FC0059604E /* PK.storyboard */ = {isa = PBXFileReference; lastKnownFileType = file.storyboard; path = PK.storyboard; sourceTree = "<group>"; };
		56EAD8692019C1300059604E /* Periphery.storyboard */ = {isa = PBXFileReference; lastKnownFileType = file.storyboard; path = Periphery.storyboard; sourceTree = "<group>"; };
		56EAD8702019C98B0059604E /* LGTabBarViewController.h */ = {isa = PBXFileReference; lastKnownFileType = sourcecode.c.h; path = LGTabBarViewController.h; sourceTree = "<group>"; };
		56EAD8712019C98B0059604E /* LGTabBarViewController.m */ = {isa = PBXFileReference; lastKnownFileType = sourcecode.c.objc; path = LGTabBarViewController.m; sourceTree = "<group>"; };
		56FD20D42028256F003A6154 /* LGDeletePlanAlertView.h */ = {isa = PBXFileReference; lastKnownFileType = sourcecode.c.h; path = LGDeletePlanAlertView.h; sourceTree = "<group>"; };
		56FD20D52028256F003A6154 /* LGDeletePlanAlertView.m */ = {isa = PBXFileReference; lastKnownFileType = sourcecode.c.objc; path = LGDeletePlanAlertView.m; sourceTree = "<group>"; };
		56FD20D72028257D003A6154 /* LGDeletePlanAlertView.xib */ = {isa = PBXFileReference; lastKnownFileType = file.xib; path = LGDeletePlanAlertView.xib; sourceTree = "<group>"; };
		66ACA9D95F507310F264822E /* Pods_Word.framework */ = {isa = PBXFileReference; explicitFileType = wrapper.framework; includeInIndex = 0; path = Pods_Word.framework; sourceTree = BUILT_PRODUCTS_DIR; };
		777149E8AF87BED5DA24DEBA /* Pods-Word.debug.xcconfig */ = {isa = PBXFileReference; includeInIndex = 1; lastKnownFileType = text.xcconfig; name = "Pods-Word.debug.xcconfig"; path = "Pods/Target Support Files/Pods-Word/Pods-Word.debug.xcconfig"; sourceTree = "<group>"; };
		971D3B15969CB5BD9FCFA2C3 /* Pods-Word.release.xcconfig */ = {isa = PBXFileReference; includeInIndex = 1; lastKnownFileType = text.xcconfig; name = "Pods-Word.release.xcconfig"; path = "Pods/Target Support Files/Pods-Word/Pods-Word.release.xcconfig"; sourceTree = "<group>"; };
/* End PBXFileReference section */

/* Begin PBXFrameworksBuildPhase section */
		56A88833200CA53400847BE6 /* Frameworks */ = {
			isa = PBXFrameworksBuildPhase;
			buildActionMask = 2147483647;
			files = (
				3690868A07C9B63A30A721A0 /* Pods_Word.framework in Frameworks */,
			);
			runOnlyForDeploymentPostprocessing = 0;
		};
/* End PBXFrameworksBuildPhase section */

/* Begin PBXGroup section */
		02F78A062029E4E70011096F /* Model */ = {
			isa = PBXGroup;
			children = (
				02F78A072029E54A0011096F /* LGReciteWordModel.h */,
				02F78A082029E54A0011096F /* LGReciteWordModel.m */,
				56224FCA20454F020093BC7A /* LGIndexReviewModel.h */,
				56224FCB20454F020093BC7A /* LGIndexReviewModel.m */,
			);
			path = Model;
			sourceTree = "<group>";
		};
		5612BFA8202154970038D653 /* Model */ = {
			isa = PBXGroup;
			children = (
				5612BFA9202154E30038D653 /* LGWordLibraryModel.h */,
				5612BFAA202154E30038D653 /* LGWordLibraryModel.m */,
				560F0FCF2022AFBA00324510 /* LGFreeWordModel.h */,
				560F0FD02022AFBA00324510 /* LGFreeWordModel.m */,
				5639AF9D202441B300AA2CA5 /* LGPlanModel.h */,
				5639AF9E202441B300AA2CA5 /* LGPlanModel.m */,
			);
			path = Model;
			sourceTree = "<group>";
		};
		5612BFAF2021AC060038D653 /* LGProgressView */ = {
			isa = PBXGroup;
			children = (
				5612BFB02021AC3E0038D653 /* LGProgressView.h */,
				5612BFB12021AC3E0038D653 /* LGProgressView.m */,
			);
			path = LGProgressView;
			sourceTree = "<group>";
		};
		56506D012016D773000FD8FA /* Custom */ = {
			isa = PBXGroup;
			children = (
				56585953203EB2F500BB59ED /* LGDottedLineView */,
				5612BFAF2021AC060038D653 /* LGProgressView */,
				56506D022016D7E7000FD8FA /* LGProgressHUD */,
			);
			path = Custom;
			sourceTree = "<group>";
		};
		56506D022016D7E7000FD8FA /* LGProgressHUD */ = {
			isa = PBXGroup;
			children = (
				56506D032016D842000FD8FA /* LGProgressHUD.h */,
				56506D042016D842000FD8FA /* LGProgressHUD.m */,
			);
			name = LGProgressHUD;
			path = "../New Group/LGProgressHUD";
			sourceTree = "<group>";
		};
		56585953203EB2F500BB59ED /* LGDottedLineView */ = {
			isa = PBXGroup;
			children = (
				56585954203EB34300BB59ED /* LGDottedLineView.h */,
				56585955203EB34300BB59ED /* LGDottedLineView.m */,
			);
			path = LGDottedLineView;
			sourceTree = "<group>";
		};
		5658D5A32040FF5100390FC4 /* View */ = {
			isa = PBXGroup;
			children = (
				5658D5A42040FF7600390FC4 /* LGIndexReviewAlertView.h */,
				5658D5A52040FF7600390FC4 /* LGIndexReviewAlertView.m */,
				5658D5A72040FF8600390FC4 /* LGIndexReviewAlertView.xib */,
				56224FC5204547AF0093BC7A /* LGIndexReviewAlertCell.h */,
				56224FC6204547AF0093BC7A /* LGIndexReviewAlertCell.m */,
				56224FC8204548360093BC7A /* LGIndexReviewAlertCell.xib */,
			);
			path = View;
			sourceTree = "<group>";
		};
		565A30F420132F3700448B1C /* Tool */ = {
			isa = PBXGroup;
			children = (
				563259EC201AC609007FF4D6 /* LGTool.h */,
				563259ED201AC609007FF4D6 /* LGTool.m */,
				56317B70201C1D6800AEC20B /* LGUserManager.h */,
				56317B71201C1D6800AEC20B /* LGUserManager.m */,
				563F7DA3202306B500944730 /* LGPlayer.h */,
				563F7DA4202306B500944730 /* LGPlayer.m */,
			);
			path = Tool;
			sourceTree = "<group>";
		};
		567C00F8201075C90083F3D5 /* Main */ = {
			isa = PBXGroup;
			children = (
				56EAD86F2019C8820059604E /* Common */,
				56EAD86B2019C1A60059604E /* ReciteWords */,
				56EAD86C2019C1B70059604E /* WordReport */,
				56EAD86D2019C1C70059604E /* PK */,
				56EAD86E2019C1D70059604E /* Periphery */,
				56AF60CD2011E5B00067BD7B /* Login */,
			);
			path = Main;
			sourceTree = "<group>";
		};
		5680148F202AE18E0082D72F /* WordDetail */ = {
			isa = PBXGroup;
			children = (
				56B7AADC202BFA9F00BDECED /* View */,
				56B7AAD8202BE34C00BDECED /* Model */,
				56801490202AE1A20082D72F /* Controller */,
			);
			path = WordDetail;
			sourceTree = "<group>";
		};
		56801490202AE1A20082D72F /* Controller */ = {
			isa = PBXGroup;
			children = (
				56801491202AE1FB0082D72F /* LGWordDetailController.h */,
				56801492202AE1FB0082D72F /* LGWordDetailController.m */,
				567A3AD2203FB72F00A41692 /* LGWordErrorViewController.h */,
				567A3AD3203FB72F00A41692 /* LGWordErrorViewController.m */,
			);
			path = Controller;
			sourceTree = "<group>";
		};
		56961CF5200D89B0009EA21C /* Categroy */ = {
			isa = PBXGroup;
			children = (
				564EB7AA2047998400E47A1E /* NSDate+Utilities.h */,
				564EB7AB2047998500E47A1E /* NSDate+Utilities.m */,
				56AF60C82011DBBE0067BD7B /* CALayer+LGLayer.h */,
				56AF60C92011DBBE0067BD7B /* CALayer+LGLayer.m */,
				56AF60D32011EA050067BD7B /* UIViewController+LGViewController.h */,
				56AF60D42011EA050067BD7B /* UIViewController+LGViewController.m */,
				565A30F5201331E000448B1C /* UIColor+LGColor.h */,
				565A30F6201331E000448B1C /* UIColor+LGColor.m */,
				5606F85F2015E45C0030E43C /* NSString+LGString.h */,
				5606F8602015E45C0030E43C /* NSString+LGString.m */,
				5612BFAC202161E50038D653 /* UIScrollView+LGRefresh.h */,
				5612BFAD202161E50038D653 /* UIScrollView+LGRefresh.m */,
				563F7DA02022BE8A00944730 /* UITableView+LGRefresh.h */,
				563F7DA12022BE8A00944730 /* UITableView+LGRefresh.m */,
				563F7DA92023177E00944730 /* NSObject+LGRequest.h */,
				563F7DAA2023177E00944730 /* NSObject+LGRequest.m */,
			);
			path = Categroy;
			sourceTree = "<group>";
		};
		56961CF6200D8A9C009EA21C /* InterfaceBuilder */ = {
			isa = PBXGroup;
			children = (
				56A88844200CA53400847BE6 /* LaunchScreen.storyboard */,
				56A8883F200CA53400847BE6 /* Main.storyboard */,
				56AF60C62011CDB90067BD7B /* Login.storyboard */,
				56EAD8632019C09A0059604E /* ReciteWords.storyboard */,
				56EAD8652019C0EB0059604E /* WordReport.storyboard */,
				56EAD8672019C0FC0059604E /* PK.storyboard */,
				56EAD8692019C1300059604E /* Periphery.storyboard */,
			);
			path = InterfaceBuilder;
			sourceTree = "<group>";
		};
		56961CF7200D8ACA009EA21C /* Networking */ = {
			isa = PBXGroup;
			children = (
				567C00F92010A0360083F3D5 /* LGBaseRequest.h */,
				567C00FA2010A0360083F3D5 /* LGBaseRequest.m */,
				56AF60C32011CD2B0067BD7B /* LGRequest.h */,
				56AF60C42011CD2B0067BD7B /* LGRequest.m */,
				565A30F02012D57700448B1C /* API.h */,
			);
			path = Networking;
			sourceTree = "<group>";
		};
		56A8882D200CA53400847BE6 = {
			isa = PBXGroup;
			children = (
				56A88838200CA53400847BE6 /* Word */,
				56A88837200CA53400847BE6 /* Products */,
				9BE54A705AB43572B2E7736A /* Pods */,
				654614099BD54950F42E89C2 /* Frameworks */,
			);
			sourceTree = "<group>";
		};
		56A88837200CA53400847BE6 /* Products */ = {
			isa = PBXGroup;
			children = (
				56A88836200CA53400847BE6 /* Word.app */,
			);
			name = Products;
			sourceTree = "<group>";
		};
		56A88838200CA53400847BE6 /* Word */ = {
			isa = PBXGroup;
			children = (
				567C00F8201075C90083F3D5 /* Main */,
				56961CF6200D8A9C009EA21C /* InterfaceBuilder */,
				56961CF7200D8ACA009EA21C /* Networking */,
				56506D012016D773000FD8FA /* Custom */,
				56961CF5200D89B0009EA21C /* Categroy */,
				565A30F420132F3700448B1C /* Tool */,
				56AF60CC2011DF930067BD7B /* Supporting files */,
				56A88839200CA53400847BE6 /* AppDelegate.h */,
				56A8883A200CA53400847BE6 /* AppDelegate.m */,
			);
			path = Word;
			sourceTree = "<group>";
		};
		56AF60CC2011DF930067BD7B /* Supporting files */ = {
			isa = PBXGroup;
			children = (
				56A88842200CA53400847BE6 /* Assets.xcassets */,
				56A88847200CA53400847BE6 /* Info.plist */,
				56A88848200CA53400847BE6 /* main.m */,
				56AF60CB2011DF820067BD7B /* PrefixHeader.pch */,
			);
			path = "Supporting files";
			sourceTree = "<group>";
		};
		56AF60CD2011E5B00067BD7B /* Login */ = {
			isa = PBXGroup;
			children = (
				56AF60CF2011E5DD0067BD7B /* Model */,
				56AF60CE2011E5BE0067BD7B /* Controller */,
			);
			path = Login;
			sourceTree = "<group>";
		};
		56AF60CE2011E5BE0067BD7B /* Controller */ = {
			isa = PBXGroup;
			children = (
				56AF60D02011E5FE0067BD7B /* LGLoginController.h */,
				56AF60D12011E5FE0067BD7B /* LGLoginController.m */,
				565A30F82013411200448B1C /* LGRegisterController.h */,
				565A30F92013411200448B1C /* LGRegisterController.m */,
				56EAD86020197F2D0059604E /* LGFindPasswordController.h */,
				56EAD86120197F2D0059604E /* LGFindPasswordController.m */,
			);
			path = Controller;
			sourceTree = "<group>";
		};
		56AF60CF2011E5DD0067BD7B /* Model */ = {
			isa = PBXGroup;
			children = (
				565A30F12013163400448B1C /* LGUserModel.h */,
				565A30F22013163400448B1C /* LGUserModel.m */,
			);
			path = Model;
			sourceTree = "<group>";
		};
		56B7AAD8202BE34C00BDECED /* Model */ = {
			isa = PBXGroup;
			children = (
				56B7AAD9202BE37800BDECED /* LGWordDetailModel.h */,
				56B7AADA202BE37800BDECED /* LGWordDetailModel.m */,
			);
			path = Model;
			sourceTree = "<group>";
		};
		56B7AADC202BFA9F00BDECED /* View */ = {
			isa = PBXGroup;
			children = (
				56B7AADD202BFAEB00BDECED /* LGWordDetailCell.h */,
				56B7AADE202BFAEB00BDECED /* LGWordDetailCell.m */,
				56B7AAE8202C59EC00BDECED /* LGWordDetailHeaderFooterView.h */,
				56B7AAE9202C59EC00BDECED /* LGWordDetailHeaderFooterView.m */,
				56B7AAEB202C5A2400BDECED /* LGWordDetailHeaderFooterView.xib */,
				567A3AD5203FEB4100A41692 /* LGWordErrorCell.h */,
				567A3AD6203FEB4100A41692 /* LGWordErrorCell.m */,
			);
			path = View;
			sourceTree = "<group>";
		};
		56C98980202016EA0095A4BD /* WordPlan */ = {
			isa = PBXGroup;
			children = (
				5612BFA8202154970038D653 /* Model */,
				56C9898520201CA30095A4BD /* View */,
				56C98981202017490095A4BD /* Controller */,
			);
			path = WordPlan;
			sourceTree = "<group>";
		};
		56C98981202017490095A4BD /* Controller */ = {
			isa = PBXGroup;
			children = (
				56C989822020176A0095A4BD /* LGWordPlanController.h */,
				56C989832020176A0095A4BD /* LGWordPlanController.m */,
				56C9898C2020461D0095A4BD /* LGWordLibraryController.h */,
				56C9898D2020461D0095A4BD /* LGWordLibraryController.m */,
				0235DB982022147200E52A3F /* LGFreeLibraryWordListController.h */,
				0235DB992022147200E52A3F /* LGFreeLibraryWordListController.m */,
			);
			path = Controller;
			sourceTree = "<group>";
		};
		56C9898520201CA30095A4BD /* View */ = {
			isa = PBXGroup;
			children = (
				56C9898620201CCF0095A4BD /* LGWordPlanCollectionCell.h */,
				56C9898720201CCF0095A4BD /* LGWordPlanCollectionCell.m */,
				56C9898F20204F7C0095A4BD /* LGWordLibraryTypeCell.h */,
				56C9899020204F7C0095A4BD /* LGWordLibraryTypeCell.m */,
				56C98992202050F60095A4BD /* LGWordTypeCell.h */,
				56C98993202050F60095A4BD /* LGWordTypeCell.m */,
				560F0FC92022AA7000324510 /* LGFreeWordListCell.h */,
				560F0FCA2022AA7000324510 /* LGFreeWordListCell.m */,
				5639AFA02024535700AA2CA5 /* LGPlanTableViewCell.h */,
				5639AFA12024535700AA2CA5 /* LGPlanTableViewCell.m */,
				56FD20D42028256F003A6154 /* LGDeletePlanAlertView.h */,
				56FD20D52028256F003A6154 /* LGDeletePlanAlertView.m */,
				56FD20D72028257D003A6154 /* LGDeletePlanAlertView.xib */,
			);
			path = View;
			sourceTree = "<group>";
		};
		56CCA5E1201B07F60097DCAC /* Index */ = {
			isa = PBXGroup;
			children = (
				5658D5A32040FF5100390FC4 /* View */,
				02F78A062029E4E70011096F /* Model */,
				56CCA5E2201B08050097DCAC /* Controller */,
			);
			path = Index;
			sourceTree = "<group>";
		};
		56CCA5E2201B08050097DCAC /* Controller */ = {
			isa = PBXGroup;
			children = (
				56CCA5E3201B083B0097DCAC /* LGReciteWordsController.h */,
				56CCA5E4201B083B0097DCAC /* LGReciteWordsController.m */,
				566B985E202003E800D368AC /* LGNoStudyTypeController.h */,
				566B985F202003E800D368AC /* LGNoStudyTypeController.m */,
				562FC13D202992DE005CEA83 /* LGRecitePlanController.h */,
				562FC13E202992DE005CEA83 /* LGRecitePlanController.m */,
			);
			path = Controller;
			sourceTree = "<group>";
		};
		56CCA5E9201B29370097DCAC /* PersonalCenter */ = {
			isa = PBXGroup;
			children = (
				56CCA5EA201B297C0097DCAC /* Controller */,
			);
			path = PersonalCenter;
			sourceTree = "<group>";
		};
		56CCA5EA201B297C0097DCAC /* Controller */ = {
			isa = PBXGroup;
			children = (
				56CCA5EB201B29A60097DCAC /* LGStudyTypeController.h */,
				56CCA5EC201B29A60097DCAC /* LGStudyTypeController.m */,
			);
			path = Controller;
			sourceTree = "<group>";
		};
		56EAD86B2019C1A60059604E /* ReciteWords */ = {
			isa = PBXGroup;
			children = (
				5680148F202AE18E0082D72F /* WordDetail */,
				56C98980202016EA0095A4BD /* WordPlan */,
				56CCA5E9201B29370097DCAC /* PersonalCenter */,
				56CCA5E1201B07F60097DCAC /* Index */,
			);
			path = ReciteWords;
			sourceTree = "<group>";
		};
		56EAD86C2019C1B70059604E /* WordReport */ = {
			isa = PBXGroup;
			children = (
			);
			path = WordReport;
			sourceTree = "<group>";
		};
		56EAD86D2019C1C70059604E /* PK */ = {
			isa = PBXGroup;
			children = (
			);
			path = PK;
			sourceTree = "<group>";
		};
		56EAD86E2019C1D70059604E /* Periphery */ = {
			isa = PBXGroup;
			children = (
			);
			path = Periphery;
			sourceTree = "<group>";
		};
		56EAD86F2019C8820059604E /* Common */ = {
			isa = PBXGroup;
			children = (
				56EAD8702019C98B0059604E /* LGTabBarViewController.h */,
				56EAD8712019C98B0059604E /* LGTabBarViewController.m */,
				56CCA5E6201B16050097DCAC /* LGNavigationController.h */,
				56CCA5E7201B16050097DCAC /* LGNavigationController.m */,
				56C9899520207C0C0095A4BD /* LGNavigationItem.h */,
				56C9899620207C0C0095A4BD /* LGNavigationItem.m */,
			);
			path = Common;
			sourceTree = "<group>";
		};
		654614099BD54950F42E89C2 /* Frameworks */ = {
			isa = PBXGroup;
			children = (
				66ACA9D95F507310F264822E /* Pods_Word.framework */,
			);
			name = Frameworks;
			sourceTree = "<group>";
		};
		9BE54A705AB43572B2E7736A /* Pods */ = {
			isa = PBXGroup;
			children = (
				777149E8AF87BED5DA24DEBA /* Pods-Word.debug.xcconfig */,
				971D3B15969CB5BD9FCFA2C3 /* Pods-Word.release.xcconfig */,
			);
			name = Pods;
			sourceTree = "<group>";
		};
/* End PBXGroup section */

/* Begin PBXNativeTarget section */
		56A88835200CA53400847BE6 /* Word */ = {
			isa = PBXNativeTarget;
			buildConfigurationList = 56A8884C200CA53400847BE6 /* Build configuration list for PBXNativeTarget "Word" */;
			buildPhases = (
				F4B9346A117F96C80E9D809F /* [CP] Check Pods Manifest.lock */,
				56A88833200CA53400847BE6 /* Frameworks */,
				56A88832200CA53400847BE6 /* Sources */,
				56A88834200CA53400847BE6 /* Resources */,
				DA63F3332C0AD076A073EA7A /* [CP] Embed Pods Frameworks */,
				A63D780DA5E3EF6DC3ED5932 /* [CP] Copy Pods Resources */,
			);
			buildRules = (
			);
			dependencies = (
			);
			name = Word;
			productName = Word;
			productReference = 56A88836200CA53400847BE6 /* Word.app */;
			productType = "com.apple.product-type.application";
		};
/* End PBXNativeTarget section */

/* Begin PBXProject section */
		56A8882E200CA53400847BE6 /* Project object */ = {
			isa = PBXProject;
			attributes = {
				CLASSPREFIX = LG;
				LastUpgradeCheck = 0910;
				ORGANIZATIONNAME = Charles;
				TargetAttributes = {
					56A88835200CA53400847BE6 = {
						CreatedOnToolsVersion = 9.1;
						ProvisioningStyle = Automatic;
					};
				};
			};
			buildConfigurationList = 56A88831200CA53400847BE6 /* Build configuration list for PBXProject "Word" */;
			compatibilityVersion = "Xcode 8.0";
			developmentRegion = en;
			hasScannedForEncodings = 0;
			knownRegions = (
				en,
				Base,
			);
			mainGroup = 56A8882D200CA53400847BE6;
			productRefGroup = 56A88837200CA53400847BE6 /* Products */;
			projectDirPath = "";
			projectRoot = "";
			targets = (
				56A88835200CA53400847BE6 /* Word */,
			);
		};
/* End PBXProject section */

/* Begin PBXResourcesBuildPhase section */
		56A88834200CA53400847BE6 /* Resources */ = {
			isa = PBXResourcesBuildPhase;
			buildActionMask = 2147483647;
			files = (
				56FD20D82028257D003A6154 /* LGDeletePlanAlertView.xib in Resources */,
				56AF60C72011CDB90067BD7B /* Login.storyboard in Resources */,
				56B7AAEC202C5A2400BDECED /* LGWordDetailHeaderFooterView.xib in Resources */,
				5658D5A82040FF8600390FC4 /* LGIndexReviewAlertView.xib in Resources */,
				56A88846200CA53400847BE6 /* LaunchScreen.storyboard in Resources */,
				56A88843200CA53400847BE6 /* Assets.xcassets in Resources */,
				56EAD86A2019C1300059604E /* Periphery.storyboard in Resources */,
				56EAD8642019C09A0059604E /* ReciteWords.storyboard in Resources */,
				56224FC9204548360093BC7A /* LGIndexReviewAlertCell.xib in Resources */,
				56EAD8682019C0FC0059604E /* PK.storyboard in Resources */,
				56EAD8662019C0EB0059604E /* WordReport.storyboard in Resources */,
				56A88841200CA53400847BE6 /* Main.storyboard in Resources */,
			);
			runOnlyForDeploymentPostprocessing = 0;
		};
/* End PBXResourcesBuildPhase section */

/* Begin PBXShellScriptBuildPhase section */
		A63D780DA5E3EF6DC3ED5932 /* [CP] Copy Pods Resources */ = {
			isa = PBXShellScriptBuildPhase;
			buildActionMask = 2147483647;
			files = (
			);
			inputPaths = (
			);
			name = "[CP] Copy Pods Resources";
			outputPaths = (
			);
			runOnlyForDeploymentPostprocessing = 0;
			shellPath = /bin/sh;
			shellScript = "\"${SRCROOT}/Pods/Target Support Files/Pods-Word/Pods-Word-resources.sh\"\n";
			showEnvVarsInLog = 0;
		};
		DA63F3332C0AD076A073EA7A /* [CP] Embed Pods Frameworks */ = {
			isa = PBXShellScriptBuildPhase;
			buildActionMask = 2147483647;
			files = (
			);
			inputPaths = (
				"${SRCROOT}/Pods/Target Support Files/Pods-Word/Pods-Word-frameworks.sh",
				"${BUILT_PRODUCTS_DIR}/AFNetworking/AFNetworking.framework",
				"${BUILT_PRODUCTS_DIR}/IQKeyboardManager/IQKeyboardManager.framework",
				"${BUILT_PRODUCTS_DIR}/MBProgressHUD/MBProgressHUD.framework",
				"${BUILT_PRODUCTS_DIR}/MJExtension/MJExtension.framework",
				"${BUILT_PRODUCTS_DIR}/MJRefresh/MJRefresh.framework",
				"${BUILT_PRODUCTS_DIR}/SDWebImage/SDWebImage.framework",
			);
			name = "[CP] Embed Pods Frameworks";
			outputPaths = (
				"${TARGET_BUILD_DIR}/${FRAMEWORKS_FOLDER_PATH}/AFNetworking.framework",
				"${TARGET_BUILD_DIR}/${FRAMEWORKS_FOLDER_PATH}/IQKeyboardManager.framework",
				"${TARGET_BUILD_DIR}/${FRAMEWORKS_FOLDER_PATH}/MBProgressHUD.framework",
				"${TARGET_BUILD_DIR}/${FRAMEWORKS_FOLDER_PATH}/MJExtension.framework",
				"${TARGET_BUILD_DIR}/${FRAMEWORKS_FOLDER_PATH}/MJRefresh.framework",
				"${TARGET_BUILD_DIR}/${FRAMEWORKS_FOLDER_PATH}/SDWebImage.framework",
			);
			runOnlyForDeploymentPostprocessing = 0;
			shellPath = /bin/sh;
			shellScript = "\"${SRCROOT}/Pods/Target Support Files/Pods-Word/Pods-Word-frameworks.sh\"\n";
			showEnvVarsInLog = 0;
		};
		F4B9346A117F96C80E9D809F /* [CP] Check Pods Manifest.lock */ = {
			isa = PBXShellScriptBuildPhase;
			buildActionMask = 2147483647;
			files = (
			);
			inputPaths = (
				"${PODS_PODFILE_DIR_PATH}/Podfile.lock",
				"${PODS_ROOT}/Manifest.lock",
			);
			name = "[CP] Check Pods Manifest.lock";
			outputPaths = (
				"$(DERIVED_FILE_DIR)/Pods-Word-checkManifestLockResult.txt",
			);
			runOnlyForDeploymentPostprocessing = 0;
			shellPath = /bin/sh;
			shellScript = "diff \"${PODS_PODFILE_DIR_PATH}/Podfile.lock\" \"${PODS_ROOT}/Manifest.lock\" > /dev/null\nif [ $? != 0 ] ; then\n    # print error to STDERR\n    echo \"error: The sandbox is not in sync with the Podfile.lock. Run 'pod install' or update your CocoaPods installation.\" >&2\n    exit 1\nfi\n# This output is used by Xcode 'outputs' to avoid re-running this script phase.\necho \"SUCCESS\" > \"${SCRIPT_OUTPUT_FILE_0}\"\n";
			showEnvVarsInLog = 0;
		};
/* End PBXShellScriptBuildPhase section */

/* Begin PBXSourcesBuildPhase section */
		56A88832200CA53400847BE6 /* Sources */ = {
			isa = PBXSourcesBuildPhase;
			buildActionMask = 2147483647;
			files = (
				565A30F7201331E000448B1C /* UIColor+LGColor.m in Sources */,
				56C9899720207C0C0095A4BD /* LGNavigationItem.m in Sources */,
				02F78A092029E54A0011096F /* LGReciteWordModel.m in Sources */,
				56EAD86220197F2D0059604E /* LGFindPasswordController.m in Sources */,
				565A30FA2013411200448B1C /* LGRegisterController.m in Sources */,
				56585956203EB34300BB59ED /* LGDottedLineView.m in Sources */,
				56FD20D62028256F003A6154 /* LGDeletePlanAlertView.m in Sources */,
				5639AFA22024535700AA2CA5 /* LGPlanTableViewCell.m in Sources */,
				56C989842020176A0095A4BD /* LGWordPlanController.m in Sources */,
				0235DB9A2022147200E52A3F /* LGFreeLibraryWordListController.m in Sources */,
				567C00FB2010A0360083F3D5 /* LGBaseRequest.m in Sources */,
				56B7AAEA202C59EC00BDECED /* LGWordDetailHeaderFooterView.m in Sources */,
				56C9898820201CCF0095A4BD /* LGWordPlanCollectionCell.m in Sources */,
				56317B72201C1D6800AEC20B /* LGUserManager.m in Sources */,
				56506D052016D842000FD8FA /* LGProgressHUD.m in Sources */,
				56CCA5E8201B16050097DCAC /* LGNavigationController.m in Sources */,
				562FC13F202992DE005CEA83 /* LGRecitePlanController.m in Sources */,
				56B7AADB202BE37800BDECED /* LGWordDetailModel.m in Sources */,
				56A88849200CA53400847BE6 /* main.m in Sources */,
				5612BFAB202154E30038D653 /* LGWordLibraryModel.m in Sources */,
				56CCA5E5201B083B0097DCAC /* LGReciteWordsController.m in Sources */,
				5612BFAE202161E50038D653 /* UIScrollView+LGRefresh.m in Sources */,
				56B7AADF202BFAEB00BDECED /* LGWordDetailCell.m in Sources */,
				56C9899120204F7C0095A4BD /* LGWordLibraryTypeCell.m in Sources */,
				56C9898E2020461D0095A4BD /* LGWordLibraryController.m in Sources */,
				56AF60D22011E5FE0067BD7B /* LGLoginController.m in Sources */,
				567A3AD4203FB72F00A41692 /* LGWordErrorViewController.m in Sources */,
				56224FCC20454F020093BC7A /* LGIndexReviewModel.m in Sources */,
				56EAD8722019C98B0059604E /* LGTabBarViewController.m in Sources */,
				563F7DA22022BE8A00944730 /* UITableView+LGRefresh.m in Sources */,
				565A30F32013163400448B1C /* LGUserModel.m in Sources */,
				564EB7AC2047998500E47A1E /* NSDate+Utilities.m in Sources */,
				5606F8612015E45C0030E43C /* NSString+LGString.m in Sources */,
				5639AF9F202441B300AA2CA5 /* LGPlanModel.m in Sources */,
				56AF60D52011EA050067BD7B /* UIViewController+LGViewController.m in Sources */,
				563259EE201AC609007FF4D6 /* LGTool.m in Sources */,
				56AF60C52011CD2B0067BD7B /* LGRequest.m in Sources */,
				5658D5A62040FF7600390FC4 /* LGIndexReviewAlertView.m in Sources */,
				563F7DAB2023177E00944730 /* NSObject+LGRequest.m in Sources */,
				5612BFB22021AC3E0038D653 /* LGProgressView.m in Sources */,
				56A8883B200CA53400847BE6 /* AppDelegate.m in Sources */,
				56C98994202050F60095A4BD /* LGWordTypeCell.m in Sources */,
				56801493202AE1FB0082D72F /* LGWordDetailController.m in Sources */,
				560F0FCB2022AA7000324510 /* LGFreeWordListCell.m in Sources */,
				56CCA5ED201B29A60097DCAC /* LGStudyTypeController.m in Sources */,
				56224FC7204547AF0093BC7A /* LGIndexReviewAlertCell.m in Sources */,
				56AF60CA2011DBBE0067BD7B /* CALayer+LGLayer.m in Sources */,
				567A3AD7203FEB4100A41692 /* LGWordErrorCell.m in Sources */,
				563F7DA5202306B500944730 /* LGPlayer.m in Sources */,
				566B9860202003E800D368AC /* LGNoStudyTypeController.m in Sources */,
				560F0FD12022AFBA00324510 /* LGFreeWordModel.m in Sources */,
			);
			runOnlyForDeploymentPostprocessing = 0;
		};
/* End PBXSourcesBuildPhase section */

/* Begin PBXVariantGroup section */
		56A8883F200CA53400847BE6 /* Main.storyboard */ = {
			isa = PBXVariantGroup;
			children = (
				56A88840200CA53400847BE6 /* Base */,
			);
			name = Main.storyboard;
			sourceTree = "<group>";
		};
		56A88844200CA53400847BE6 /* LaunchScreen.storyboard */ = {
			isa = PBXVariantGroup;
			children = (
				56A88845200CA53400847BE6 /* Base */,
			);
			name = LaunchScreen.storyboard;
			sourceTree = "<group>";
		};
/* End PBXVariantGroup section */

/* Begin XCBuildConfiguration section */
		56A8884A200CA53400847BE6 /* Debug */ = {
			isa = XCBuildConfiguration;
			buildSettings = {
				ALWAYS_SEARCH_USER_PATHS = NO;
				CLANG_ANALYZER_NONNULL = YES;
				CLANG_ANALYZER_NUMBER_OBJECT_CONVERSION = YES_AGGRESSIVE;
				CLANG_CXX_LANGUAGE_STANDARD = "gnu++14";
				CLANG_CXX_LIBRARY = "libc++";
				CLANG_ENABLE_MODULES = YES;
				CLANG_ENABLE_OBJC_ARC = YES;
				CLANG_WARN_BLOCK_CAPTURE_AUTORELEASING = YES;
				CLANG_WARN_BOOL_CONVERSION = YES;
				CLANG_WARN_COMMA = YES;
				CLANG_WARN_CONSTANT_CONVERSION = YES;
				CLANG_WARN_DIRECT_OBJC_ISA_USAGE = YES_ERROR;
				CLANG_WARN_DOCUMENTATION_COMMENTS = YES;
				CLANG_WARN_EMPTY_BODY = YES;
				CLANG_WARN_ENUM_CONVERSION = YES;
				CLANG_WARN_INFINITE_RECURSION = YES;
				CLANG_WARN_INT_CONVERSION = YES;
				CLANG_WARN_NON_LITERAL_NULL_CONVERSION = YES;
				CLANG_WARN_OBJC_LITERAL_CONVERSION = YES;
				CLANG_WARN_OBJC_ROOT_CLASS = YES_ERROR;
				CLANG_WARN_RANGE_LOOP_ANALYSIS = YES;
				CLANG_WARN_STRICT_PROTOTYPES = YES;
				CLANG_WARN_SUSPICIOUS_MOVE = YES;
				CLANG_WARN_UNGUARDED_AVAILABILITY = YES_AGGRESSIVE;
				CLANG_WARN_UNREACHABLE_CODE = YES;
				CLANG_WARN__DUPLICATE_METHOD_MATCH = YES;
				CODE_SIGN_IDENTITY = "iPhone Developer";
				COPY_PHASE_STRIP = NO;
				DEBUG_INFORMATION_FORMAT = dwarf;
				ENABLE_STRICT_OBJC_MSGSEND = YES;
				ENABLE_TESTABILITY = YES;
				GCC_C_LANGUAGE_STANDARD = gnu11;
				GCC_DYNAMIC_NO_PIC = NO;
				GCC_NO_COMMON_BLOCKS = YES;
				GCC_OPTIMIZATION_LEVEL = 0;
				GCC_PREPROCESSOR_DEFINITIONS = (
					"DEBUG=1",
					"$(inherited)",
				);
				GCC_WARN_64_TO_32_BIT_CONVERSION = YES;
				GCC_WARN_ABOUT_RETURN_TYPE = YES_ERROR;
				GCC_WARN_UNDECLARED_SELECTOR = YES;
				GCC_WARN_UNINITIALIZED_AUTOS = YES_AGGRESSIVE;
				GCC_WARN_UNUSED_FUNCTION = YES;
				GCC_WARN_UNUSED_VARIABLE = YES;
				IPHONEOS_DEPLOYMENT_TARGET = 11.1;
				MTL_ENABLE_DEBUG_INFO = YES;
				NEW_SETTING = "";
				ONLY_ACTIVE_ARCH = YES;
				SDKROOT = iphoneos;
			};
			name = Debug;
		};
		56A8884B200CA53400847BE6 /* Release */ = {
			isa = XCBuildConfiguration;
			buildSettings = {
				ALWAYS_SEARCH_USER_PATHS = NO;
				CLANG_ANALYZER_NONNULL = YES;
				CLANG_ANALYZER_NUMBER_OBJECT_CONVERSION = YES_AGGRESSIVE;
				CLANG_CXX_LANGUAGE_STANDARD = "gnu++14";
				CLANG_CXX_LIBRARY = "libc++";
				CLANG_ENABLE_MODULES = YES;
				CLANG_ENABLE_OBJC_ARC = YES;
				CLANG_WARN_BLOCK_CAPTURE_AUTORELEASING = YES;
				CLANG_WARN_BOOL_CONVERSION = YES;
				CLANG_WARN_COMMA = YES;
				CLANG_WARN_CONSTANT_CONVERSION = YES;
				CLANG_WARN_DIRECT_OBJC_ISA_USAGE = YES_ERROR;
				CLANG_WARN_DOCUMENTATION_COMMENTS = YES;
				CLANG_WARN_EMPTY_BODY = YES;
				CLANG_WARN_ENUM_CONVERSION = YES;
				CLANG_WARN_INFINITE_RECURSION = YES;
				CLANG_WARN_INT_CONVERSION = YES;
				CLANG_WARN_NON_LITERAL_NULL_CONVERSION = YES;
				CLANG_WARN_OBJC_LITERAL_CONVERSION = YES;
				CLANG_WARN_OBJC_ROOT_CLASS = YES_ERROR;
				CLANG_WARN_RANGE_LOOP_ANALYSIS = YES;
				CLANG_WARN_STRICT_PROTOTYPES = YES;
				CLANG_WARN_SUSPICIOUS_MOVE = YES;
				CLANG_WARN_UNGUARDED_AVAILABILITY = YES_AGGRESSIVE;
				CLANG_WARN_UNREACHABLE_CODE = YES;
				CLANG_WARN__DUPLICATE_METHOD_MATCH = YES;
				CODE_SIGN_IDENTITY = "iPhone Developer";
				COPY_PHASE_STRIP = NO;
				DEBUG_INFORMATION_FORMAT = "dwarf-with-dsym";
				ENABLE_NS_ASSERTIONS = NO;
				ENABLE_STRICT_OBJC_MSGSEND = YES;
				GCC_C_LANGUAGE_STANDARD = gnu11;
				GCC_NO_COMMON_BLOCKS = YES;
				GCC_WARN_64_TO_32_BIT_CONVERSION = YES;
				GCC_WARN_ABOUT_RETURN_TYPE = YES_ERROR;
				GCC_WARN_UNDECLARED_SELECTOR = YES;
				GCC_WARN_UNINITIALIZED_AUTOS = YES_AGGRESSIVE;
				GCC_WARN_UNUSED_FUNCTION = YES;
				GCC_WARN_UNUSED_VARIABLE = YES;
				IPHONEOS_DEPLOYMENT_TARGET = 11.1;
				MTL_ENABLE_DEBUG_INFO = NO;
				NEW_SETTING = "";
				SDKROOT = iphoneos;
				VALIDATE_PRODUCT = YES;
			};
			name = Release;
		};
		56A8884D200CA53400847BE6 /* Debug */ = {
			isa = XCBuildConfiguration;
			baseConfigurationReference = 777149E8AF87BED5DA24DEBA /* Pods-Word.debug.xcconfig */;
			buildSettings = {
				ASSETCATALOG_COMPILER_APPICON_NAME = AppIcon;
				CODE_SIGN_STYLE = Automatic;
				DEVELOPMENT_TEAM = G6D8UC5DTE;
				GCC_PRECOMPILE_PREFIX_HEADER = YES;
				GCC_PREFIX_HEADER = "$(SRCROOT)/$(PRODUCT_NAME)/Supporting files/PrefixHeader.pch";
				INFOPLIST_FILE = "$(SRCROOT)/Word/Supporting files/Info.plist";
				IPHONEOS_DEPLOYMENT_TARGET = 8.0;
				LD_RUNPATH_SEARCH_PATHS = "$(inherited) @executable_path/Frameworks";
				PRODUCT_BUNDLE_IDENTIFIER = Charles.Word;
				PRODUCT_NAME = "$(TARGET_NAME)";
				TARGETED_DEVICE_FAMILY = "1,2";
			};
			name = Debug;
		};
		56A8884E200CA53400847BE6 /* Release */ = {
			isa = XCBuildConfiguration;
			baseConfigurationReference = 971D3B15969CB5BD9FCFA2C3 /* Pods-Word.release.xcconfig */;
			buildSettings = {
				ASSETCATALOG_COMPILER_APPICON_NAME = AppIcon;
				CODE_SIGN_STYLE = Automatic;
				DEVELOPMENT_TEAM = G6D8UC5DTE;
				GCC_PRECOMPILE_PREFIX_HEADER = YES;
				GCC_PREFIX_HEADER = "$(SRCROOT)/$(PRODUCT_NAME)/Supporting files/PrefixHeader.pch";
				INFOPLIST_FILE = "$(SRCROOT)/Word/Supporting files/Info.plist";
				IPHONEOS_DEPLOYMENT_TARGET = 8.0;
				LD_RUNPATH_SEARCH_PATHS = "$(inherited) @executable_path/Frameworks";
				PRODUCT_BUNDLE_IDENTIFIER = Charles.Word;
				PRODUCT_NAME = "$(TARGET_NAME)";
				TARGETED_DEVICE_FAMILY = "1,2";
			};
			name = Release;
		};
/* End XCBuildConfiguration section */

/* Begin XCConfigurationList section */
		56A88831200CA53400847BE6 /* Build configuration list for PBXProject "Word" */ = {
			isa = XCConfigurationList;
			buildConfigurations = (
				56A8884A200CA53400847BE6 /* Debug */,
				56A8884B200CA53400847BE6 /* Release */,
			);
			defaultConfigurationIsVisible = 0;
			defaultConfigurationName = Release;
		};
		56A8884C200CA53400847BE6 /* Build configuration list for PBXNativeTarget "Word" */ = {
			isa = XCConfigurationList;
			buildConfigurations = (
				56A8884D200CA53400847BE6 /* Debug */,
				56A8884E200CA53400847BE6 /* Release */,
			);
			defaultConfigurationIsVisible = 0;
			defaultConfigurationName = Release;
		};
/* End XCConfigurationList section */
	};
	rootObject = 56A8882E200CA53400847BE6 /* Project object */;
}
