// !$*UTF8*$!
{
	archiveVersion = 1;
	classes = {
	};
	objectVersion = 48;
	objects = {

/* Begin PBXBuildFile section */
		0235DB9A2022147200E52A3F /* LGFreeLibraryWordListController.m in Sources */ = {isa = PBXBuildFile; fileRef = 0235DB992022147200E52A3F /* LGFreeLibraryWordListController.m */; };
		0239C1AC20485C460031C3FA /* LGTodayReviewWordModel.m in Sources */ = {isa = PBXBuildFile; fileRef = 0239C1AB20485C460031C3FA /* LGTodayReviewWordModel.m */; };
		029F3C88204AEB7F0022FB4B /* LGSelectReviewTypeView.m in Sources */ = {isa = PBXBuildFile; fileRef = 029F3C87204AEB7F0022FB4B /* LGSelectReviewTypeView.m */; };
		029F3C8A204AEB8C0022FB4B /* LGSelectReviewTypeView.xib in Resources */ = {isa = PBXBuildFile; fileRef = 029F3C89204AEB8C0022FB4B /* LGSelectReviewTypeView.xib */; };
		02C1DFAD2062BA9200217244 /* LGUpdateUserInfoController.m in Sources */ = {isa = PBXBuildFile; fileRef = 02C1DFAC2062BA9200217244 /* LGUpdateUserInfoController.m */; };
		02F78A092029E54A0011096F /* LGReciteWordModel.m in Sources */ = {isa = PBXBuildFile; fileRef = 02F78A082029E54A0011096F /* LGReciteWordModel.m */; };
		3690868A07C9B63A30A721A0 /* Pods_Word.framework in Frameworks */ = {isa = PBXBuildFile; fileRef = 66ACA9D95F507310F264822E /* Pods_Word.framework */; };
		560699DF2057BC6D00574437 /* LGPKRankHeadView.m in Sources */ = {isa = PBXBuildFile; fileRef = 560699DE2057BC6D00574437 /* LGPKRankHeadView.m */; };
		560699E12057BC7B00574437 /* LGPKRankHeadView.xib in Resources */ = {isa = PBXBuildFile; fileRef = 560699E02057BC7B00574437 /* LGPKRankHeadView.xib */; };
		560699E42057D9B500574437 /* LGPKContainerController.m in Sources */ = {isa = PBXBuildFile; fileRef = 560699E32057D9B500574437 /* LGPKContainerController.m */; };
		5606F8612015E45C0030E43C /* NSString+LGString.m in Sources */ = {isa = PBXBuildFile; fileRef = 5606F8602015E45C0030E43C /* NSString+LGString.m */; };
		560F0FCB2022AA7000324510 /* LGFreeWordListCell.m in Sources */ = {isa = PBXBuildFile; fileRef = 560F0FCA2022AA7000324510 /* LGFreeWordListCell.m */; };
		560F0FD12022AFBA00324510 /* LGFreeWordModel.m in Sources */ = {isa = PBXBuildFile; fileRef = 560F0FD02022AFBA00324510 /* LGFreeWordModel.m */; };
		5612BFAB202154E30038D653 /* LGWordLibraryModel.m in Sources */ = {isa = PBXBuildFile; fileRef = 5612BFAA202154E30038D653 /* LGWordLibraryModel.m */; };
		5612BFAE202161E50038D653 /* UIScrollView+LGRefresh.m in Sources */ = {isa = PBXBuildFile; fileRef = 5612BFAD202161E50038D653 /* UIScrollView+LGRefresh.m */; };
		5612BFB22021AC3E0038D653 /* LGProgressView.m in Sources */ = {isa = PBXBuildFile; fileRef = 5612BFB12021AC3E0038D653 /* LGProgressView.m */; };
		56224FC7204547AF0093BC7A /* LGIndexReviewAlertCell.m in Sources */ = {isa = PBXBuildFile; fileRef = 56224FC6204547AF0093BC7A /* LGIndexReviewAlertCell.m */; };
		56224FC9204548360093BC7A /* LGIndexReviewAlertCell.xib in Resources */ = {isa = PBXBuildFile; fileRef = 56224FC8204548360093BC7A /* LGIndexReviewAlertCell.xib */; };
		56224FCC20454F020093BC7A /* LGIndexReviewModel.m in Sources */ = {isa = PBXBuildFile; fileRef = 56224FCB20454F020093BC7A /* LGIndexReviewModel.m */; };
		5627C9F2204D2EA90013F1CC /* LGTimeReviewController.m in Sources */ = {isa = PBXBuildFile; fileRef = 5627C9F1204D2EA90013F1CC /* LGTimeReviewController.m */; };
		5627C9F5204D2F790013F1CC /* LGReviewSelectTimeCell.m in Sources */ = {isa = PBXBuildFile; fileRef = 5627C9F4204D2F780013F1CC /* LGReviewSelectTimeCell.m */; };
		562FC13F202992DE005CEA83 /* LGRecitePlanController.m in Sources */ = {isa = PBXBuildFile; fileRef = 562FC13E202992DE005CEA83 /* LGRecitePlanController.m */; };
		56317B72201C1D6800AEC20B /* LGUserManager.m in Sources */ = {isa = PBXBuildFile; fileRef = 56317B71201C1D6800AEC20B /* LGUserManager.m */; };
		563259EE201AC609007FF4D6 /* LGTool.m in Sources */ = {isa = PBXBuildFile; fileRef = 563259ED201AC609007FF4D6 /* LGTool.m */; };
		5639AF9F202441B300AA2CA5 /* LGPlanModel.m in Sources */ = {isa = PBXBuildFile; fileRef = 5639AF9E202441B300AA2CA5 /* LGPlanModel.m */; };
		5639AFA22024535700AA2CA5 /* LGPlanTableViewCell.m in Sources */ = {isa = PBXBuildFile; fileRef = 5639AFA12024535700AA2CA5 /* LGPlanTableViewCell.m */; };
		563F7DA22022BE8A00944730 /* UITableView+LGRefresh.m in Sources */ = {isa = PBXBuildFile; fileRef = 563F7DA12022BE8A00944730 /* UITableView+LGRefresh.m */; };
		563F7DA5202306B500944730 /* LGPlayer.m in Sources */ = {isa = PBXBuildFile; fileRef = 563F7DA4202306B500944730 /* LGPlayer.m */; };
		563F7DAB2023177E00944730 /* NSObject+LGRequest.m in Sources */ = {isa = PBXBuildFile; fileRef = 563F7DAA2023177E00944730 /* NSObject+LGRequest.m */; };
		5647C2F0205F567C00DFDB77 /* NotificationService.m in Sources */ = {isa = PBXBuildFile; fileRef = 5647C2EF205F567C00DFDB77 /* NotificationService.m */; };
		5647C2F4205F567C00DFDB77 /* Notification.appex in Embed App Extensions */ = {isa = PBXBuildFile; fileRef = 5647C2EC205F567B00DFDB77 /* Notification.appex */; settings = {ATTRIBUTES = (RemoveHeadersOnCopy, ); }; };
		5647C2FB205F66E300DFDB77 /* LGPKMatchingController.m in Sources */ = {isa = PBXBuildFile; fileRef = 5647C2FA205F66E300DFDB77 /* LGPKMatchingController.m */; };
		564AE27B206237B90007AA48 /* LGMatchModel.m in Sources */ = {isa = PBXBuildFile; fileRef = 564AE27A206237B90007AA48 /* LGMatchModel.m */; };
		564EB7AC2047998500E47A1E /* NSDate+Utilities.m in Sources */ = {isa = PBXBuildFile; fileRef = 564EB7AB2047998500E47A1E /* NSDate+Utilities.m */; };
		56506D052016D842000FD8FA /* LGProgressHUD.m in Sources */ = {isa = PBXBuildFile; fileRef = 56506D042016D842000FD8FA /* LGProgressHUD.m */; };
		56585956203EB34300BB59ED /* LGDottedLineView.m in Sources */ = {isa = PBXBuildFile; fileRef = 56585955203EB34300BB59ED /* LGDottedLineView.m */; };
		5658D5A62040FF7600390FC4 /* LGIndexReviewAlertView.m in Sources */ = {isa = PBXBuildFile; fileRef = 5658D5A52040FF7600390FC4 /* LGIndexReviewAlertView.m */; };
		5658D5A82040FF8600390FC4 /* LGIndexReviewAlertView.xib in Resources */ = {isa = PBXBuildFile; fileRef = 5658D5A72040FF8600390FC4 /* LGIndexReviewAlertView.xib */; };
		565A30F32013163400448B1C /* LGUserModel.m in Sources */ = {isa = PBXBuildFile; fileRef = 565A30F22013163400448B1C /* LGUserModel.m */; };
		565A30F7201331E000448B1C /* UIColor+LGColor.m in Sources */ = {isa = PBXBuildFile; fileRef = 565A30F6201331E000448B1C /* UIColor+LGColor.m */; };
		565A30FA2013411200448B1C /* LGRegisterController.m in Sources */ = {isa = PBXBuildFile; fileRef = 565A30F92013411200448B1C /* LGRegisterController.m */; };
		566B9860202003E800D368AC /* LGNoStudyTypeController.m in Sources */ = {isa = PBXBuildFile; fileRef = 566B985F202003E800D368AC /* LGNoStudyTypeController.m */; };
		566FF2D120577B86004574EA /* LGPKIndexViewController.m in Sources */ = {isa = PBXBuildFile; fileRef = 566FF2D020577B86004574EA /* LGPKIndexViewController.m */; };
		566FF2D520577D95004574EA /* LGPKRankingCell.m in Sources */ = {isa = PBXBuildFile; fileRef = 566FF2D420577D95004574EA /* LGPKRankingCell.m */; };
		566FF2D92057A686004574EA /* LGPKRankModel.m in Sources */ = {isa = PBXBuildFile; fileRef = 566FF2D82057A686004574EA /* LGPKRankModel.m */; };
		5678C38B20527C56009CD723 /* LGDictationPromptController.m in Sources */ = {isa = PBXBuildFile; fileRef = 5678C38A20527C56009CD723 /* LGDictationPromptController.m */; };
		567A3AD4203FB72F00A41692 /* LGWordErrorViewController.m in Sources */ = {isa = PBXBuildFile; fileRef = 567A3AD3203FB72F00A41692 /* LGWordErrorViewController.m */; };
		567A3AD7203FEB4100A41692 /* LGWordErrorCell.m in Sources */ = {isa = PBXBuildFile; fileRef = 567A3AD6203FEB4100A41692 /* LGWordErrorCell.m */; };
		567C00FB2010A0360083F3D5 /* LGBaseRequest.m in Sources */ = {isa = PBXBuildFile; fileRef = 567C00FA2010A0360083F3D5 /* LGBaseRequest.m */; };
		56801493202AE1FB0082D72F /* LGWordDetailController.m in Sources */ = {isa = PBXBuildFile; fileRef = 56801492202AE1FB0082D72F /* LGWordDetailController.m */; };
		56973641204FF50B00169C8A /* LGDictationUserAnswerCollectionCell.m in Sources */ = {isa = PBXBuildFile; fileRef = 56973640204FF50B00169C8A /* LGDictationUserAnswerCollectionCell.m */; };
		56973644204FF54800169C8A /* LGDictationAnswerItemCollectionCell.m in Sources */ = {isa = PBXBuildFile; fileRef = 56973643204FF54800169C8A /* LGDictationAnswerItemCollectionCell.m */; };
		56994E9A20492BC3005648F6 /* LGReviewController.m in Sources */ = {isa = PBXBuildFile; fileRef = 56994E9920492BC3005648F6 /* LGReviewController.m */; };
		56994E9D2049385E005648F6 /* LGReviewWrongListController.m in Sources */ = {isa = PBXBuildFile; fileRef = 56994E9C2049385E005648F6 /* LGReviewWrongListController.m */; };
		56994EA0204938D6005648F6 /* LGReviewWrongCollectionCell.m in Sources */ = {isa = PBXBuildFile; fileRef = 56994E9F204938D6005648F6 /* LGReviewWrongCollectionCell.m */; };
		56994EA420493A1F005648F6 /* LGReviewWrongCollectionReusableView.m in Sources */ = {isa = PBXBuildFile; fileRef = 56994EA220493A1F005648F6 /* LGReviewWrongCollectionReusableView.m */; };
		56994EA520493A1F005648F6 /* LGReviewWrongCollectionReusableView.xib in Resources */ = {isa = PBXBuildFile; fileRef = 56994EA320493A1F005648F6 /* LGReviewWrongCollectionReusableView.xib */; };
		56994EA8204950A3005648F6 /* LGReviewWrongWordModel.m in Sources */ = {isa = PBXBuildFile; fileRef = 56994EA7204950A3005648F6 /* LGReviewWrongWordModel.m */; };
		56A8883B200CA53400847BE6 /* AppDelegate.m in Sources */ = {isa = PBXBuildFile; fileRef = 56A8883A200CA53400847BE6 /* AppDelegate.m */; };
		56A88841200CA53400847BE6 /* Main.storyboard in Resources */ = {isa = PBXBuildFile; fileRef = 56A8883F200CA53400847BE6 /* Main.storyboard */; };
		56A88843200CA53400847BE6 /* Assets.xcassets in Resources */ = {isa = PBXBuildFile; fileRef = 56A88842200CA53400847BE6 /* Assets.xcassets */; };
		56A88846200CA53400847BE6 /* LaunchScreen.storyboard in Resources */ = {isa = PBXBuildFile; fileRef = 56A88844200CA53400847BE6 /* LaunchScreen.storyboard */; };
		56A88849200CA53400847BE6 /* main.m in Sources */ = {isa = PBXBuildFile; fileRef = 56A88848200CA53400847BE6 /* main.m */; };
		56AF60C52011CD2B0067BD7B /* LGRequest.m in Sources */ = {isa = PBXBuildFile; fileRef = 56AF60C42011CD2B0067BD7B /* LGRequest.m */; };
		56AF60C72011CDB90067BD7B /* Login.storyboard in Resources */ = {isa = PBXBuildFile; fileRef = 56AF60C62011CDB90067BD7B /* Login.storyboard */; };
		56AF60CA2011DBBE0067BD7B /* CALayer+LGLayer.m in Sources */ = {isa = PBXBuildFile; fileRef = 56AF60C92011DBBE0067BD7B /* CALayer+LGLayer.m */; };
		56AF60D22011E5FE0067BD7B /* LGLoginController.m in Sources */ = {isa = PBXBuildFile; fileRef = 56AF60D12011E5FE0067BD7B /* LGLoginController.m */; };
		56AF60D52011EA050067BD7B /* UIViewController+LGViewController.m in Sources */ = {isa = PBXBuildFile; fileRef = 56AF60D42011EA050067BD7B /* UIViewController+LGViewController.m */; };
		56B7AADB202BE37800BDECED /* LGWordDetailModel.m in Sources */ = {isa = PBXBuildFile; fileRef = 56B7AADA202BE37800BDECED /* LGWordDetailModel.m */; };
		56B7AADF202BFAEB00BDECED /* LGWordDetailCell.m in Sources */ = {isa = PBXBuildFile; fileRef = 56B7AADE202BFAEB00BDECED /* LGWordDetailCell.m */; };
		56B7AAEA202C59EC00BDECED /* LGWordDetailHeaderFooterView.m in Sources */ = {isa = PBXBuildFile; fileRef = 56B7AAE9202C59EC00BDECED /* LGWordDetailHeaderFooterView.m */; };
		56B7AAEC202C5A2400BDECED /* LGWordDetailHeaderFooterView.xib in Resources */ = {isa = PBXBuildFile; fileRef = 56B7AAEB202C5A2400BDECED /* LGWordDetailHeaderFooterView.xib */; };
		56BBBFB820561C740057BDF2 /* LGPersonalCenterController.m in Sources */ = {isa = PBXBuildFile; fileRef = 56BBBFB720561C740057BDF2 /* LGPersonalCenterController.m */; };
		56BBBFBB20561DA40057BDF2 /* LGPersonalInfoController.m in Sources */ = {isa = PBXBuildFile; fileRef = 56BBBFBA20561DA40057BDF2 /* LGPersonalInfoController.m */; };
		56BBBFBF205622060057BDF2 /* LGPersonalCell.m in Sources */ = {isa = PBXBuildFile; fileRef = 56BBBFBE205622060057BDF2 /* LGPersonalCell.m */; };
		56BBBFC320564B930057BDF2 /* LGSettingModel.m in Sources */ = {isa = PBXBuildFile; fileRef = 56BBBFC220564B930057BDF2 /* LGSettingModel.m */; };
		56BBBFC7205664B60057BDF2 /* LGSettingHeaderView.m in Sources */ = {isa = PBXBuildFile; fileRef = 56BBBFC6205664B60057BDF2 /* LGSettingHeaderView.m */; };
		56BBBFC9205664C10057BDF2 /* LGSettingHeaderView.xib in Resources */ = {isa = PBXBuildFile; fileRef = 56BBBFC8205664C10057BDF2 /* LGSettingHeaderView.xib */; };
		56C64699204E43AB00E895B3 /* LGTimeReivewCountAlertView.m in Sources */ = {isa = PBXBuildFile; fileRef = 56C64698204E43AB00E895B3 /* LGTimeReivewCountAlertView.m */; };
		56C6469B204E43BC00E895B3 /* LGTimeReivewCountAlertView.xib in Resources */ = {isa = PBXBuildFile; fileRef = 56C6469A204E43BC00E895B3 /* LGTimeReivewCountAlertView.xib */; };
		56C646A3204E64B000E895B3 /* WordTests.m in Sources */ = {isa = PBXBuildFile; fileRef = 56C646A2204E64B000E895B3 /* WordTests.m */; };
		56C646AC204E67CD00E895B3 /* LGDictationController.m in Sources */ = {isa = PBXBuildFile; fileRef = 56C646AB204E67CD00E895B3 /* LGDictationController.m */; };
		56C646AF204E7A2F00E895B3 /* LGDictationReviewModel.m in Sources */ = {isa = PBXBuildFile; fileRef = 56C646AE204E7A2F00E895B3 /* LGDictationReviewModel.m */; };
		56C646B2204E85B200E895B3 /* LGDictationPractiseController.m in Sources */ = {isa = PBXBuildFile; fileRef = 56C646B1204E85B200E895B3 /* LGDictationPractiseController.m */; };
		56C989842020176A0095A4BD /* LGWordPlanController.m in Sources */ = {isa = PBXBuildFile; fileRef = 56C989832020176A0095A4BD /* LGWordPlanController.m */; };
		56C9898820201CCF0095A4BD /* LGWordPlanCollectionCell.m in Sources */ = {isa = PBXBuildFile; fileRef = 56C9898720201CCF0095A4BD /* LGWordPlanCollectionCell.m */; };
		56C9898E2020461D0095A4BD /* LGWordLibraryController.m in Sources */ = {isa = PBXBuildFile; fileRef = 56C9898D2020461D0095A4BD /* LGWordLibraryController.m */; };
		56C9899120204F7C0095A4BD /* LGWordLibraryTypeCell.m in Sources */ = {isa = PBXBuildFile; fileRef = 56C9899020204F7C0095A4BD /* LGWordLibraryTypeCell.m */; };
		56C98994202050F60095A4BD /* LGWordTypeCell.m in Sources */ = {isa = PBXBuildFile; fileRef = 56C98993202050F60095A4BD /* LGWordTypeCell.m */; };
		56C9899720207C0C0095A4BD /* LGNavigationItem.m in Sources */ = {isa = PBXBuildFile; fileRef = 56C9899620207C0C0095A4BD /* LGNavigationItem.m */; };
		56CCA5E5201B083B0097DCAC /* LGReciteWordsController.m in Sources */ = {isa = PBXBuildFile; fileRef = 56CCA5E4201B083B0097DCAC /* LGReciteWordsController.m */; };
		56CCA5E8201B16050097DCAC /* LGNavigationController.m in Sources */ = {isa = PBXBuildFile; fileRef = 56CCA5E7201B16050097DCAC /* LGNavigationController.m */; };
		56CCA5ED201B29A60097DCAC /* LGStudyTypeController.m in Sources */ = {isa = PBXBuildFile; fileRef = 56CCA5EC201B29A60097DCAC /* LGStudyTypeController.m */; };
		56E2538F204D00B7006D9B56 /* LGFinishWordTaskView.m in Sources */ = {isa = PBXBuildFile; fileRef = 56E2538E204D00B7006D9B56 /* LGFinishWordTaskView.m */; };
		56E25391204D00C6006D9B56 /* LGFinishWordTaskView.xib in Resources */ = {isa = PBXBuildFile; fileRef = 56E25390204D00C6006D9B56 /* LGFinishWordTaskView.xib */; };
		56EAD86220197F2D0059604E /* LGFindPasswordController.m in Sources */ = {isa = PBXBuildFile; fileRef = 56EAD86120197F2D0059604E /* LGFindPasswordController.m */; };
		56EAD8642019C09A0059604E /* ReciteWords.storyboard in Resources */ = {isa = PBXBuildFile; fileRef = 56EAD8632019C09A0059604E /* ReciteWords.storyboard */; };
		56EAD8662019C0EB0059604E /* WordReport.storyboard in Resources */ = {isa = PBXBuildFile; fileRef = 56EAD8652019C0EB0059604E /* WordReport.storyboard */; };
		56EAD8682019C0FC0059604E /* PK.storyboard in Resources */ = {isa = PBXBuildFile; fileRef = 56EAD8672019C0FC0059604E /* PK.storyboard */; };
		56EAD86A2019C1300059604E /* Periphery.storyboard in Resources */ = {isa = PBXBuildFile; fileRef = 56EAD8692019C1300059604E /* Periphery.storyboard */; };
		56EAD8722019C98B0059604E /* LGTabBarViewController.m in Sources */ = {isa = PBXBuildFile; fileRef = 56EAD8712019C98B0059604E /* LGTabBarViewController.m */; };
		56FD20D62028256F003A6154 /* LGDeletePlanAlertView.m in Sources */ = {isa = PBXBuildFile; fileRef = 56FD20D52028256F003A6154 /* LGDeletePlanAlertView.m */; };
		56FD20D82028257D003A6154 /* LGDeletePlanAlertView.xib in Resources */ = {isa = PBXBuildFile; fileRef = 56FD20D72028257D003A6154 /* LGDeletePlanAlertView.xib */; };
/* End PBXBuildFile section */

/* Begin PBXContainerItemProxy section */
		5647C2F2205F567C00DFDB77 /* PBXContainerItemProxy */ = {
			isa = PBXContainerItemProxy;
			containerPortal = 56A8882E200CA53400847BE6 /* Project object */;
			proxyType = 1;
			remoteGlobalIDString = 5647C2EB205F567B00DFDB77;
			remoteInfo = Notification;
		};
		56C646A5204E64B100E895B3 /* PBXContainerItemProxy */ = {
			isa = PBXContainerItemProxy;
			containerPortal = 56A8882E200CA53400847BE6 /* Project object */;
			proxyType = 1;
			remoteGlobalIDString = 56A88835200CA53400847BE6;
			remoteInfo = Word;
		};
/* End PBXContainerItemProxy section */

/* Begin PBXCopyFilesBuildPhase section */
		5647C2F8205F567C00DFDB77 /* Embed App Extensions */ = {
			isa = PBXCopyFilesBuildPhase;
			buildActionMask = 2147483647;
			dstPath = "";
			dstSubfolderSpec = 13;
			files = (
				5647C2F4205F567C00DFDB77 /* Notification.appex in Embed App Extensions */,
			);
			name = "Embed App Extensions";
			runOnlyForDeploymentPostprocessing = 0;
		};
/* End PBXCopyFilesBuildPhase section */

/* Begin PBXFileReference section */
		0235DB982022147200E52A3F /* LGFreeLibraryWordListController.h */ = {isa = PBXFileReference; lastKnownFileType = sourcecode.c.h; path = LGFreeLibraryWordListController.h; sourceTree = "<group>"; };
		0235DB992022147200E52A3F /* LGFreeLibraryWordListController.m */ = {isa = PBXFileReference; lastKnownFileType = sourcecode.c.objc; path = LGFreeLibraryWordListController.m; sourceTree = "<group>"; };
		0239C1AA20485C460031C3FA /* LGTodayReviewWordModel.h */ = {isa = PBXFileReference; lastKnownFileType = sourcecode.c.h; path = LGTodayReviewWordModel.h; sourceTree = "<group>"; };
		0239C1AB20485C460031C3FA /* LGTodayReviewWordModel.m */ = {isa = PBXFileReference; lastKnownFileType = sourcecode.c.objc; path = LGTodayReviewWordModel.m; sourceTree = "<group>"; };
		029F3C86204AEB7F0022FB4B /* LGSelectReviewTypeView.h */ = {isa = PBXFileReference; lastKnownFileType = sourcecode.c.h; path = LGSelectReviewTypeView.h; sourceTree = "<group>"; };
		029F3C87204AEB7F0022FB4B /* LGSelectReviewTypeView.m */ = {isa = PBXFileReference; lastKnownFileType = sourcecode.c.objc; path = LGSelectReviewTypeView.m; sourceTree = "<group>"; };
		029F3C89204AEB8C0022FB4B /* LGSelectReviewTypeView.xib */ = {isa = PBXFileReference; lastKnownFileType = file.xib; path = LGSelectReviewTypeView.xib; sourceTree = "<group>"; };
		02C1DFAB2062BA9200217244 /* LGUpdateUserInfoController.h */ = {isa = PBXFileReference; lastKnownFileType = sourcecode.c.h; path = LGUpdateUserInfoController.h; sourceTree = "<group>"; };
		02C1DFAC2062BA9200217244 /* LGUpdateUserInfoController.m */ = {isa = PBXFileReference; lastKnownFileType = sourcecode.c.objc; path = LGUpdateUserInfoController.m; sourceTree = "<group>"; };
		02F78A072029E54A0011096F /* LGReciteWordModel.h */ = {isa = PBXFileReference; lastKnownFileType = sourcecode.c.h; name = LGReciteWordModel.h; path = Word/Main/ReciteWords/WordPlan/View/LGReciteWordModel.h; sourceTree = SOURCE_ROOT; };
		02F78A082029E54A0011096F /* LGReciteWordModel.m */ = {isa = PBXFileReference; lastKnownFileType = sourcecode.c.objc; name = LGReciteWordModel.m; path = Word/Main/ReciteWords/WordPlan/View/LGReciteWordModel.m; sourceTree = SOURCE_ROOT; };
		560699DD2057BC6D00574437 /* LGPKRankHeadView.h */ = {isa = PBXFileReference; lastKnownFileType = sourcecode.c.h; path = LGPKRankHeadView.h; sourceTree = "<group>"; };
		560699DE2057BC6D00574437 /* LGPKRankHeadView.m */ = {isa = PBXFileReference; lastKnownFileType = sourcecode.c.objc; path = LGPKRankHeadView.m; sourceTree = "<group>"; };
		560699E02057BC7B00574437 /* LGPKRankHeadView.xib */ = {isa = PBXFileReference; lastKnownFileType = file.xib; path = LGPKRankHeadView.xib; sourceTree = "<group>"; };
		560699E22057D9B500574437 /* LGPKContainerController.h */ = {isa = PBXFileReference; lastKnownFileType = sourcecode.c.h; path = LGPKContainerController.h; sourceTree = "<group>"; };
		560699E32057D9B500574437 /* LGPKContainerController.m */ = {isa = PBXFileReference; lastKnownFileType = sourcecode.c.objc; path = LGPKContainerController.m; sourceTree = "<group>"; };
		5606F85F2015E45C0030E43C /* NSString+LGString.h */ = {isa = PBXFileReference; lastKnownFileType = sourcecode.c.h; path = "NSString+LGString.h"; sourceTree = "<group>"; };
		5606F8602015E45C0030E43C /* NSString+LGString.m */ = {isa = PBXFileReference; lastKnownFileType = sourcecode.c.objc; path = "NSString+LGString.m"; sourceTree = "<group>"; };
		560F0FC92022AA7000324510 /* LGFreeWordListCell.h */ = {isa = PBXFileReference; lastKnownFileType = sourcecode.c.h; path = LGFreeWordListCell.h; sourceTree = "<group>"; };
		560F0FCA2022AA7000324510 /* LGFreeWordListCell.m */ = {isa = PBXFileReference; lastKnownFileType = sourcecode.c.objc; path = LGFreeWordListCell.m; sourceTree = "<group>"; };
		560F0FCF2022AFBA00324510 /* LGFreeWordModel.h */ = {isa = PBXFileReference; lastKnownFileType = sourcecode.c.h; path = LGFreeWordModel.h; sourceTree = "<group>"; };
		560F0FD02022AFBA00324510 /* LGFreeWordModel.m */ = {isa = PBXFileReference; lastKnownFileType = sourcecode.c.objc; path = LGFreeWordModel.m; sourceTree = "<group>"; };
		5612BFA9202154E30038D653 /* LGWordLibraryModel.h */ = {isa = PBXFileReference; lastKnownFileType = sourcecode.c.h; path = LGWordLibraryModel.h; sourceTree = "<group>"; };
		5612BFAA202154E30038D653 /* LGWordLibraryModel.m */ = {isa = PBXFileReference; lastKnownFileType = sourcecode.c.objc; path = LGWordLibraryModel.m; sourceTree = "<group>"; };
		5612BFAC202161E50038D653 /* UIScrollView+LGRefresh.h */ = {isa = PBXFileReference; lastKnownFileType = sourcecode.c.h; path = "UIScrollView+LGRefresh.h"; sourceTree = "<group>"; };
		5612BFAD202161E50038D653 /* UIScrollView+LGRefresh.m */ = {isa = PBXFileReference; lastKnownFileType = sourcecode.c.objc; path = "UIScrollView+LGRefresh.m"; sourceTree = "<group>"; };
		5612BFB02021AC3E0038D653 /* LGProgressView.h */ = {isa = PBXFileReference; lastKnownFileType = sourcecode.c.h; path = LGProgressView.h; sourceTree = "<group>"; };
		5612BFB12021AC3E0038D653 /* LGProgressView.m */ = {isa = PBXFileReference; lastKnownFileType = sourcecode.c.objc; path = LGProgressView.m; sourceTree = "<group>"; };
		56224FC5204547AF0093BC7A /* LGIndexReviewAlertCell.h */ = {isa = PBXFileReference; lastKnownFileType = sourcecode.c.h; path = LGIndexReviewAlertCell.h; sourceTree = "<group>"; };
		56224FC6204547AF0093BC7A /* LGIndexReviewAlertCell.m */ = {isa = PBXFileReference; lastKnownFileType = sourcecode.c.objc; path = LGIndexReviewAlertCell.m; sourceTree = "<group>"; };
		56224FC8204548360093BC7A /* LGIndexReviewAlertCell.xib */ = {isa = PBXFileReference; lastKnownFileType = file.xib; path = LGIndexReviewAlertCell.xib; sourceTree = "<group>"; };
		56224FCA20454F020093BC7A /* LGIndexReviewModel.h */ = {isa = PBXFileReference; lastKnownFileType = sourcecode.c.h; path = LGIndexReviewModel.h; sourceTree = "<group>"; };
		56224FCB20454F020093BC7A /* LGIndexReviewModel.m */ = {isa = PBXFileReference; lastKnownFileType = sourcecode.c.objc; path = LGIndexReviewModel.m; sourceTree = "<group>"; };
		5627C9F0204D2EA90013F1CC /* LGTimeReviewController.h */ = {isa = PBXFileReference; lastKnownFileType = sourcecode.c.h; path = LGTimeReviewController.h; sourceTree = "<group>"; };
		5627C9F1204D2EA90013F1CC /* LGTimeReviewController.m */ = {isa = PBXFileReference; lastKnownFileType = sourcecode.c.objc; path = LGTimeReviewController.m; sourceTree = "<group>"; };
		5627C9F3204D2F780013F1CC /* LGReviewSelectTimeCell.h */ = {isa = PBXFileReference; lastKnownFileType = sourcecode.c.h; path = LGReviewSelectTimeCell.h; sourceTree = "<group>"; };
		5627C9F4204D2F780013F1CC /* LGReviewSelectTimeCell.m */ = {isa = PBXFileReference; lastKnownFileType = sourcecode.c.objc; path = LGReviewSelectTimeCell.m; sourceTree = "<group>"; };
		562FC13D202992DE005CEA83 /* LGRecitePlanController.h */ = {isa = PBXFileReference; lastKnownFileType = sourcecode.c.h; path = LGRecitePlanController.h; sourceTree = "<group>"; };
		562FC13E202992DE005CEA83 /* LGRecitePlanController.m */ = {isa = PBXFileReference; lastKnownFileType = sourcecode.c.objc; path = LGRecitePlanController.m; sourceTree = "<group>"; };
		56317B70201C1D6800AEC20B /* LGUserManager.h */ = {isa = PBXFileReference; lastKnownFileType = sourcecode.c.h; path = LGUserManager.h; sourceTree = "<group>"; };
		56317B71201C1D6800AEC20B /* LGUserManager.m */ = {isa = PBXFileReference; lastKnownFileType = sourcecode.c.objc; path = LGUserManager.m; sourceTree = "<group>"; };
		563259EC201AC609007FF4D6 /* LGTool.h */ = {isa = PBXFileReference; lastKnownFileType = sourcecode.c.h; path = LGTool.h; sourceTree = "<group>"; };
		563259ED201AC609007FF4D6 /* LGTool.m */ = {isa = PBXFileReference; lastKnownFileType = sourcecode.c.objc; path = LGTool.m; sourceTree = "<group>"; };
		5639AF9D202441B300AA2CA5 /* LGPlanModel.h */ = {isa = PBXFileReference; lastKnownFileType = sourcecode.c.h; path = LGPlanModel.h; sourceTree = "<group>"; };
		5639AF9E202441B300AA2CA5 /* LGPlanModel.m */ = {isa = PBXFileReference; lastKnownFileType = sourcecode.c.objc; path = LGPlanModel.m; sourceTree = "<group>"; };
		5639AFA02024535700AA2CA5 /* LGPlanTableViewCell.h */ = {isa = PBXFileReference; lastKnownFileType = sourcecode.c.h; path = LGPlanTableViewCell.h; sourceTree = "<group>"; };
		5639AFA12024535700AA2CA5 /* LGPlanTableViewCell.m */ = {isa = PBXFileReference; lastKnownFileType = sourcecode.c.objc; path = LGPlanTableViewCell.m; sourceTree = "<group>"; };
		563F7DA02022BE8A00944730 /* UITableView+LGRefresh.h */ = {isa = PBXFileReference; lastKnownFileType = sourcecode.c.h; path = "UITableView+LGRefresh.h"; sourceTree = "<group>"; };
		563F7DA12022BE8A00944730 /* UITableView+LGRefresh.m */ = {isa = PBXFileReference; lastKnownFileType = sourcecode.c.objc; path = "UITableView+LGRefresh.m"; sourceTree = "<group>"; };
		563F7DA3202306B500944730 /* LGPlayer.h */ = {isa = PBXFileReference; lastKnownFileType = sourcecode.c.h; path = LGPlayer.h; sourceTree = "<group>"; };
		563F7DA4202306B500944730 /* LGPlayer.m */ = {isa = PBXFileReference; lastKnownFileType = sourcecode.c.objc; path = LGPlayer.m; sourceTree = "<group>"; };
		563F7DA92023177E00944730 /* NSObject+LGRequest.h */ = {isa = PBXFileReference; lastKnownFileType = sourcecode.c.h; path = "NSObject+LGRequest.h"; sourceTree = "<group>"; };
		563F7DAA2023177E00944730 /* NSObject+LGRequest.m */ = {isa = PBXFileReference; lastKnownFileType = sourcecode.c.objc; path = "NSObject+LGRequest.m"; sourceTree = "<group>"; };
		5647C2E7205F4FCE00DFDB77 /* Word.entitlements */ = {isa = PBXFileReference; lastKnownFileType = text.plist.entitlements; path = Word.entitlements; sourceTree = "<group>"; };
		5647C2EC205F567B00DFDB77 /* Notification.appex */ = {isa = PBXFileReference; explicitFileType = "wrapper.app-extension"; includeInIndex = 0; path = Notification.appex; sourceTree = BUILT_PRODUCTS_DIR; };
		5647C2EE205F567C00DFDB77 /* NotificationService.h */ = {isa = PBXFileReference; lastKnownFileType = sourcecode.c.h; path = NotificationService.h; sourceTree = "<group>"; };
		5647C2EF205F567C00DFDB77 /* NotificationService.m */ = {isa = PBXFileReference; lastKnownFileType = sourcecode.c.objc; path = NotificationService.m; sourceTree = "<group>"; };
		5647C2F1205F567C00DFDB77 /* Info.plist */ = {isa = PBXFileReference; lastKnownFileType = text.plist.xml; path = Info.plist; sourceTree = "<group>"; };
		5647C2F9205F66E300DFDB77 /* LGPKMatchingController.h */ = {isa = PBXFileReference; lastKnownFileType = sourcecode.c.h; path = LGPKMatchingController.h; sourceTree = "<group>"; };
		5647C2FA205F66E300DFDB77 /* LGPKMatchingController.m */ = {isa = PBXFileReference; lastKnownFileType = sourcecode.c.objc; path = LGPKMatchingController.m; sourceTree = "<group>"; };
		564AE279206237B90007AA48 /* LGMatchModel.h */ = {isa = PBXFileReference; lastKnownFileType = sourcecode.c.h; path = LGMatchModel.h; sourceTree = "<group>"; };
		564AE27A206237B90007AA48 /* LGMatchModel.m */ = {isa = PBXFileReference; lastKnownFileType = sourcecode.c.objc; path = LGMatchModel.m; sourceTree = "<group>"; };
		564EB7AA2047998400E47A1E /* NSDate+Utilities.h */ = {isa = PBXFileReference; fileEncoding = 4; lastKnownFileType = sourcecode.c.h; path = "NSDate+Utilities.h"; sourceTree = "<group>"; };
		564EB7AB2047998500E47A1E /* NSDate+Utilities.m */ = {isa = PBXFileReference; fileEncoding = 4; lastKnownFileType = sourcecode.c.objc; path = "NSDate+Utilities.m"; sourceTree = "<group>"; };
		56506D032016D842000FD8FA /* LGProgressHUD.h */ = {isa = PBXFileReference; lastKnownFileType = sourcecode.c.h; path = LGProgressHUD.h; sourceTree = "<group>"; };
		56506D042016D842000FD8FA /* LGProgressHUD.m */ = {isa = PBXFileReference; lastKnownFileType = sourcecode.c.objc; path = LGProgressHUD.m; sourceTree = "<group>"; };
		56585954203EB34300BB59ED /* LGDottedLineView.h */ = {isa = PBXFileReference; lastKnownFileType = sourcecode.c.h; path = LGDottedLineView.h; sourceTree = "<group>"; };
		56585955203EB34300BB59ED /* LGDottedLineView.m */ = {isa = PBXFileReference; lastKnownFileType = sourcecode.c.objc; path = LGDottedLineView.m; sourceTree = "<group>"; };
		5658D5A42040FF7600390FC4 /* LGIndexReviewAlertView.h */ = {isa = PBXFileReference; lastKnownFileType = sourcecode.c.h; path = LGIndexReviewAlertView.h; sourceTree = "<group>"; };
		5658D5A52040FF7600390FC4 /* LGIndexReviewAlertView.m */ = {isa = PBXFileReference; lastKnownFileType = sourcecode.c.objc; path = LGIndexReviewAlertView.m; sourceTree = "<group>"; };
		5658D5A72040FF8600390FC4 /* LGIndexReviewAlertView.xib */ = {isa = PBXFileReference; lastKnownFileType = file.xib; path = LGIndexReviewAlertView.xib; sourceTree = "<group>"; };
		565A30F02012D57700448B1C /* API.h */ = {isa = PBXFileReference; lastKnownFileType = sourcecode.c.h; path = API.h; sourceTree = "<group>"; };
		565A30F12013163400448B1C /* LGUserModel.h */ = {isa = PBXFileReference; lastKnownFileType = sourcecode.c.h; path = LGUserModel.h; sourceTree = "<group>"; };
		565A30F22013163400448B1C /* LGUserModel.m */ = {isa = PBXFileReference; lastKnownFileType = sourcecode.c.objc; path = LGUserModel.m; sourceTree = "<group>"; };
		565A30F5201331E000448B1C /* UIColor+LGColor.h */ = {isa = PBXFileReference; lastKnownFileType = sourcecode.c.h; path = "UIColor+LGColor.h"; sourceTree = "<group>"; };
		565A30F6201331E000448B1C /* UIColor+LGColor.m */ = {isa = PBXFileReference; lastKnownFileType = sourcecode.c.objc; path = "UIColor+LGColor.m"; sourceTree = "<group>"; };
		565A30F82013411200448B1C /* LGRegisterController.h */ = {isa = PBXFileReference; lastKnownFileType = sourcecode.c.h; path = LGRegisterController.h; sourceTree = "<group>"; };
		565A30F92013411200448B1C /* LGRegisterController.m */ = {isa = PBXFileReference; lastKnownFileType = sourcecode.c.objc; path = LGRegisterController.m; sourceTree = "<group>"; };
		566B985E202003E800D368AC /* LGNoStudyTypeController.h */ = {isa = PBXFileReference; lastKnownFileType = sourcecode.c.h; path = LGNoStudyTypeController.h; sourceTree = "<group>"; };
		566B985F202003E800D368AC /* LGNoStudyTypeController.m */ = {isa = PBXFileReference; lastKnownFileType = sourcecode.c.objc; path = LGNoStudyTypeController.m; sourceTree = "<group>"; };
		566FF2CF20577B86004574EA /* LGPKIndexViewController.h */ = {isa = PBXFileReference; lastKnownFileType = sourcecode.c.h; path = LGPKIndexViewController.h; sourceTree = "<group>"; };
		566FF2D020577B86004574EA /* LGPKIndexViewController.m */ = {isa = PBXFileReference; lastKnownFileType = sourcecode.c.objc; path = LGPKIndexViewController.m; sourceTree = "<group>"; };
		566FF2D320577D95004574EA /* LGPKRankingCell.h */ = {isa = PBXFileReference; lastKnownFileType = sourcecode.c.h; path = LGPKRankingCell.h; sourceTree = "<group>"; };
		566FF2D420577D95004574EA /* LGPKRankingCell.m */ = {isa = PBXFileReference; lastKnownFileType = sourcecode.c.objc; path = LGPKRankingCell.m; sourceTree = "<group>"; };
		566FF2D72057A686004574EA /* LGPKRankModel.h */ = {isa = PBXFileReference; lastKnownFileType = sourcecode.c.h; path = LGPKRankModel.h; sourceTree = "<group>"; };
		566FF2D82057A686004574EA /* LGPKRankModel.m */ = {isa = PBXFileReference; lastKnownFileType = sourcecode.c.objc; path = LGPKRankModel.m; sourceTree = "<group>"; };
		5678C38920527C56009CD723 /* LGDictationPromptController.h */ = {isa = PBXFileReference; lastKnownFileType = sourcecode.c.h; path = LGDictationPromptController.h; sourceTree = "<group>"; };
		5678C38A20527C56009CD723 /* LGDictationPromptController.m */ = {isa = PBXFileReference; lastKnownFileType = sourcecode.c.objc; path = LGDictationPromptController.m; sourceTree = "<group>"; };
		567A3AD2203FB72F00A41692 /* LGWordErrorViewController.h */ = {isa = PBXFileReference; lastKnownFileType = sourcecode.c.h; path = LGWordErrorViewController.h; sourceTree = "<group>"; };
		567A3AD3203FB72F00A41692 /* LGWordErrorViewController.m */ = {isa = PBXFileReference; lastKnownFileType = sourcecode.c.objc; path = LGWordErrorViewController.m; sourceTree = "<group>"; };
		567A3AD5203FEB4100A41692 /* LGWordErrorCell.h */ = {isa = PBXFileReference; lastKnownFileType = sourcecode.c.h; path = LGWordErrorCell.h; sourceTree = "<group>"; };
		567A3AD6203FEB4100A41692 /* LGWordErrorCell.m */ = {isa = PBXFileReference; lastKnownFileType = sourcecode.c.objc; path = LGWordErrorCell.m; sourceTree = "<group>"; };
		567C00F92010A0360083F3D5 /* LGBaseRequest.h */ = {isa = PBXFileReference; lastKnownFileType = sourcecode.c.h; path = LGBaseRequest.h; sourceTree = "<group>"; };
		567C00FA2010A0360083F3D5 /* LGBaseRequest.m */ = {isa = PBXFileReference; lastKnownFileType = sourcecode.c.objc; path = LGBaseRequest.m; sourceTree = "<group>"; };
		56801491202AE1FB0082D72F /* LGWordDetailController.h */ = {isa = PBXFileReference; lastKnownFileType = sourcecode.c.h; path = LGWordDetailController.h; sourceTree = "<group>"; };
		56801492202AE1FB0082D72F /* LGWordDetailController.m */ = {isa = PBXFileReference; lastKnownFileType = sourcecode.c.objc; path = LGWordDetailController.m; sourceTree = "<group>"; };
		5697363F204FF50B00169C8A /* LGDictationUserAnswerCollectionCell.h */ = {isa = PBXFileReference; lastKnownFileType = sourcecode.c.h; path = LGDictationUserAnswerCollectionCell.h; sourceTree = "<group>"; };
		56973640204FF50B00169C8A /* LGDictationUserAnswerCollectionCell.m */ = {isa = PBXFileReference; lastKnownFileType = sourcecode.c.objc; path = LGDictationUserAnswerCollectionCell.m; sourceTree = "<group>"; };
		56973642204FF54800169C8A /* LGDictationAnswerItemCollectionCell.h */ = {isa = PBXFileReference; lastKnownFileType = sourcecode.c.h; path = LGDictationAnswerItemCollectionCell.h; sourceTree = "<group>"; };
		56973643204FF54800169C8A /* LGDictationAnswerItemCollectionCell.m */ = {isa = PBXFileReference; lastKnownFileType = sourcecode.c.objc; path = LGDictationAnswerItemCollectionCell.m; sourceTree = "<group>"; };
		56994E9820492BC3005648F6 /* LGReviewController.h */ = {isa = PBXFileReference; lastKnownFileType = sourcecode.c.h; path = LGReviewController.h; sourceTree = "<group>"; };
		56994E9920492BC3005648F6 /* LGReviewController.m */ = {isa = PBXFileReference; lastKnownFileType = sourcecode.c.objc; path = LGReviewController.m; sourceTree = "<group>"; };
		56994E9B2049385E005648F6 /* LGReviewWrongListController.h */ = {isa = PBXFileReference; lastKnownFileType = sourcecode.c.h; path = LGReviewWrongListController.h; sourceTree = "<group>"; };
		56994E9C2049385E005648F6 /* LGReviewWrongListController.m */ = {isa = PBXFileReference; lastKnownFileType = sourcecode.c.objc; path = LGReviewWrongListController.m; sourceTree = "<group>"; };
		56994E9E204938D6005648F6 /* LGReviewWrongCollectionCell.h */ = {isa = PBXFileReference; lastKnownFileType = sourcecode.c.h; path = LGReviewWrongCollectionCell.h; sourceTree = "<group>"; };
		56994E9F204938D6005648F6 /* LGReviewWrongCollectionCell.m */ = {isa = PBXFileReference; lastKnownFileType = sourcecode.c.objc; path = LGReviewWrongCollectionCell.m; sourceTree = "<group>"; };
		56994EA120493A1F005648F6 /* LGReviewWrongCollectionReusableView.h */ = {isa = PBXFileReference; lastKnownFileType = sourcecode.c.h; path = LGReviewWrongCollectionReusableView.h; sourceTree = "<group>"; };
		56994EA220493A1F005648F6 /* LGReviewWrongCollectionReusableView.m */ = {isa = PBXFileReference; lastKnownFileType = sourcecode.c.objc; path = LGReviewWrongCollectionReusableView.m; sourceTree = "<group>"; };
		56994EA320493A1F005648F6 /* LGReviewWrongCollectionReusableView.xib */ = {isa = PBXFileReference; lastKnownFileType = file.xib; path = LGReviewWrongCollectionReusableView.xib; sourceTree = "<group>"; };
		56994EA6204950A3005648F6 /* LGReviewWrongWordModel.h */ = {isa = PBXFileReference; lastKnownFileType = sourcecode.c.h; path = LGReviewWrongWordModel.h; sourceTree = "<group>"; };
		56994EA7204950A3005648F6 /* LGReviewWrongWordModel.m */ = {isa = PBXFileReference; lastKnownFileType = sourcecode.c.objc; path = LGReviewWrongWordModel.m; sourceTree = "<group>"; };
		56A88836200CA53400847BE6 /* Word.app */ = {isa = PBXFileReference; explicitFileType = wrapper.application; includeInIndex = 0; path = Word.app; sourceTree = BUILT_PRODUCTS_DIR; };
		56A88839200CA53400847BE6 /* AppDelegate.h */ = {isa = PBXFileReference; lastKnownFileType = sourcecode.c.h; path = AppDelegate.h; sourceTree = "<group>"; };
		56A8883A200CA53400847BE6 /* AppDelegate.m */ = {isa = PBXFileReference; lastKnownFileType = sourcecode.c.objc; path = AppDelegate.m; sourceTree = "<group>"; };
		56A88840200CA53400847BE6 /* Base */ = {isa = PBXFileReference; lastKnownFileType = file.storyboard; name = Base; path = Base.lproj/Main.storyboard; sourceTree = "<group>"; };
		56A88842200CA53400847BE6 /* Assets.xcassets */ = {isa = PBXFileReference; lastKnownFileType = folder.assetcatalog; path = Assets.xcassets; sourceTree = "<group>"; };
		56A88845200CA53400847BE6 /* Base */ = {isa = PBXFileReference; lastKnownFileType = file.storyboard; name = Base; path = Base.lproj/LaunchScreen.storyboard; sourceTree = "<group>"; };
		56A88847200CA53400847BE6 /* Info.plist */ = {isa = PBXFileReference; lastKnownFileType = text.plist.xml; path = Info.plist; sourceTree = "<group>"; };
		56A88848200CA53400847BE6 /* main.m */ = {isa = PBXFileReference; lastKnownFileType = sourcecode.c.objc; path = main.m; sourceTree = "<group>"; };
		56AF60C32011CD2B0067BD7B /* LGRequest.h */ = {isa = PBXFileReference; lastKnownFileType = sourcecode.c.h; path = LGRequest.h; sourceTree = "<group>"; };
		56AF60C42011CD2B0067BD7B /* LGRequest.m */ = {isa = PBXFileReference; lastKnownFileType = sourcecode.c.objc; path = LGRequest.m; sourceTree = "<group>"; };
		56AF60C62011CDB90067BD7B /* Login.storyboard */ = {isa = PBXFileReference; lastKnownFileType = file.storyboard; path = Login.storyboard; sourceTree = "<group>"; };
		56AF60C82011DBBE0067BD7B /* CALayer+LGLayer.h */ = {isa = PBXFileReference; lastKnownFileType = sourcecode.c.h; path = "CALayer+LGLayer.h"; sourceTree = "<group>"; };
		56AF60C92011DBBE0067BD7B /* CALayer+LGLayer.m */ = {isa = PBXFileReference; lastKnownFileType = sourcecode.c.objc; path = "CALayer+LGLayer.m"; sourceTree = "<group>"; };
		56AF60CB2011DF820067BD7B /* PrefixHeader.pch */ = {isa = PBXFileReference; lastKnownFileType = sourcecode.c.h; path = PrefixHeader.pch; sourceTree = "<group>"; };
		56AF60D02011E5FE0067BD7B /* LGLoginController.h */ = {isa = PBXFileReference; lastKnownFileType = sourcecode.c.h; path = LGLoginController.h; sourceTree = "<group>"; };
		56AF60D12011E5FE0067BD7B /* LGLoginController.m */ = {isa = PBXFileReference; lastKnownFileType = sourcecode.c.objc; path = LGLoginController.m; sourceTree = "<group>"; };
		56AF60D32011EA050067BD7B /* UIViewController+LGViewController.h */ = {isa = PBXFileReference; lastKnownFileType = sourcecode.c.h; path = "UIViewController+LGViewController.h"; sourceTree = "<group>"; };
		56AF60D42011EA050067BD7B /* UIViewController+LGViewController.m */ = {isa = PBXFileReference; lastKnownFileType = sourcecode.c.objc; path = "UIViewController+LGViewController.m"; sourceTree = "<group>"; };
		56B7AAD9202BE37800BDECED /* LGWordDetailModel.h */ = {isa = PBXFileReference; lastKnownFileType = sourcecode.c.h; path = LGWordDetailModel.h; sourceTree = "<group>"; };
		56B7AADA202BE37800BDECED /* LGWordDetailModel.m */ = {isa = PBXFileReference; lastKnownFileType = sourcecode.c.objc; path = LGWordDetailModel.m; sourceTree = "<group>"; };
		56B7AADD202BFAEB00BDECED /* LGWordDetailCell.h */ = {isa = PBXFileReference; lastKnownFileType = sourcecode.c.h; path = LGWordDetailCell.h; sourceTree = "<group>"; };
		56B7AADE202BFAEB00BDECED /* LGWordDetailCell.m */ = {isa = PBXFileReference; lastKnownFileType = sourcecode.c.objc; path = LGWordDetailCell.m; sourceTree = "<group>"; };
		56B7AAE8202C59EC00BDECED /* LGWordDetailHeaderFooterView.h */ = {isa = PBXFileReference; lastKnownFileType = sourcecode.c.h; path = LGWordDetailHeaderFooterView.h; sourceTree = "<group>"; };
		56B7AAE9202C59EC00BDECED /* LGWordDetailHeaderFooterView.m */ = {isa = PBXFileReference; lastKnownFileType = sourcecode.c.objc; path = LGWordDetailHeaderFooterView.m; sourceTree = "<group>"; };
		56B7AAEB202C5A2400BDECED /* LGWordDetailHeaderFooterView.xib */ = {isa = PBXFileReference; lastKnownFileType = file.xib; path = LGWordDetailHeaderFooterView.xib; sourceTree = "<group>"; };
		56BBBFB620561C740057BDF2 /* LGPersonalCenterController.h */ = {isa = PBXFileReference; lastKnownFileType = sourcecode.c.h; path = LGPersonalCenterController.h; sourceTree = "<group>"; };
		56BBBFB720561C740057BDF2 /* LGPersonalCenterController.m */ = {isa = PBXFileReference; lastKnownFileType = sourcecode.c.objc; path = LGPersonalCenterController.m; sourceTree = "<group>"; };
		56BBBFB920561DA40057BDF2 /* LGPersonalInfoController.h */ = {isa = PBXFileReference; lastKnownFileType = sourcecode.c.h; path = LGPersonalInfoController.h; sourceTree = "<group>"; };
		56BBBFBA20561DA40057BDF2 /* LGPersonalInfoController.m */ = {isa = PBXFileReference; lastKnownFileType = sourcecode.c.objc; path = LGPersonalInfoController.m; sourceTree = "<group>"; };
		56BBBFBD205622060057BDF2 /* LGPersonalCell.h */ = {isa = PBXFileReference; lastKnownFileType = sourcecode.c.h; path = LGPersonalCell.h; sourceTree = "<group>"; };
		56BBBFBE205622060057BDF2 /* LGPersonalCell.m */ = {isa = PBXFileReference; lastKnownFileType = sourcecode.c.objc; path = LGPersonalCell.m; sourceTree = "<group>"; };
		56BBBFC120564B930057BDF2 /* LGSettingModel.h */ = {isa = PBXFileReference; lastKnownFileType = sourcecode.c.h; path = LGSettingModel.h; sourceTree = "<group>"; };
		56BBBFC220564B930057BDF2 /* LGSettingModel.m */ = {isa = PBXFileReference; lastKnownFileType = sourcecode.c.objc; path = LGSettingModel.m; sourceTree = "<group>"; };
		56BBBFC5205664B60057BDF2 /* LGSettingHeaderView.h */ = {isa = PBXFileReference; lastKnownFileType = sourcecode.c.h; path = LGSettingHeaderView.h; sourceTree = "<group>"; };
		56BBBFC6205664B60057BDF2 /* LGSettingHeaderView.m */ = {isa = PBXFileReference; lastKnownFileType = sourcecode.c.objc; path = LGSettingHeaderView.m; sourceTree = "<group>"; };
		56BBBFC8205664C10057BDF2 /* LGSettingHeaderView.xib */ = {isa = PBXFileReference; lastKnownFileType = file.xib; path = LGSettingHeaderView.xib; sourceTree = "<group>"; };
		56C64697204E43AB00E895B3 /* LGTimeReivewCountAlertView.h */ = {isa = PBXFileReference; lastKnownFileType = sourcecode.c.h; path = LGTimeReivewCountAlertView.h; sourceTree = "<group>"; };
		56C64698204E43AB00E895B3 /* LGTimeReivewCountAlertView.m */ = {isa = PBXFileReference; lastKnownFileType = sourcecode.c.objc; path = LGTimeReivewCountAlertView.m; sourceTree = "<group>"; };
		56C6469A204E43BC00E895B3 /* LGTimeReivewCountAlertView.xib */ = {isa = PBXFileReference; lastKnownFileType = file.xib; path = LGTimeReivewCountAlertView.xib; sourceTree = "<group>"; };
		56C646A0204E64B000E895B3 /* WordTests.xctest */ = {isa = PBXFileReference; explicitFileType = wrapper.cfbundle; includeInIndex = 0; path = WordTests.xctest; sourceTree = BUILT_PRODUCTS_DIR; };
		56C646A2204E64B000E895B3 /* WordTests.m */ = {isa = PBXFileReference; lastKnownFileType = sourcecode.c.objc; path = WordTests.m; sourceTree = "<group>"; };
		56C646A4204E64B100E895B3 /* Info.plist */ = {isa = PBXFileReference; lastKnownFileType = text.plist.xml; path = Info.plist; sourceTree = "<group>"; };
		56C646AA204E67CD00E895B3 /* LGDictationController.h */ = {isa = PBXFileReference; lastKnownFileType = sourcecode.c.h; path = LGDictationController.h; sourceTree = "<group>"; };
		56C646AB204E67CD00E895B3 /* LGDictationController.m */ = {isa = PBXFileReference; lastKnownFileType = sourcecode.c.objc; path = LGDictationController.m; sourceTree = "<group>"; };
		56C646AD204E7A2F00E895B3 /* LGDictationReviewModel.h */ = {isa = PBXFileReference; lastKnownFileType = sourcecode.c.h; path = LGDictationReviewModel.h; sourceTree = "<group>"; };
		56C646AE204E7A2F00E895B3 /* LGDictationReviewModel.m */ = {isa = PBXFileReference; lastKnownFileType = sourcecode.c.objc; path = LGDictationReviewModel.m; sourceTree = "<group>"; };
		56C646B0204E85B200E895B3 /* LGDictationPractiseController.h */ = {isa = PBXFileReference; lastKnownFileType = sourcecode.c.h; path = LGDictationPractiseController.h; sourceTree = "<group>"; };
		56C646B1204E85B200E895B3 /* LGDictationPractiseController.m */ = {isa = PBXFileReference; lastKnownFileType = sourcecode.c.objc; path = LGDictationPractiseController.m; sourceTree = "<group>"; };
		56C989822020176A0095A4BD /* LGWordPlanController.h */ = {isa = PBXFileReference; lastKnownFileType = sourcecode.c.h; path = LGWordPlanController.h; sourceTree = "<group>"; };
		56C989832020176A0095A4BD /* LGWordPlanController.m */ = {isa = PBXFileReference; lastKnownFileType = sourcecode.c.objc; path = LGWordPlanController.m; sourceTree = "<group>"; };
		56C9898620201CCF0095A4BD /* LGWordPlanCollectionCell.h */ = {isa = PBXFileReference; lastKnownFileType = sourcecode.c.h; path = LGWordPlanCollectionCell.h; sourceTree = "<group>"; };
		56C9898720201CCF0095A4BD /* LGWordPlanCollectionCell.m */ = {isa = PBXFileReference; lastKnownFileType = sourcecode.c.objc; path = LGWordPlanCollectionCell.m; sourceTree = "<group>"; };
		56C9898C2020461D0095A4BD /* LGWordLibraryController.h */ = {isa = PBXFileReference; lastKnownFileType = sourcecode.c.h; path = LGWordLibraryController.h; sourceTree = "<group>"; };
		56C9898D2020461D0095A4BD /* LGWordLibraryController.m */ = {isa = PBXFileReference; lastKnownFileType = sourcecode.c.objc; path = LGWordLibraryController.m; sourceTree = "<group>"; };
		56C9898F20204F7C0095A4BD /* LGWordLibraryTypeCell.h */ = {isa = PBXFileReference; lastKnownFileType = sourcecode.c.h; path = LGWordLibraryTypeCell.h; sourceTree = "<group>"; };
		56C9899020204F7C0095A4BD /* LGWordLibraryTypeCell.m */ = {isa = PBXFileReference; lastKnownFileType = sourcecode.c.objc; path = LGWordLibraryTypeCell.m; sourceTree = "<group>"; };
		56C98992202050F60095A4BD /* LGWordTypeCell.h */ = {isa = PBXFileReference; lastKnownFileType = sourcecode.c.h; path = LGWordTypeCell.h; sourceTree = "<group>"; };
		56C98993202050F60095A4BD /* LGWordTypeCell.m */ = {isa = PBXFileReference; lastKnownFileType = sourcecode.c.objc; path = LGWordTypeCell.m; sourceTree = "<group>"; };
		56C9899520207C0C0095A4BD /* LGNavigationItem.h */ = {isa = PBXFileReference; lastKnownFileType = sourcecode.c.h; path = LGNavigationItem.h; sourceTree = "<group>"; };
		56C9899620207C0C0095A4BD /* LGNavigationItem.m */ = {isa = PBXFileReference; lastKnownFileType = sourcecode.c.objc; path = LGNavigationItem.m; sourceTree = "<group>"; };
		56CCA5E3201B083B0097DCAC /* LGReciteWordsController.h */ = {isa = PBXFileReference; lastKnownFileType = sourcecode.c.h; path = LGReciteWordsController.h; sourceTree = "<group>"; };
		56CCA5E4201B083B0097DCAC /* LGReciteWordsController.m */ = {isa = PBXFileReference; lastKnownFileType = sourcecode.c.objc; path = LGReciteWordsController.m; sourceTree = "<group>"; };
		56CCA5E6201B16050097DCAC /* LGNavigationController.h */ = {isa = PBXFileReference; lastKnownFileType = sourcecode.c.h; path = LGNavigationController.h; sourceTree = "<group>"; };
		56CCA5E7201B16050097DCAC /* LGNavigationController.m */ = {isa = PBXFileReference; lastKnownFileType = sourcecode.c.objc; path = LGNavigationController.m; sourceTree = "<group>"; };
		56CCA5EB201B29A60097DCAC /* LGStudyTypeController.h */ = {isa = PBXFileReference; lastKnownFileType = sourcecode.c.h; path = LGStudyTypeController.h; sourceTree = "<group>"; };
		56CCA5EC201B29A60097DCAC /* LGStudyTypeController.m */ = {isa = PBXFileReference; lastKnownFileType = sourcecode.c.objc; path = LGStudyTypeController.m; sourceTree = "<group>"; };
		56E2538D204D00B7006D9B56 /* LGFinishWordTaskView.h */ = {isa = PBXFileReference; lastKnownFileType = sourcecode.c.h; path = LGFinishWordTaskView.h; sourceTree = "<group>"; };
		56E2538E204D00B7006D9B56 /* LGFinishWordTaskView.m */ = {isa = PBXFileReference; lastKnownFileType = sourcecode.c.objc; path = LGFinishWordTaskView.m; sourceTree = "<group>"; };
		56E25390204D00C6006D9B56 /* LGFinishWordTaskView.xib */ = {isa = PBXFileReference; lastKnownFileType = file.xib; path = LGFinishWordTaskView.xib; sourceTree = "<group>"; };
		56EAD86020197F2D0059604E /* LGFindPasswordController.h */ = {isa = PBXFileReference; lastKnownFileType = sourcecode.c.h; path = LGFindPasswordController.h; sourceTree = "<group>"; };
		56EAD86120197F2D0059604E /* LGFindPasswordController.m */ = {isa = PBXFileReference; lastKnownFileType = sourcecode.c.objc; path = LGFindPasswordController.m; sourceTree = "<group>"; };
		56EAD8632019C09A0059604E /* ReciteWords.storyboard */ = {isa = PBXFileReference; lastKnownFileType = file.storyboard; path = ReciteWords.storyboard; sourceTree = "<group>"; };
		56EAD8652019C0EB0059604E /* WordReport.storyboard */ = {isa = PBXFileReference; lastKnownFileType = file.storyboard; path = WordReport.storyboard; sourceTree = "<group>"; };
		56EAD8672019C0FC0059604E /* PK.storyboard */ = {isa = PBXFileReference; lastKnownFileType = file.storyboard; path = PK.storyboard; sourceTree = "<group>"; };
		56EAD8692019C1300059604E /* Periphery.storyboard */ = {isa = PBXFileReference; lastKnownFileType = file.storyboard; path = Periphery.storyboard; sourceTree = "<group>"; };
		56EAD8702019C98B0059604E /* LGTabBarViewController.h */ = {isa = PBXFileReference; lastKnownFileType = sourcecode.c.h; path = LGTabBarViewController.h; sourceTree = "<group>"; };
		56EAD8712019C98B0059604E /* LGTabBarViewController.m */ = {isa = PBXFileReference; lastKnownFileType = sourcecode.c.objc; path = LGTabBarViewController.m; sourceTree = "<group>"; };
		56FD20D42028256F003A6154 /* LGDeletePlanAlertView.h */ = {isa = PBXFileReference; lastKnownFileType = sourcecode.c.h; path = LGDeletePlanAlertView.h; sourceTree = "<group>"; };
		56FD20D52028256F003A6154 /* LGDeletePlanAlertView.m */ = {isa = PBXFileReference; lastKnownFileType = sourcecode.c.objc; path = LGDeletePlanAlertView.m; sourceTree = "<group>"; };
		56FD20D72028257D003A6154 /* LGDeletePlanAlertView.xib */ = {isa = PBXFileReference; lastKnownFileType = file.xib; path = LGDeletePlanAlertView.xib; sourceTree = "<group>"; };
		66ACA9D95F507310F264822E /* Pods_Word.framework */ = {isa = PBXFileReference; explicitFileType = wrapper.framework; includeInIndex = 0; path = Pods_Word.framework; sourceTree = BUILT_PRODUCTS_DIR; };
		777149E8AF87BED5DA24DEBA /* Pods-Word.debug.xcconfig */ = {isa = PBXFileReference; includeInIndex = 1; lastKnownFileType = text.xcconfig; name = "Pods-Word.debug.xcconfig"; path = "Pods/Target Support Files/Pods-Word/Pods-Word.debug.xcconfig"; sourceTree = "<group>"; };
		971D3B15969CB5BD9FCFA2C3 /* Pods-Word.release.xcconfig */ = {isa = PBXFileReference; includeInIndex = 1; lastKnownFileType = text.xcconfig; name = "Pods-Word.release.xcconfig"; path = "Pods/Target Support Files/Pods-Word/Pods-Word.release.xcconfig"; sourceTree = "<group>"; };
/* End PBXFileReference section */

/* Begin PBXFrameworksBuildPhase section */
		5647C2E9205F567B00DFDB77 /* Frameworks */ = {
			isa = PBXFrameworksBuildPhase;
			buildActionMask = 2147483647;
			files = (
			);
			runOnlyForDeploymentPostprocessing = 0;
		};
		56A88833200CA53400847BE6 /* Frameworks */ = {
			isa = PBXFrameworksBuildPhase;
			buildActionMask = 2147483647;
			files = (
				3690868A07C9B63A30A721A0 /* Pods_Word.framework in Frameworks */,
			);
			runOnlyForDeploymentPostprocessing = 0;
		};
		56C6469D204E64B000E895B3 /* Frameworks */ = {
			isa = PBXFrameworksBuildPhase;
			buildActionMask = 2147483647;
			files = (
			);
			runOnlyForDeploymentPostprocessing = 0;
		};
/* End PBXFrameworksBuildPhase section */

/* Begin PBXGroup section */
		02F78A062029E4E70011096F /* Model */ = {
			isa = PBXGroup;
			children = (
				02F78A072029E54A0011096F /* LGReciteWordModel.h */,
				02F78A082029E54A0011096F /* LGReciteWordModel.m */,
				56224FCA20454F020093BC7A /* LGIndexReviewModel.h */,
				56224FCB20454F020093BC7A /* LGIndexReviewModel.m */,
			);
			path = Model;
			sourceTree = "<group>";
		};
		5612BFA8202154970038D653 /* Model */ = {
			isa = PBXGroup;
			children = (
				5612BFA9202154E30038D653 /* LGWordLibraryModel.h */,
				5612BFAA202154E30038D653 /* LGWordLibraryModel.m */,
				560F0FCF2022AFBA00324510 /* LGFreeWordModel.h */,
				560F0FD02022AFBA00324510 /* LGFreeWordModel.m */,
				5639AF9D202441B300AA2CA5 /* LGPlanModel.h */,
				5639AF9E202441B300AA2CA5 /* LGPlanModel.m */,
			);
			path = Model;
			sourceTree = "<group>";
		};
		5612BFAF2021AC060038D653 /* LGProgressView */ = {
			isa = PBXGroup;
			children = (
				5612BFB02021AC3E0038D653 /* LGProgressView.h */,
				5612BFB12021AC3E0038D653 /* LGProgressView.m */,
			);
			path = LGProgressView;
			sourceTree = "<group>";
		};
		5647C2ED205F567C00DFDB77 /* Notification */ = {
			isa = PBXGroup;
			children = (
				5647C2EE205F567C00DFDB77 /* NotificationService.h */,
				5647C2EF205F567C00DFDB77 /* NotificationService.m */,
				5647C2F1205F567C00DFDB77 /* Info.plist */,
			);
			path = Notification;
			sourceTree = "<group>";
		};
		56506D012016D773000FD8FA /* Custom */ = {
			isa = PBXGroup;
			children = (
				56585953203EB2F500BB59ED /* LGDottedLineView */,
				5612BFAF2021AC060038D653 /* LGProgressView */,
				56506D022016D7E7000FD8FA /* LGProgressHUD */,
			);
			path = Custom;
			sourceTree = "<group>";
		};
		56506D022016D7E7000FD8FA /* LGProgressHUD */ = {
			isa = PBXGroup;
			children = (
				56506D032016D842000FD8FA /* LGProgressHUD.h */,
				56506D042016D842000FD8FA /* LGProgressHUD.m */,
			);
			name = LGProgressHUD;
			path = "../New Group/LGProgressHUD";
			sourceTree = "<group>";
		};
		56585953203EB2F500BB59ED /* LGDottedLineView */ = {
			isa = PBXGroup;
			children = (
				56585954203EB34300BB59ED /* LGDottedLineView.h */,
				56585955203EB34300BB59ED /* LGDottedLineView.m */,
			);
			path = LGDottedLineView;
			sourceTree = "<group>";
		};
		5658D5A32040FF5100390FC4 /* View */ = {
			isa = PBXGroup;
			children = (
				5658D5A42040FF7600390FC4 /* LGIndexReviewAlertView.h */,
				5658D5A52040FF7600390FC4 /* LGIndexReviewAlertView.m */,
				5658D5A72040FF8600390FC4 /* LGIndexReviewAlertView.xib */,
				56224FC5204547AF0093BC7A /* LGIndexReviewAlertCell.h */,
				56224FC6204547AF0093BC7A /* LGIndexReviewAlertCell.m */,
				56224FC8204548360093BC7A /* LGIndexReviewAlertCell.xib */,
			);
			path = View;
			sourceTree = "<group>";
		};
		565A30F420132F3700448B1C /* Tool */ = {
			isa = PBXGroup;
			children = (
				563259EC201AC609007FF4D6 /* LGTool.h */,
				563259ED201AC609007FF4D6 /* LGTool.m */,
				56317B70201C1D6800AEC20B /* LGUserManager.h */,
				56317B71201C1D6800AEC20B /* LGUserManager.m */,
				563F7DA3202306B500944730 /* LGPlayer.h */,
				563F7DA4202306B500944730 /* LGPlayer.m */,
			);
			path = Tool;
			sourceTree = "<group>";
		};
		566FF2CD20577B38004574EA /* PK */ = {
			isa = PBXGroup;
			children = (
				566FF2D62057A65F004574EA /* Model */,
				566FF2D220577CCA004574EA /* View */,
				566FF2CE20577B4B004574EA /* Controller */,
			);
			path = PK;
			sourceTree = "<group>";
		};
		566FF2CE20577B4B004574EA /* Controller */ = {
			isa = PBXGroup;
			children = (
				566FF2CF20577B86004574EA /* LGPKIndexViewController.h */,
				566FF2D020577B86004574EA /* LGPKIndexViewController.m */,
				560699E22057D9B500574437 /* LGPKContainerController.h */,
				560699E32057D9B500574437 /* LGPKContainerController.m */,
				5647C2F9205F66E300DFDB77 /* LGPKMatchingController.h */,
				5647C2FA205F66E300DFDB77 /* LGPKMatchingController.m */,
			);
			path = Controller;
			sourceTree = "<group>";
		};
		566FF2D220577CCA004574EA /* View */ = {
			isa = PBXGroup;
			children = (
				566FF2D320577D95004574EA /* LGPKRankingCell.h */,
				566FF2D420577D95004574EA /* LGPKRankingCell.m */,
				560699DD2057BC6D00574437 /* LGPKRankHeadView.h */,
				560699DE2057BC6D00574437 /* LGPKRankHeadView.m */,
				560699E02057BC7B00574437 /* LGPKRankHeadView.xib */,
			);
			path = View;
			sourceTree = "<group>";
		};
		566FF2D62057A65F004574EA /* Model */ = {
			isa = PBXGroup;
			children = (
				566FF2D72057A686004574EA /* LGPKRankModel.h */,
				566FF2D82057A686004574EA /* LGPKRankModel.m */,
				564AE279206237B90007AA48 /* LGMatchModel.h */,
				564AE27A206237B90007AA48 /* LGMatchModel.m */,
			);
			path = Model;
			sourceTree = "<group>";
		};
		567C00F8201075C90083F3D5 /* Main */ = {
			isa = PBXGroup;
			children = (
				56EAD86F2019C8820059604E /* Common */,
				56EAD86B2019C1A60059604E /* ReciteWords */,
				56EAD86C2019C1B70059604E /* WordReport */,
				56EAD86D2019C1C70059604E /* PK */,
				56EAD86E2019C1D70059604E /* Periphery */,
				56AF60CD2011E5B00067BD7B /* Login */,
			);
			path = Main;
			sourceTree = "<group>";
		};
		5680148F202AE18E0082D72F /* WordDetail */ = {
			isa = PBXGroup;
			children = (
				56B7AADC202BFA9F00BDECED /* View */,
				56B7AAD8202BE34C00BDECED /* Model */,
				56801490202AE1A20082D72F /* Controller */,
			);
			path = WordDetail;
			sourceTree = "<group>";
		};
		56801490202AE1A20082D72F /* Controller */ = {
			isa = PBXGroup;
			children = (
				56801491202AE1FB0082D72F /* LGWordDetailController.h */,
				56801492202AE1FB0082D72F /* LGWordDetailController.m */,
				567A3AD2203FB72F00A41692 /* LGWordErrorViewController.h */,
				567A3AD3203FB72F00A41692 /* LGWordErrorViewController.m */,
			);
			path = Controller;
			sourceTree = "<group>";
		};
		56961CF5200D89B0009EA21C /* Categroy */ = {
			isa = PBXGroup;
			children = (
				564EB7AA2047998400E47A1E /* NSDate+Utilities.h */,
				564EB7AB2047998500E47A1E /* NSDate+Utilities.m */,
				56AF60C82011DBBE0067BD7B /* CALayer+LGLayer.h */,
				56AF60C92011DBBE0067BD7B /* CALayer+LGLayer.m */,
				56AF60D32011EA050067BD7B /* UIViewController+LGViewController.h */,
				56AF60D42011EA050067BD7B /* UIViewController+LGViewController.m */,
				565A30F5201331E000448B1C /* UIColor+LGColor.h */,
				565A30F6201331E000448B1C /* UIColor+LGColor.m */,
				5606F85F2015E45C0030E43C /* NSString+LGString.h */,
				5606F8602015E45C0030E43C /* NSString+LGString.m */,
				5612BFAC202161E50038D653 /* UIScrollView+LGRefresh.h */,
				5612BFAD202161E50038D653 /* UIScrollView+LGRefresh.m */,
				563F7DA02022BE8A00944730 /* UITableView+LGRefresh.h */,
				563F7DA12022BE8A00944730 /* UITableView+LGRefresh.m */,
				563F7DA92023177E00944730 /* NSObject+LGRequest.h */,
				563F7DAA2023177E00944730 /* NSObject+LGRequest.m */,
			);
			path = Categroy;
			sourceTree = "<group>";
		};
		56961CF6200D8A9C009EA21C /* InterfaceBuilder */ = {
			isa = PBXGroup;
			children = (
				56A88844200CA53400847BE6 /* LaunchScreen.storyboard */,
				56A8883F200CA53400847BE6 /* Main.storyboard */,
				56AF60C62011CDB90067BD7B /* Login.storyboard */,
				56EAD8632019C09A0059604E /* ReciteWords.storyboard */,
				56EAD8652019C0EB0059604E /* WordReport.storyboard */,
				56EAD8672019C0FC0059604E /* PK.storyboard */,
				56EAD8692019C1300059604E /* Periphery.storyboard */,
			);
			path = InterfaceBuilder;
			sourceTree = "<group>";
		};
		56961CF7200D8ACA009EA21C /* Networking */ = {
			isa = PBXGroup;
			children = (
				567C00F92010A0360083F3D5 /* LGBaseRequest.h */,
				567C00FA2010A0360083F3D5 /* LGBaseRequest.m */,
				56AF60C32011CD2B0067BD7B /* LGRequest.h */,
				56AF60C42011CD2B0067BD7B /* LGRequest.m */,
				565A30F02012D57700448B1C /* API.h */,
			);
			path = Networking;
			sourceTree = "<group>";
		};
		56994E9420492B57005648F6 /* Review */ = {
			isa = PBXGroup;
			children = (
				56994E9720492B79005648F6 /* Model */,
				56994E9620492B70005648F6 /* Controller */,
				56994E9520492B69005648F6 /* View */,
			);
			path = Review;
			sourceTree = "<group>";
		};
		56994E9520492B69005648F6 /* View */ = {
			isa = PBXGroup;
			children = (
				56994E9E204938D6005648F6 /* LGReviewWrongCollectionCell.h */,
				56994E9F204938D6005648F6 /* LGReviewWrongCollectionCell.m */,
				56994EA120493A1F005648F6 /* LGReviewWrongCollectionReusableView.h */,
				56994EA220493A1F005648F6 /* LGReviewWrongCollectionReusableView.m */,
				56994EA320493A1F005648F6 /* LGReviewWrongCollectionReusableView.xib */,
				029F3C86204AEB7F0022FB4B /* LGSelectReviewTypeView.h */,
				029F3C87204AEB7F0022FB4B /* LGSelectReviewTypeView.m */,
				029F3C89204AEB8C0022FB4B /* LGSelectReviewTypeView.xib */,
				56E2538D204D00B7006D9B56 /* LGFinishWordTaskView.h */,
				56E2538E204D00B7006D9B56 /* LGFinishWordTaskView.m */,
				56E25390204D00C6006D9B56 /* LGFinishWordTaskView.xib */,
				5627C9F3204D2F780013F1CC /* LGReviewSelectTimeCell.h */,
				5627C9F4204D2F780013F1CC /* LGReviewSelectTimeCell.m */,
				56C64697204E43AB00E895B3 /* LGTimeReivewCountAlertView.h */,
				56C64698204E43AB00E895B3 /* LGTimeReivewCountAlertView.m */,
				56C6469A204E43BC00E895B3 /* LGTimeReivewCountAlertView.xib */,
				5697363F204FF50B00169C8A /* LGDictationUserAnswerCollectionCell.h */,
				56973640204FF50B00169C8A /* LGDictationUserAnswerCollectionCell.m */,
				56973642204FF54800169C8A /* LGDictationAnswerItemCollectionCell.h */,
				56973643204FF54800169C8A /* LGDictationAnswerItemCollectionCell.m */,
			);
			path = View;
			sourceTree = "<group>";
		};
		56994E9620492B70005648F6 /* Controller */ = {
			isa = PBXGroup;
			children = (
				56994E9820492BC3005648F6 /* LGReviewController.h */,
				56994E9920492BC3005648F6 /* LGReviewController.m */,
				56994E9B2049385E005648F6 /* LGReviewWrongListController.h */,
				56994E9C2049385E005648F6 /* LGReviewWrongListController.m */,
				5627C9F0204D2EA90013F1CC /* LGTimeReviewController.h */,
				5627C9F1204D2EA90013F1CC /* LGTimeReviewController.m */,
				56C646AA204E67CD00E895B3 /* LGDictationController.h */,
				56C646AB204E67CD00E895B3 /* LGDictationController.m */,
				56C646B0204E85B200E895B3 /* LGDictationPractiseController.h */,
				56C646B1204E85B200E895B3 /* LGDictationPractiseController.m */,
				5678C38920527C56009CD723 /* LGDictationPromptController.h */,
				5678C38A20527C56009CD723 /* LGDictationPromptController.m */,
			);
			path = Controller;
			sourceTree = "<group>";
		};
		56994E9720492B79005648F6 /* Model */ = {
			isa = PBXGroup;
			children = (
				56994EA6204950A3005648F6 /* LGReviewWrongWordModel.h */,
				56994EA7204950A3005648F6 /* LGReviewWrongWordModel.m */,
				56C646AD204E7A2F00E895B3 /* LGDictationReviewModel.h */,
				56C646AE204E7A2F00E895B3 /* LGDictationReviewModel.m */,
			);
			path = Model;
			sourceTree = "<group>";
		};
		56A8882D200CA53400847BE6 = {
			isa = PBXGroup;
			children = (
				56A88838200CA53400847BE6 /* Word */,
				56C646A1204E64B000E895B3 /* WordTests */,
				5647C2ED205F567C00DFDB77 /* Notification */,
				56A88837200CA53400847BE6 /* Products */,
				9BE54A705AB43572B2E7736A /* Pods */,
				654614099BD54950F42E89C2 /* Frameworks */,
			);
			sourceTree = "<group>";
		};
		56A88837200CA53400847BE6 /* Products */ = {
			isa = PBXGroup;
			children = (
				56A88836200CA53400847BE6 /* Word.app */,
				56C646A0204E64B000E895B3 /* WordTests.xctest */,
				5647C2EC205F567B00DFDB77 /* Notification.appex */,
			);
			name = Products;
			sourceTree = "<group>";
		};
		56A88838200CA53400847BE6 /* Word */ = {
			isa = PBXGroup;
			children = (
				5647C2E7205F4FCE00DFDB77 /* Word.entitlements */,
				567C00F8201075C90083F3D5 /* Main */,
				56961CF6200D8A9C009EA21C /* InterfaceBuilder */,
				56961CF7200D8ACA009EA21C /* Networking */,
				56506D012016D773000FD8FA /* Custom */,
				56961CF5200D89B0009EA21C /* Categroy */,
				565A30F420132F3700448B1C /* Tool */,
				56AF60CC2011DF930067BD7B /* Supporting files */,
				56A88839200CA53400847BE6 /* AppDelegate.h */,
				56A8883A200CA53400847BE6 /* AppDelegate.m */,
			);
			path = Word;
			sourceTree = "<group>";
		};
		56AF60CC2011DF930067BD7B /* Supporting files */ = {
			isa = PBXGroup;
			children = (
				56A88842200CA53400847BE6 /* Assets.xcassets */,
				56A88847200CA53400847BE6 /* Info.plist */,
				56A88848200CA53400847BE6 /* main.m */,
				56AF60CB2011DF820067BD7B /* PrefixHeader.pch */,
			);
			path = "Supporting files";
			sourceTree = "<group>";
		};
		56AF60CD2011E5B00067BD7B /* Login */ = {
			isa = PBXGroup;
			children = (
				56AF60CF2011E5DD0067BD7B /* Model */,
				56AF60CE2011E5BE0067BD7B /* Controller */,
			);
			path = Login;
			sourceTree = "<group>";
		};
		56AF60CE2011E5BE0067BD7B /* Controller */ = {
			isa = PBXGroup;
			children = (
				56AF60D02011E5FE0067BD7B /* LGLoginController.h */,
				56AF60D12011E5FE0067BD7B /* LGLoginController.m */,
				565A30F82013411200448B1C /* LGRegisterController.h */,
				565A30F92013411200448B1C /* LGRegisterController.m */,
				56EAD86020197F2D0059604E /* LGFindPasswordController.h */,
				56EAD86120197F2D0059604E /* LGFindPasswordController.m */,
			);
			path = Controller;
			sourceTree = "<group>";
		};
		56AF60CF2011E5DD0067BD7B /* Model */ = {
			isa = PBXGroup;
			children = (
				565A30F12013163400448B1C /* LGUserModel.h */,
				565A30F22013163400448B1C /* LGUserModel.m */,
			);
			path = Model;
			sourceTree = "<group>";
		};
		56B7AAD8202BE34C00BDECED /* Model */ = {
			isa = PBXGroup;
			children = (
				56B7AAD9202BE37800BDECED /* LGWordDetailModel.h */,
				56B7AADA202BE37800BDECED /* LGWordDetailModel.m */,
				0239C1AA20485C460031C3FA /* LGTodayReviewWordModel.h */,
				0239C1AB20485C460031C3FA /* LGTodayReviewWordModel.m */,
			);
			path = Model;
			sourceTree = "<group>";
		};
		56B7AADC202BFA9F00BDECED /* View */ = {
			isa = PBXGroup;
			children = (
				56B7AADD202BFAEB00BDECED /* LGWordDetailCell.h */,
				56B7AADE202BFAEB00BDECED /* LGWordDetailCell.m */,
				56B7AAE8202C59EC00BDECED /* LGWordDetailHeaderFooterView.h */,
				56B7AAE9202C59EC00BDECED /* LGWordDetailHeaderFooterView.m */,
				56B7AAEB202C5A2400BDECED /* LGWordDetailHeaderFooterView.xib */,
				567A3AD5203FEB4100A41692 /* LGWordErrorCell.h */,
				567A3AD6203FEB4100A41692 /* LGWordErrorCell.m */,
			);
			path = View;
			sourceTree = "<group>";
		};
		56BBBFBC205621DF0057BDF2 /* View */ = {
			isa = PBXGroup;
			children = (
				56BBBFBD205622060057BDF2 /* LGPersonalCell.h */,
				56BBBFBE205622060057BDF2 /* LGPersonalCell.m */,
				56BBBFC5205664B60057BDF2 /* LGSettingHeaderView.h */,
				56BBBFC6205664B60057BDF2 /* LGSettingHeaderView.m */,
				56BBBFC8205664C10057BDF2 /* LGSettingHeaderView.xib */,
			);
			path = View;
			sourceTree = "<group>";
		};
		56BBBFC4205650F40057BDF2 /* Model */ = {
			isa = PBXGroup;
			children = (
				56BBBFC120564B930057BDF2 /* LGSettingModel.h */,
				56BBBFC220564B930057BDF2 /* LGSettingModel.m */,
			);
			path = Model;
			sourceTree = "<group>";
		};
		56C646A1204E64B000E895B3 /* WordTests */ = {
			isa = PBXGroup;
			children = (
				56C646A2204E64B000E895B3 /* WordTests.m */,
				56C646A4204E64B100E895B3 /* Info.plist */,
			);
			path = WordTests;
			sourceTree = "<group>";
		};
		56C98980202016EA0095A4BD /* WordPlan */ = {
			isa = PBXGroup;
			children = (
				5612BFA8202154970038D653 /* Model */,
				56C9898520201CA30095A4BD /* View */,
				56C98981202017490095A4BD /* Controller */,
			);
			path = WordPlan;
			sourceTree = "<group>";
		};
		56C98981202017490095A4BD /* Controller */ = {
			isa = PBXGroup;
			children = (
				56C989822020176A0095A4BD /* LGWordPlanController.h */,
				56C989832020176A0095A4BD /* LGWordPlanController.m */,
				56C9898C2020461D0095A4BD /* LGWordLibraryController.h */,
				56C9898D2020461D0095A4BD /* LGWordLibraryController.m */,
				0235DB982022147200E52A3F /* LGFreeLibraryWordListController.h */,
				0235DB992022147200E52A3F /* LGFreeLibraryWordListController.m */,
			);
			path = Controller;
			sourceTree = "<group>";
		};
		56C9898520201CA30095A4BD /* View */ = {
			isa = PBXGroup;
			children = (
				56C9898620201CCF0095A4BD /* LGWordPlanCollectionCell.h */,
				56C9898720201CCF0095A4BD /* LGWordPlanCollectionCell.m */,
				56C9898F20204F7C0095A4BD /* LGWordLibraryTypeCell.h */,
				56C9899020204F7C0095A4BD /* LGWordLibraryTypeCell.m */,
				56C98992202050F60095A4BD /* LGWordTypeCell.h */,
				56C98993202050F60095A4BD /* LGWordTypeCell.m */,
				560F0FC92022AA7000324510 /* LGFreeWordListCell.h */,
				560F0FCA2022AA7000324510 /* LGFreeWordListCell.m */,
				5639AFA02024535700AA2CA5 /* LGPlanTableViewCell.h */,
				5639AFA12024535700AA2CA5 /* LGPlanTableViewCell.m */,
				56FD20D42028256F003A6154 /* LGDeletePlanAlertView.h */,
				56FD20D52028256F003A6154 /* LGDeletePlanAlertView.m */,
				56FD20D72028257D003A6154 /* LGDeletePlanAlertView.xib */,
			);
			path = View;
			sourceTree = "<group>";
		};
		56CCA5E1201B07F60097DCAC /* Index */ = {
			isa = PBXGroup;
			children = (
				5658D5A32040FF5100390FC4 /* View */,
				02F78A062029E4E70011096F /* Model */,
				56CCA5E2201B08050097DCAC /* Controller */,
			);
			path = Index;
			sourceTree = "<group>";
		};
		56CCA5E2201B08050097DCAC /* Controller */ = {
			isa = PBXGroup;
			children = (
				56CCA5E3201B083B0097DCAC /* LGReciteWordsController.h */,
				56CCA5E4201B083B0097DCAC /* LGReciteWordsController.m */,
				566B985E202003E800D368AC /* LGNoStudyTypeController.h */,
				566B985F202003E800D368AC /* LGNoStudyTypeController.m */,
				562FC13D202992DE005CEA83 /* LGRecitePlanController.h */,
				562FC13E202992DE005CEA83 /* LGRecitePlanController.m */,
			);
			path = Controller;
			sourceTree = "<group>";
		};
		56CCA5E9201B29370097DCAC /* PersonalCenter */ = {
			isa = PBXGroup;
			children = (
				56BBBFC4205650F40057BDF2 /* Model */,
				56BBBFBC205621DF0057BDF2 /* View */,
				56CCA5EA201B297C0097DCAC /* Controller */,
			);
			path = PersonalCenter;
			sourceTree = "<group>";
		};
		56CCA5EA201B297C0097DCAC /* Controller */ = {
			isa = PBXGroup;
			children = (
				56CCA5EB201B29A60097DCAC /* LGStudyTypeController.h */,
				56CCA5EC201B29A60097DCAC /* LGStudyTypeController.m */,
				56BBBFB620561C740057BDF2 /* LGPersonalCenterController.h */,
				56BBBFB720561C740057BDF2 /* LGPersonalCenterController.m */,
				56BBBFB920561DA40057BDF2 /* LGPersonalInfoController.h */,
				56BBBFBA20561DA40057BDF2 /* LGPersonalInfoController.m */,
				02C1DFAB2062BA9200217244 /* LGUpdateUserInfoController.h */,
				02C1DFAC2062BA9200217244 /* LGUpdateUserInfoController.m */,
			);
			path = Controller;
			sourceTree = "<group>";
		};
		56EAD86B2019C1A60059604E /* ReciteWords */ = {
			isa = PBXGroup;
			children = (
				56994E9420492B57005648F6 /* Review */,
				5680148F202AE18E0082D72F /* WordDetail */,
				56C98980202016EA0095A4BD /* WordPlan */,
				56CCA5E9201B29370097DCAC /* PersonalCenter */,
				56CCA5E1201B07F60097DCAC /* Index */,
			);
			path = ReciteWords;
			sourceTree = "<group>";
		};
		56EAD86C2019C1B70059604E /* WordReport */ = {
			isa = PBXGroup;
			children = (
			);
			path = WordReport;
			sourceTree = "<group>";
		};
		56EAD86D2019C1C70059604E /* PK */ = {
			isa = PBXGroup;
			children = (
				566FF2CD20577B38004574EA /* PK */,
			);
			path = PK;
			sourceTree = "<group>";
		};
		56EAD86E2019C1D70059604E /* Periphery */ = {
			isa = PBXGroup;
			children = (
			);
			path = Periphery;
			sourceTree = "<group>";
		};
		56EAD86F2019C8820059604E /* Common */ = {
			isa = PBXGroup;
			children = (
				56EAD8702019C98B0059604E /* LGTabBarViewController.h */,
				56EAD8712019C98B0059604E /* LGTabBarViewController.m */,
				56CCA5E6201B16050097DCAC /* LGNavigationController.h */,
				56CCA5E7201B16050097DCAC /* LGNavigationController.m */,
				56C9899520207C0C0095A4BD /* LGNavigationItem.h */,
				56C9899620207C0C0095A4BD /* LGNavigationItem.m */,
			);
			path = Common;
			sourceTree = "<group>";
		};
		654614099BD54950F42E89C2 /* Frameworks */ = {
			isa = PBXGroup;
			children = (
				66ACA9D95F507310F264822E /* Pods_Word.framework */,
			);
			name = Frameworks;
			sourceTree = "<group>";
		};
		9BE54A705AB43572B2E7736A /* Pods */ = {
			isa = PBXGroup;
			children = (
				777149E8AF87BED5DA24DEBA /* Pods-Word.debug.xcconfig */,
				971D3B15969CB5BD9FCFA2C3 /* Pods-Word.release.xcconfig */,
			);
			name = Pods;
			sourceTree = "<group>";
		};
/* End PBXGroup section */

/* Begin PBXNativeTarget section */
		5647C2EB205F567B00DFDB77 /* Notification */ = {
			isa = PBXNativeTarget;
			buildConfigurationList = 5647C2F5205F567C00DFDB77 /* Build configuration list for PBXNativeTarget "Notification" */;
			buildPhases = (
				5647C2E8205F567B00DFDB77 /* Sources */,
				5647C2E9205F567B00DFDB77 /* Frameworks */,
				5647C2EA205F567B00DFDB77 /* Resources */,
			);
			buildRules = (
			);
			dependencies = (
			);
			name = Notification;
			productName = Notification;
			productReference = 5647C2EC205F567B00DFDB77 /* Notification.appex */;
			productType = "com.apple.product-type.app-extension";
		};
		56A88835200CA53400847BE6 /* Word */ = {
			isa = PBXNativeTarget;
			buildConfigurationList = 56A8884C200CA53400847BE6 /* Build configuration list for PBXNativeTarget "Word" */;
			buildPhases = (
				F4B9346A117F96C80E9D809F /* [CP] Check Pods Manifest.lock */,
				56A88833200CA53400847BE6 /* Frameworks */,
				56A88832200CA53400847BE6 /* Sources */,
				56A88834200CA53400847BE6 /* Resources */,
				DA63F3332C0AD076A073EA7A /* [CP] Embed Pods Frameworks */,
				A63D780DA5E3EF6DC3ED5932 /* [CP] Copy Pods Resources */,
				5647C2F8205F567C00DFDB77 /* Embed App Extensions */,
			);
			buildRules = (
			);
			dependencies = (
				5647C2F3205F567C00DFDB77 /* PBXTargetDependency */,
			);
			name = Word;
			productName = Word;
			productReference = 56A88836200CA53400847BE6 /* Word.app */;
			productType = "com.apple.product-type.application";
		};
		56C6469F204E64B000E895B3 /* WordTests */ = {
			isa = PBXNativeTarget;
			buildConfigurationList = 56C646A7204E64B100E895B3 /* Build configuration list for PBXNativeTarget "WordTests" */;
			buildPhases = (
				56C6469C204E64B000E895B3 /* Sources */,
				56C6469D204E64B000E895B3 /* Frameworks */,
				56C6469E204E64B000E895B3 /* Resources */,
			);
			buildRules = (
			);
			dependencies = (
				56C646A6204E64B100E895B3 /* PBXTargetDependency */,
			);
			name = WordTests;
			productName = WordTests;
			productReference = 56C646A0204E64B000E895B3 /* WordTests.xctest */;
			productType = "com.apple.product-type.bundle.unit-test";
		};
/* End PBXNativeTarget section */

/* Begin PBXProject section */
		56A8882E200CA53400847BE6 /* Project object */ = {
			isa = PBXProject;
			attributes = {
				CLASSPREFIX = LG;
				LastUpgradeCheck = 0910;
				ORGANIZATIONNAME = Charles;
				TargetAttributes = {
					5647C2EB205F567B00DFDB77 = {
						CreatedOnToolsVersion = 9.1;
						ProvisioningStyle = Automatic;
					};
					56A88835200CA53400847BE6 = {
						CreatedOnToolsVersion = 9.1;
						ProvisioningStyle = Automatic;
						SystemCapabilities = {
							com.apple.BackgroundModes = {
								enabled = 1;
							};
							com.apple.Push = {
								enabled = 1;
							};
						};
					};
					56C6469F204E64B000E895B3 = {
						CreatedOnToolsVersion = 9.1;
						ProvisioningStyle = Automatic;
						TestTargetID = 56A88835200CA53400847BE6;
					};
				};
			};
			buildConfigurationList = 56A88831200CA53400847BE6 /* Build configuration list for PBXProject "Word" */;
			compatibilityVersion = "Xcode 8.0";
			developmentRegion = en;
			hasScannedForEncodings = 0;
			knownRegions = (
				en,
				Base,
			);
			mainGroup = 56A8882D200CA53400847BE6;
			productRefGroup = 56A88837200CA53400847BE6 /* Products */;
			projectDirPath = "";
			projectRoot = "";
			targets = (
				56A88835200CA53400847BE6 /* Word */,
				56C6469F204E64B000E895B3 /* WordTests */,
				5647C2EB205F567B00DFDB77 /* Notification */,
			);
		};
/* End PBXProject section */

/* Begin PBXResourcesBuildPhase section */
		5647C2EA205F567B00DFDB77 /* Resources */ = {
			isa = PBXResourcesBuildPhase;
			buildActionMask = 2147483647;
			files = (
			);
			runOnlyForDeploymentPostprocessing = 0;
		};
		56A88834200CA53400847BE6 /* Resources */ = {
			isa = PBXResourcesBuildPhase;
			buildActionMask = 2147483647;
			files = (
				56FD20D82028257D003A6154 /* LGDeletePlanAlertView.xib in Resources */,
				56AF60C72011CDB90067BD7B /* Login.storyboard in Resources */,
				56B7AAEC202C5A2400BDECED /* LGWordDetailHeaderFooterView.xib in Resources */,
				029F3C8A204AEB8C0022FB4B /* LGSelectReviewTypeView.xib in Resources */,
				5658D5A82040FF8600390FC4 /* LGIndexReviewAlertView.xib in Resources */,
				56A88846200CA53400847BE6 /* LaunchScreen.storyboard in Resources */,
				560699E12057BC7B00574437 /* LGPKRankHeadView.xib in Resources */,
				56A88843200CA53400847BE6 /* Assets.xcassets in Resources */,
				56BBBFC9205664C10057BDF2 /* LGSettingHeaderView.xib in Resources */,
				56E25391204D00C6006D9B56 /* LGFinishWordTaskView.xib in Resources */,
				56EAD86A2019C1300059604E /* Periphery.storyboard in Resources */,
				56EAD8642019C09A0059604E /* ReciteWords.storyboard in Resources */,
				56224FC9204548360093BC7A /* LGIndexReviewAlertCell.xib in Resources */,
				56EAD8682019C0FC0059604E /* PK.storyboard in Resources */,
				56EAD8662019C0EB0059604E /* WordReport.storyboard in Resources */,
				56A88841200CA53400847BE6 /* Main.storyboard in Resources */,
				56994EA520493A1F005648F6 /* LGReviewWrongCollectionReusableView.xib in Resources */,
				56C6469B204E43BC00E895B3 /* LGTimeReivewCountAlertView.xib in Resources */,
			);
			runOnlyForDeploymentPostprocessing = 0;
		};
		56C6469E204E64B000E895B3 /* Resources */ = {
			isa = PBXResourcesBuildPhase;
			buildActionMask = 2147483647;
			files = (
			);
			runOnlyForDeploymentPostprocessing = 0;
		};
/* End PBXResourcesBuildPhase section */

/* Begin PBXShellScriptBuildPhase section */
		A63D780DA5E3EF6DC3ED5932 /* [CP] Copy Pods Resources */ = {
			isa = PBXShellScriptBuildPhase;
			buildActionMask = 2147483647;
			files = (
			);
			inputPaths = (
			);
			name = "[CP] Copy Pods Resources";
			outputPaths = (
			);
			runOnlyForDeploymentPostprocessing = 0;
			shellPath = /bin/sh;
			shellScript = "\"${SRCROOT}/Pods/Target Support Files/Pods-Word/Pods-Word-resources.sh\"\n";
			showEnvVarsInLog = 0;
		};
		DA63F3332C0AD076A073EA7A /* [CP] Embed Pods Frameworks */ = {
			isa = PBXShellScriptBuildPhase;
			buildActionMask = 2147483647;
			files = (
			);
			inputPaths = (
				"${SRCROOT}/Pods/Target Support Files/Pods-Word/Pods-Word-frameworks.sh",
				"${BUILT_PRODUCTS_DIR}/AFNetworking/AFNetworking.framework",
				"${BUILT_PRODUCTS_DIR}/IQKeyboardManager/IQKeyboardManager.framework",
				"${BUILT_PRODUCTS_DIR}/MBProgressHUD/MBProgressHUD.framework",
				"${BUILT_PRODUCTS_DIR}/MJExtension/MJExtension.framework",
				"${BUILT_PRODUCTS_DIR}/MJRefresh/MJRefresh.framework",
				"${BUILT_PRODUCTS_DIR}/SDWebImage/SDWebImage.framework",
			);
			name = "[CP] Embed Pods Frameworks";
			outputPaths = (
				"${TARGET_BUILD_DIR}/${FRAMEWORKS_FOLDER_PATH}/AFNetworking.framework",
				"${TARGET_BUILD_DIR}/${FRAMEWORKS_FOLDER_PATH}/IQKeyboardManager.framework",
				"${TARGET_BUILD_DIR}/${FRAMEWORKS_FOLDER_PATH}/MBProgressHUD.framework",
				"${TARGET_BUILD_DIR}/${FRAMEWORKS_FOLDER_PATH}/MJExtension.framework",
				"${TARGET_BUILD_DIR}/${FRAMEWORKS_FOLDER_PATH}/MJRefresh.framework",
				"${TARGET_BUILD_DIR}/${FRAMEWORKS_FOLDER_PATH}/SDWebImage.framework",
			);
			runOnlyForDeploymentPostprocessing = 0;
			shellPath = /bin/sh;
			shellScript = "\"${SRCROOT}/Pods/Target Support Files/Pods-Word/Pods-Word-frameworks.sh\"\n";
			showEnvVarsInLog = 0;
		};
		F4B9346A117F96C80E9D809F /* [CP] Check Pods Manifest.lock */ = {
			isa = PBXShellScriptBuildPhase;
			buildActionMask = 2147483647;
			files = (
			);
			inputPaths = (
				"${PODS_PODFILE_DIR_PATH}/Podfile.lock",
				"${PODS_ROOT}/Manifest.lock",
			);
			name = "[CP] Check Pods Manifest.lock";
			outputPaths = (
				"$(DERIVED_FILE_DIR)/Pods-Word-checkManifestLockResult.txt",
			);
			runOnlyForDeploymentPostprocessing = 0;
			shellPath = /bin/sh;
			shellScript = "diff \"${PODS_PODFILE_DIR_PATH}/Podfile.lock\" \"${PODS_ROOT}/Manifest.lock\" > /dev/null\nif [ $? != 0 ] ; then\n    # print error to STDERR\n    echo \"error: The sandbox is not in sync with the Podfile.lock. Run 'pod install' or update your CocoaPods installation.\" >&2\n    exit 1\nfi\n# This output is used by Xcode 'outputs' to avoid re-running this script phase.\necho \"SUCCESS\" > \"${SCRIPT_OUTPUT_FILE_0}\"\n";
			showEnvVarsInLog = 0;
		};
/* End PBXShellScriptBuildPhase section */

/* Begin PBXSourcesBuildPhase section */
		5647C2E8205F567B00DFDB77 /* Sources */ = {
			isa = PBXSourcesBuildPhase;
			buildActionMask = 2147483647;
			files = (
				5647C2F0205F567C00DFDB77 /* NotificationService.m in Sources */,
			);
			runOnlyForDeploymentPostprocessing = 0;
		};
		56A88832200CA53400847BE6 /* Sources */ = {
			isa = PBXSourcesBuildPhase;
			buildActionMask = 2147483647;
			files = (
				565A30F7201331E000448B1C /* UIColor+LGColor.m in Sources */,
				56C9899720207C0C0095A4BD /* LGNavigationItem.m in Sources */,
				02F78A092029E54A0011096F /* LGReciteWordModel.m in Sources */,
				56EAD86220197F2D0059604E /* LGFindPasswordController.m in Sources */,
				56994EA0204938D6005648F6 /* LGReviewWrongCollectionCell.m in Sources */,
				56BBBFC320564B930057BDF2 /* LGSettingModel.m in Sources */,
				565A30FA2013411200448B1C /* LGRegisterController.m in Sources */,
				56585956203EB34300BB59ED /* LGDottedLineView.m in Sources */,
				56FD20D62028256F003A6154 /* LGDeletePlanAlertView.m in Sources */,
				56C646AF204E7A2F00E895B3 /* LGDictationReviewModel.m in Sources */,
				5639AFA22024535700AA2CA5 /* LGPlanTableViewCell.m in Sources */,
				56C989842020176A0095A4BD /* LGWordPlanController.m in Sources */,
				56973641204FF50B00169C8A /* LGDictationUserAnswerCollectionCell.m in Sources */,
				0235DB9A2022147200E52A3F /* LGFreeLibraryWordListController.m in Sources */,
				0239C1AC20485C460031C3FA /* LGTodayReviewWordModel.m in Sources */,
				56BBBFB820561C740057BDF2 /* LGPersonalCenterController.m in Sources */,
				567C00FB2010A0360083F3D5 /* LGBaseRequest.m in Sources */,
				56B7AAEA202C59EC00BDECED /* LGWordDetailHeaderFooterView.m in Sources */,
				56C9898820201CCF0095A4BD /* LGWordPlanCollectionCell.m in Sources */,
				029F3C88204AEB7F0022FB4B /* LGSelectReviewTypeView.m in Sources */,
				56317B72201C1D6800AEC20B /* LGUserManager.m in Sources */,
				56506D052016D842000FD8FA /* LGProgressHUD.m in Sources */,
				56CCA5E8201B16050097DCAC /* LGNavigationController.m in Sources */,
				562FC13F202992DE005CEA83 /* LGRecitePlanController.m in Sources */,
				56B7AADB202BE37800BDECED /* LGWordDetailModel.m in Sources */,
				560699E42057D9B500574437 /* LGPKContainerController.m in Sources */,
				56A88849200CA53400847BE6 /* main.m in Sources */,
				5612BFAB202154E30038D653 /* LGWordLibraryModel.m in Sources */,
				56BBBFC7205664B60057BDF2 /* LGSettingHeaderView.m in Sources */,
				56CCA5E5201B083B0097DCAC /* LGReciteWordsController.m in Sources */,
				02C1DFAD2062BA9200217244 /* LGUpdateUserInfoController.m in Sources */,
				5612BFAE202161E50038D653 /* UIScrollView+LGRefresh.m in Sources */,
				56B7AADF202BFAEB00BDECED /* LGWordDetailCell.m in Sources */,
				56C9899120204F7C0095A4BD /* LGWordLibraryTypeCell.m in Sources */,
				56BBBFBB20561DA40057BDF2 /* LGPersonalInfoController.m in Sources */,
				56C9898E2020461D0095A4BD /* LGWordLibraryController.m in Sources */,
				56AF60D22011E5FE0067BD7B /* LGLoginController.m in Sources */,
				56C64699204E43AB00E895B3 /* LGTimeReivewCountAlertView.m in Sources */,
				56994EA420493A1F005648F6 /* LGReviewWrongCollectionReusableView.m in Sources */,
				567A3AD4203FB72F00A41692 /* LGWordErrorViewController.m in Sources */,
				56994E9A20492BC3005648F6 /* LGReviewController.m in Sources */,
				56973644204FF54800169C8A /* LGDictationAnswerItemCollectionCell.m in Sources */,
				56224FCC20454F020093BC7A /* LGIndexReviewModel.m in Sources */,
				56994E9D2049385E005648F6 /* LGReviewWrongListController.m in Sources */,
				56EAD8722019C98B0059604E /* LGTabBarViewController.m in Sources */,
				563F7DA22022BE8A00944730 /* UITableView+LGRefresh.m in Sources */,
				565A30F32013163400448B1C /* LGUserModel.m in Sources */,
				564EB7AC2047998500E47A1E /* NSDate+Utilities.m in Sources */,
				5606F8612015E45C0030E43C /* NSString+LGString.m in Sources */,
				56E2538F204D00B7006D9B56 /* LGFinishWordTaskView.m in Sources */,
				5639AF9F202441B300AA2CA5 /* LGPlanModel.m in Sources */,
				56AF60D52011EA050067BD7B /* UIViewController+LGViewController.m in Sources */,
				56C646AC204E67CD00E895B3 /* LGDictationController.m in Sources */,
				563259EE201AC609007FF4D6 /* LGTool.m in Sources */,
				56AF60C52011CD2B0067BD7B /* LGRequest.m in Sources */,
				566FF2D92057A686004574EA /* LGPKRankModel.m in Sources */,
				566FF2D120577B86004574EA /* LGPKIndexViewController.m in Sources */,
				5658D5A62040FF7600390FC4 /* LGIndexReviewAlertView.m in Sources */,
				56994EA8204950A3005648F6 /* LGReviewWrongWordModel.m in Sources */,
				564AE27B206237B90007AA48 /* LGMatchModel.m in Sources */,
				563F7DAB2023177E00944730 /* NSObject+LGRequest.m in Sources */,
				566FF2D520577D95004574EA /* LGPKRankingCell.m in Sources */,
				5612BFB22021AC3E0038D653 /* LGProgressView.m in Sources */,
				56A8883B200CA53400847BE6 /* AppDelegate.m in Sources */,
				560699DF2057BC6D00574437 /* LGPKRankHeadView.m in Sources */,
				56C98994202050F60095A4BD /* LGWordTypeCell.m in Sources */,
				56BBBFBF205622060057BDF2 /* LGPersonalCell.m in Sources */,
				56801493202AE1FB0082D72F /* LGWordDetailController.m in Sources */,
				5678C38B20527C56009CD723 /* LGDictationPromptController.m in Sources */,
				560F0FCB2022AA7000324510 /* LGFreeWordListCell.m in Sources */,
				56CCA5ED201B29A60097DCAC /* LGStudyTypeController.m in Sources */,
				56C646B2204E85B200E895B3 /* LGDictationPractiseController.m in Sources */,
				5647C2FB205F66E300DFDB77 /* LGPKMatchingController.m in Sources */,
				56224FC7204547AF0093BC7A /* LGIndexReviewAlertCell.m in Sources */,
				56AF60CA2011DBBE0067BD7B /* CALayer+LGLayer.m in Sources */,
				5627C9F2204D2EA90013F1CC /* LGTimeReviewController.m in Sources */,
				567A3AD7203FEB4100A41692 /* LGWordErrorCell.m in Sources */,
				5627C9F5204D2F790013F1CC /* LGReviewSelectTimeCell.m in Sources */,
				563F7DA5202306B500944730 /* LGPlayer.m in Sources */,
				566B9860202003E800D368AC /* LGNoStudyTypeController.m in Sources */,
				560F0FD12022AFBA00324510 /* LGFreeWordModel.m in Sources */,
			);
			runOnlyForDeploymentPostprocessing = 0;
		};
		56C6469C204E64B000E895B3 /* Sources */ = {
			isa = PBXSourcesBuildPhase;
			buildActionMask = 2147483647;
			files = (
				56C646A3204E64B000E895B3 /* WordTests.m in Sources */,
			);
			runOnlyForDeploymentPostprocessing = 0;
		};
/* End PBXSourcesBuildPhase section */

/* Begin PBXTargetDependency section */
		5647C2F3205F567C00DFDB77 /* PBXTargetDependency */ = {
			isa = PBXTargetDependency;
			target = 5647C2EB205F567B00DFDB77 /* Notification */;
			targetProxy = 5647C2F2205F567C00DFDB77 /* PBXContainerItemProxy */;
		};
		56C646A6204E64B100E895B3 /* PBXTargetDependency */ = {
			isa = PBXTargetDependency;
			target = 56A88835200CA53400847BE6 /* Word */;
			targetProxy = 56C646A5204E64B100E895B3 /* PBXContainerItemProxy */;
		};
/* End PBXTargetDependency section */

/* Begin PBXVariantGroup section */
		56A8883F200CA53400847BE6 /* Main.storyboard */ = {
			isa = PBXVariantGroup;
			children = (
				56A88840200CA53400847BE6 /* Base */,
			);
			name = Main.storyboard;
			sourceTree = "<group>";
		};
		56A88844200CA53400847BE6 /* LaunchScreen.storyboard */ = {
			isa = PBXVariantGroup;
			children = (
				56A88845200CA53400847BE6 /* Base */,
			);
			name = LaunchScreen.storyboard;
			sourceTree = "<group>";
		};
/* End PBXVariantGroup section */

/* Begin XCBuildConfiguration section */
		5647C2F6205F567C00DFDB77 /* Debug */ = {
			isa = XCBuildConfiguration;
			buildSettings = {
				CODE_SIGN_STYLE = Automatic;
				DEVELOPMENT_TEAM = G6D8UC5DTE;
				INFOPLIST_FILE = Notification/Info.plist;
				IPHONEOS_DEPLOYMENT_TARGET = 10.0;
				LD_RUNPATH_SEARCH_PATHS = "$(inherited) @executable_path/Frameworks @executable_path/../../Frameworks";
				PRODUCT_BUNDLE_IDENTIFIER = com.LeiGeWord.Word.Notification;
				PRODUCT_NAME = "$(TARGET_NAME)";
				SKIP_INSTALL = YES;
				TARGETED_DEVICE_FAMILY = "1,2";
			};
			name = Debug;
		};
		5647C2F7205F567C00DFDB77 /* Release */ = {
			isa = XCBuildConfiguration;
			buildSettings = {
				CODE_SIGN_STYLE = Automatic;
				DEVELOPMENT_TEAM = G6D8UC5DTE;
				INFOPLIST_FILE = Notification/Info.plist;
				IPHONEOS_DEPLOYMENT_TARGET = 10.0;
				LD_RUNPATH_SEARCH_PATHS = "$(inherited) @executable_path/Frameworks @executable_path/../../Frameworks";
				PRODUCT_BUNDLE_IDENTIFIER = com.LeiGeWord.Word.Notification;
				PRODUCT_NAME = "$(TARGET_NAME)";
				SKIP_INSTALL = YES;
				TARGETED_DEVICE_FAMILY = "1,2";
			};
			name = Release;
		};
		56A8884A200CA53400847BE6 /* Debug */ = {
			isa = XCBuildConfiguration;
			buildSettings = {
				ALWAYS_SEARCH_USER_PATHS = NO;
				CLANG_ANALYZER_NONNULL = YES;
				CLANG_ANALYZER_NUMBER_OBJECT_CONVERSION = YES_AGGRESSIVE;
				CLANG_CXX_LANGUAGE_STANDARD = "gnu++14";
				CLANG_CXX_LIBRARY = "libc++";
				CLANG_ENABLE_MODULES = YES;
				CLANG_ENABLE_OBJC_ARC = YES;
				CLANG_WARN_BLOCK_CAPTURE_AUTORELEASING = YES;
				CLANG_WARN_BOOL_CONVERSION = YES;
				CLANG_WARN_COMMA = YES;
				CLANG_WARN_CONSTANT_CONVERSION = YES;
				CLANG_WARN_DIRECT_OBJC_ISA_USAGE = YES_ERROR;
				CLANG_WARN_DOCUMENTATION_COMMENTS = YES;
				CLANG_WARN_EMPTY_BODY = YES;
				CLANG_WARN_ENUM_CONVERSION = YES;
				CLANG_WARN_INFINITE_RECURSION = YES;
				CLANG_WARN_INT_CONVERSION = YES;
				CLANG_WARN_NON_LITERAL_NULL_CONVERSION = YES;
				CLANG_WARN_OBJC_LITERAL_CONVERSION = YES;
				CLANG_WARN_OBJC_ROOT_CLASS = YES_ERROR;
				CLANG_WARN_RANGE_LOOP_ANALYSIS = YES;
				CLANG_WARN_STRICT_PROTOTYPES = YES;
				CLANG_WARN_SUSPICIOUS_MOVE = YES;
				CLANG_WARN_UNGUARDED_AVAILABILITY = YES_AGGRESSIVE;
				CLANG_WARN_UNREACHABLE_CODE = YES;
				CLANG_WARN__DUPLICATE_METHOD_MATCH = YES;
				CODE_SIGN_IDENTITY = "iPhone Developer";
				COPY_PHASE_STRIP = NO;
				DEBUG_INFORMATION_FORMAT = dwarf;
				ENABLE_STRICT_OBJC_MSGSEND = YES;
				ENABLE_TESTABILITY = YES;
				GCC_C_LANGUAGE_STANDARD = gnu11;
				GCC_DYNAMIC_NO_PIC = NO;
				GCC_NO_COMMON_BLOCKS = YES;
				GCC_OPTIMIZATION_LEVEL = 0;
				GCC_PREPROCESSOR_DEFINITIONS = (
					"DEBUG=1",
					"$(inherited)",
				);
				GCC_WARN_64_TO_32_BIT_CONVERSION = YES;
				GCC_WARN_ABOUT_RETURN_TYPE = YES_ERROR;
				GCC_WARN_UNDECLARED_SELECTOR = YES;
				GCC_WARN_UNINITIALIZED_AUTOS = YES_AGGRESSIVE;
				GCC_WARN_UNUSED_FUNCTION = YES;
				GCC_WARN_UNUSED_VARIABLE = YES;
				IPHONEOS_DEPLOYMENT_TARGET = 8.0;
				MTL_ENABLE_DEBUG_INFO = YES;
				NEW_SETTING = "";
				ONLY_ACTIVE_ARCH = YES;
				SDKROOT = iphoneos;
			};
			name = Debug;
		};
		56A8884B200CA53400847BE6 /* Release */ = {
			isa = XCBuildConfiguration;
			buildSettings = {
				ALWAYS_SEARCH_USER_PATHS = NO;
				CLANG_ANALYZER_NONNULL = YES;
				CLANG_ANALYZER_NUMBER_OBJECT_CONVERSION = YES_AGGRESSIVE;
				CLANG_CXX_LANGUAGE_STANDARD = "gnu++14";
				CLANG_CXX_LIBRARY = "libc++";
				CLANG_ENABLE_MODULES = YES;
				CLANG_ENABLE_OBJC_ARC = YES;
				CLANG_WARN_BLOCK_CAPTURE_AUTORELEASING = YES;
				CLANG_WARN_BOOL_CONVERSION = YES;
				CLANG_WARN_COMMA = YES;
				CLANG_WARN_CONSTANT_CONVERSION = YES;
				CLANG_WARN_DIRECT_OBJC_ISA_USAGE = YES_ERROR;
				CLANG_WARN_DOCUMENTATION_COMMENTS = YES;
				CLANG_WARN_EMPTY_BODY = YES;
				CLANG_WARN_ENUM_CONVERSION = YES;
				CLANG_WARN_INFINITE_RECURSION = YES;
				CLANG_WARN_INT_CONVERSION = YES;
				CLANG_WARN_NON_LITERAL_NULL_CONVERSION = YES;
				CLANG_WARN_OBJC_LITERAL_CONVERSION = YES;
				CLANG_WARN_OBJC_ROOT_CLASS = YES_ERROR;
				CLANG_WARN_RANGE_LOOP_ANALYSIS = YES;
				CLANG_WARN_STRICT_PROTOTYPES = YES;
				CLANG_WARN_SUSPICIOUS_MOVE = YES;
				CLANG_WARN_UNGUARDED_AVAILABILITY = YES_AGGRESSIVE;
				CLANG_WARN_UNREACHABLE_CODE = YES;
				CLANG_WARN__DUPLICATE_METHOD_MATCH = YES;
				CODE_SIGN_IDENTITY = "iPhone Developer";
				COPY_PHASE_STRIP = NO;
				DEBUG_INFORMATION_FORMAT = "dwarf-with-dsym";
				ENABLE_NS_ASSERTIONS = NO;
				ENABLE_STRICT_OBJC_MSGSEND = YES;
				GCC_C_LANGUAGE_STANDARD = gnu11;
				GCC_NO_COMMON_BLOCKS = YES;
				GCC_WARN_64_TO_32_BIT_CONVERSION = YES;
				GCC_WARN_ABOUT_RETURN_TYPE = YES_ERROR;
				GCC_WARN_UNDECLARED_SELECTOR = YES;
				GCC_WARN_UNINITIALIZED_AUTOS = YES_AGGRESSIVE;
				GCC_WARN_UNUSED_FUNCTION = YES;
				GCC_WARN_UNUSED_VARIABLE = YES;
				IPHONEOS_DEPLOYMENT_TARGET = 8.0;
				MTL_ENABLE_DEBUG_INFO = NO;
				NEW_SETTING = "";
				SDKROOT = iphoneos;
				VALIDATE_PRODUCT = YES;
			};
			name = Release;
		};
		56A8884D200CA53400847BE6 /* Debug */ = {
			isa = XCBuildConfiguration;
			baseConfigurationReference = 777149E8AF87BED5DA24DEBA /* Pods-Word.debug.xcconfig */;
			buildSettings = {
				ASSETCATALOG_COMPILER_APPICON_NAME = AppIcon;
				CODE_SIGN_ENTITLEMENTS = Word/Word.entitlements;
				CODE_SIGN_STYLE = Automatic;
				DEVELOPMENT_TEAM = G6D8UC5DTE;
				GCC_PRECOMPILE_PREFIX_HEADER = YES;
				GCC_PREFIX_HEADER = "$(SRCROOT)/$(PRODUCT_NAME)/Supporting files/PrefixHeader.pch";
				INFOPLIST_FILE = "$(SRCROOT)/Word/Supporting files/Info.plist";
				IPHONEOS_DEPLOYMENT_TARGET = 8.0;
				LD_RUNPATH_SEARCH_PATHS = "$(inherited) @executable_path/Frameworks";
				PRODUCT_BUNDLE_IDENTIFIER = com.LeiGeWord.Word;
				PRODUCT_NAME = "$(TARGET_NAME)";
				TARGETED_DEVICE_FAMILY = "1,2";
			};
			name = Debug;
		};
		56A8884E200CA53400847BE6 /* Release */ = {
			isa = XCBuildConfiguration;
			baseConfigurationReference = 971D3B15969CB5BD9FCFA2C3 /* Pods-Word.release.xcconfig */;
			buildSettings = {
				ASSETCATALOG_COMPILER_APPICON_NAME = AppIcon;
				CODE_SIGN_ENTITLEMENTS = Word/Word.entitlements;
				CODE_SIGN_STYLE = Automatic;
				DEVELOPMENT_TEAM = G6D8UC5DTE;
				GCC_PRECOMPILE_PREFIX_HEADER = YES;
				GCC_PREFIX_HEADER = "$(SRCROOT)/$(PRODUCT_NAME)/Supporting files/PrefixHeader.pch";
				INFOPLIST_FILE = "$(SRCROOT)/Word/Supporting files/Info.plist";
				IPHONEOS_DEPLOYMENT_TARGET = 8.0;
				LD_RUNPATH_SEARCH_PATHS = "$(inherited) @executable_path/Frameworks";
				PRODUCT_BUNDLE_IDENTIFIER = com.LeiGeWord.Word;
				PRODUCT_NAME = "$(TARGET_NAME)";
				TARGETED_DEVICE_FAMILY = "1,2";
			};
			name = Release;
		};
		56C646A8204E64B100E895B3 /* Debug */ = {
			isa = XCBuildConfiguration;
			buildSettings = {
				BUNDLE_LOADER = "$(TEST_HOST)";
				CODE_SIGN_STYLE = Automatic;
				DEVELOPMENT_TEAM = G6D8UC5DTE;
				INFOPLIST_FILE = WordTests/Info.plist;
				LD_RUNPATH_SEARCH_PATHS = "$(inherited) @executable_path/Frameworks @loader_path/Frameworks";
				PRODUCT_BUNDLE_IDENTIFIER = Charles.WordTests;
				PRODUCT_NAME = "$(TARGET_NAME)";
				TARGETED_DEVICE_FAMILY = "1,2";
				TEST_HOST = "$(BUILT_PRODUCTS_DIR)/Word.app/Word";
			};
			name = Debug;
		};
		56C646A9204E64B100E895B3 /* Release */ = {
			isa = XCBuildConfiguration;
			buildSettings = {
				BUNDLE_LOADER = "$(TEST_HOST)";
				CODE_SIGN_STYLE = Automatic;
				DEVELOPMENT_TEAM = G6D8UC5DTE;
				INFOPLIST_FILE = WordTests/Info.plist;
				LD_RUNPATH_SEARCH_PATHS = "$(inherited) @executable_path/Frameworks @loader_path/Frameworks";
				PRODUCT_BUNDLE_IDENTIFIER = Charles.WordTests;
				PRODUCT_NAME = "$(TARGET_NAME)";
				TARGETED_DEVICE_FAMILY = "1,2";
				TEST_HOST = "$(BUILT_PRODUCTS_DIR)/Word.app/Word";
			};
			name = Release;
		};
/* End XCBuildConfiguration section */

/* Begin XCConfigurationList section */
		5647C2F5205F567C00DFDB77 /* Build configuration list for PBXNativeTarget "Notification" */ = {
			isa = XCConfigurationList;
			buildConfigurations = (
				5647C2F6205F567C00DFDB77 /* Debug */,
				5647C2F7205F567C00DFDB77 /* Release */,
			);
			defaultConfigurationIsVisible = 0;
			defaultConfigurationName = Release;
		};
		56A88831200CA53400847BE6 /* Build configuration list for PBXProject "Word" */ = {
			isa = XCConfigurationList;
			buildConfigurations = (
				56A8884A200CA53400847BE6 /* Debug */,
				56A8884B200CA53400847BE6 /* Release */,
			);
			defaultConfigurationIsVisible = 0;
			defaultConfigurationName = Release;
		};
		56A8884C200CA53400847BE6 /* Build configuration list for PBXNativeTarget "Word" */ = {
			isa = XCConfigurationList;
			buildConfigurations = (
				56A8884D200CA53400847BE6 /* Debug */,
				56A8884E200CA53400847BE6 /* Release */,
			);
			defaultConfigurationIsVisible = 0;
			defaultConfigurationName = Release;
		};
		56C646A7204E64B100E895B3 /* Build configuration list for PBXNativeTarget "WordTests" */ = {
			isa = XCConfigurationList;
			buildConfigurations = (
				56C646A8204E64B100E895B3 /* Debug */,
				56C646A9204E64B100E895B3 /* Release */,
			);
			defaultConfigurationIsVisible = 0;
			defaultConfigurationName = Release;
		};
/* End XCConfigurationList section */
	};
	rootObject = 56A8882E200CA53400847BE6 /* Project object */;
}
